
Microsoft Visual Studio Solution File, Format Version 12.00
# Visual Studio Version 17
VisualStudioVersion = 17.11.35327.3
MinimumVisualStudioVersion = 10.0.40219.1
Project("{778DAE3C-4631-46EA-AA77-85C1314464D9}") = "DeepLearning.NET6", "DeepLearning.NET6.vbproj", "{AFB99A3C-3D9E-40FE-970B-5C264B03B747}"
EndProject
Project("{778DAE3C-4631-46EA-AA77-85C1314464D9}") = "Core", "..\..\..\Microsoft.VisualBasic.Core\src\Core.vbproj", "{25F71C31-D380-4597-BC24-E3CA116851F0}"
EndProject
Project("{778DAE3C-4631-46EA-AA77-85C1314464D9}") = "Math.NET5", "..\..\Mathematica\Math\Math\Math.NET5.vbproj", "{D1C55037-53D5-4839-926D-9750A7D53E03}"
EndProject
Project("{2150E333-8FDC-42A3-9474-1A3956D46DE8}") = "framework", "framework", "{3F20095C-52E2-4218-B96B-80AD0603A0CB}"
EndProject
Project("{778DAE3C-4631-46EA-AA77-85C1314464D9}") = "DataMining.NET5", "..\..\DataMining\DataMining\DataMining.NET5.vbproj", "{BC1053B4-629E-4935-BC2C-FC8FEBCEB456}"
EndProject
Project("{778DAE3C-4631-46EA-AA77-85C1314464D9}") = "machine_learning-netcore5", "..\MachineLearning\machine_learning-netcore5.vbproj", "{D4E2DCE5-14F0-4E61-B210-489BDC9E314C}"
EndProject
Project("{778DAE3C-4631-46EA-AA77-85C1314464D9}") = "test", "test\test.vbproj", "{C2C46121-9CD9-4032-BC20-F03A748FD5DF}"
EndProject
Global
	GlobalSection(SolutionConfigurationPlatforms) = preSolution
		CFD_win32|Any CPU = CFD_win32|Any CPU
		CFD_win32|x64 = CFD_win32|x64
		CFD_win32|x86 = CFD_win32|x86
		Debug|Any CPU = Debug|Any CPU
		Debug|x64 = Debug|x64
		Debug|x86 = Debug|x86
		Desktop|Any CPU = Desktop|Any CPU
		Desktop|x64 = Desktop|x64
		Desktop|x86 = Desktop|x86
		Docker|Any CPU = Docker|Any CPU
		Docker|x64 = Docker|x64
		Docker|x86 = Docker|x86
		gcmodeller_desktop|Any CPU = gcmodeller_desktop|Any CPU
		gcmodeller_desktop|x64 = gcmodeller_desktop|x64
		gcmodeller_desktop|x86 = gcmodeller_desktop|x86
		LipidSearch|Any CPU = LipidSearch|Any CPU
		LipidSearch|x64 = LipidSearch|x64
		LipidSearch|x86 = LipidSearch|x86
		mzkit_win32|Any CPU = mzkit_win32|Any CPU
		mzkit_win32|x64 = mzkit_win32|x64
		mzkit_win32|x86 = mzkit_win32|x86
		mzkit|Any CPU = mzkit|Any CPU
		mzkit|x64 = mzkit|x64
		mzkit|x86 = mzkit|x86
		NPSearch|Any CPU = NPSearch|Any CPU
		NPSearch|x64 = NPSearch|x64
		NPSearch|x86 = NPSearch|x86
		nuget_release|Any CPU = nuget_release|Any CPU
		nuget_release|x64 = nuget_release|x64
		nuget_release|x86 = nuget_release|x86
		PlantMAT|Any CPU = PlantMAT|Any CPU
		PlantMAT|x64 = PlantMAT|x64
		PlantMAT|x86 = PlantMAT|x86
		Release|Any CPU = Release|Any CPU
		Release|x64 = Release|x64
		Release|x86 = Release|x86
		Rsharp_app_release|Any CPU = Rsharp_app_release|Any CPU
		Rsharp_app_release|x64 = Rsharp_app_release|x64
		Rsharp_app_release|x86 = Rsharp_app_release|x86
	EndGlobalSection
	GlobalSection(ProjectConfigurationPlatforms) = postSolution
		{AFB99A3C-3D9E-40FE-970B-5C264B03B747}.CFD_win32|Any CPU.ActiveCfg = Debug|Any CPU
		{AFB99A3C-3D9E-40FE-970B-5C264B03B747}.CFD_win32|Any CPU.Build.0 = Debug|Any CPU
		{AFB99A3C-3D9E-40FE-970B-5C264B03B747}.CFD_win32|x64.ActiveCfg = Debug|x64
		{AFB99A3C-3D9E-40FE-970B-5C264B03B747}.CFD_win32|x64.Build.0 = Debug|x64
		{AFB99A3C-3D9E-40FE-970B-5C264B03B747}.CFD_win32|x86.ActiveCfg = Debug|Any CPU
		{AFB99A3C-3D9E-40FE-970B-5C264B03B747}.CFD_win32|x86.Build.0 = Debug|Any CPU
		{AFB99A3C-3D9E-40FE-970B-5C264B03B747}.Debug|Any CPU.ActiveCfg = Debug|Any CPU
		{AFB99A3C-3D9E-40FE-970B-5C264B03B747}.Debug|Any CPU.Build.0 = Debug|Any CPU
		{AFB99A3C-3D9E-40FE-970B-5C264B03B747}.Debug|x64.ActiveCfg = Debug|x64
		{AFB99A3C-3D9E-40FE-970B-5C264B03B747}.Debug|x64.Build.0 = Debug|x64
		{AFB99A3C-3D9E-40FE-970B-5C264B03B747}.Debug|x86.ActiveCfg = Debug|Any CPU
		{AFB99A3C-3D9E-40FE-970B-5C264B03B747}.Debug|x86.Build.0 = Debug|Any CPU
		{AFB99A3C-3D9E-40FE-970B-5C264B03B747}.Desktop|Any CPU.ActiveCfg = Debug|Any CPU
		{AFB99A3C-3D9E-40FE-970B-5C264B03B747}.Desktop|Any CPU.Build.0 = Debug|Any CPU
		{AFB99A3C-3D9E-40FE-970B-5C264B03B747}.Desktop|x64.ActiveCfg = Debug|x64
		{AFB99A3C-3D9E-40FE-970B-5C264B03B747}.Desktop|x64.Build.0 = Debug|x64
		{AFB99A3C-3D9E-40FE-970B-5C264B03B747}.Desktop|x86.ActiveCfg = Debug|Any CPU
		{AFB99A3C-3D9E-40FE-970B-5C264B03B747}.Desktop|x86.Build.0 = Debug|Any CPU
		{AFB99A3C-3D9E-40FE-970B-5C264B03B747}.Docker|Any CPU.ActiveCfg = Debug|Any CPU
		{AFB99A3C-3D9E-40FE-970B-5C264B03B747}.Docker|Any CPU.Build.0 = Debug|Any CPU
		{AFB99A3C-3D9E-40FE-970B-5C264B03B747}.Docker|x64.ActiveCfg = Debug|x64
		{AFB99A3C-3D9E-40FE-970B-5C264B03B747}.Docker|x64.Build.0 = Debug|x64
		{AFB99A3C-3D9E-40FE-970B-5C264B03B747}.Docker|x86.ActiveCfg = Debug|Any CPU
		{AFB99A3C-3D9E-40FE-970B-5C264B03B747}.Docker|x86.Build.0 = Debug|Any CPU
		{AFB99A3C-3D9E-40FE-970B-5C264B03B747}.gcmodeller_desktop|Any CPU.ActiveCfg = gcmodeller_desktop|Any CPU
		{AFB99A3C-3D9E-40FE-970B-5C264B03B747}.gcmodeller_desktop|Any CPU.Build.0 = gcmodeller_desktop|Any CPU
		{AFB99A3C-3D9E-40FE-970B-5C264B03B747}.gcmodeller_desktop|x64.ActiveCfg = gcmodeller_desktop|x64
		{AFB99A3C-3D9E-40FE-970B-5C264B03B747}.gcmodeller_desktop|x64.Build.0 = gcmodeller_desktop|x64
		{AFB99A3C-3D9E-40FE-970B-5C264B03B747}.gcmodeller_desktop|x86.ActiveCfg = gcmodeller_desktop|Any CPU
		{AFB99A3C-3D9E-40FE-970B-5C264B03B747}.gcmodeller_desktop|x86.Build.0 = gcmodeller_desktop|Any CPU
		{AFB99A3C-3D9E-40FE-970B-5C264B03B747}.LipidSearch|Any CPU.ActiveCfg = LipidSearch|Any CPU
		{AFB99A3C-3D9E-40FE-970B-5C264B03B747}.LipidSearch|Any CPU.Build.0 = LipidSearch|Any CPU
		{AFB99A3C-3D9E-40FE-970B-5C264B03B747}.LipidSearch|x64.ActiveCfg = LipidSearch|x64
		{AFB99A3C-3D9E-40FE-970B-5C264B03B747}.LipidSearch|x64.Build.0 = LipidSearch|x64
		{AFB99A3C-3D9E-40FE-970B-5C264B03B747}.LipidSearch|x86.ActiveCfg = LipidSearch|Any CPU
		{AFB99A3C-3D9E-40FE-970B-5C264B03B747}.LipidSearch|x86.Build.0 = LipidSearch|Any CPU
		{AFB99A3C-3D9E-40FE-970B-5C264B03B747}.mzkit_win32|Any CPU.ActiveCfg = mzkit_win32|Any CPU
		{AFB99A3C-3D9E-40FE-970B-5C264B03B747}.mzkit_win32|Any CPU.Build.0 = mzkit_win32|Any CPU
		{AFB99A3C-3D9E-40FE-970B-5C264B03B747}.mzkit_win32|x64.ActiveCfg = mzkit_win32|x64
		{AFB99A3C-3D9E-40FE-970B-5C264B03B747}.mzkit_win32|x64.Build.0 = mzkit_win32|x64
		{AFB99A3C-3D9E-40FE-970B-5C264B03B747}.mzkit_win32|x86.ActiveCfg = mzkit_win32|Any CPU
		{AFB99A3C-3D9E-40FE-970B-5C264B03B747}.mzkit_win32|x86.Build.0 = mzkit_win32|Any CPU
		{AFB99A3C-3D9E-40FE-970B-5C264B03B747}.mzkit|Any CPU.ActiveCfg = mzkit|Any CPU
		{AFB99A3C-3D9E-40FE-970B-5C264B03B747}.mzkit|Any CPU.Build.0 = mzkit|Any CPU
		{AFB99A3C-3D9E-40FE-970B-5C264B03B747}.mzkit|x64.ActiveCfg = mzkit|x64
		{AFB99A3C-3D9E-40FE-970B-5C264B03B747}.mzkit|x64.Build.0 = mzkit|x64
		{AFB99A3C-3D9E-40FE-970B-5C264B03B747}.mzkit|x86.ActiveCfg = mzkit|Any CPU
		{AFB99A3C-3D9E-40FE-970B-5C264B03B747}.mzkit|x86.Build.0 = mzkit|Any CPU
		{AFB99A3C-3D9E-40FE-970B-5C264B03B747}.NPSearch|Any CPU.ActiveCfg = nuget_release|Any CPU
		{AFB99A3C-3D9E-40FE-970B-5C264B03B747}.NPSearch|Any CPU.Build.0 = nuget_release|Any CPU
		{AFB99A3C-3D9E-40FE-970B-5C264B03B747}.NPSearch|x64.ActiveCfg = nuget_release|x64
		{AFB99A3C-3D9E-40FE-970B-5C264B03B747}.NPSearch|x64.Build.0 = nuget_release|x64
		{AFB99A3C-3D9E-40FE-970B-5C264B03B747}.NPSearch|x86.ActiveCfg = nuget_release|Any CPU
		{AFB99A3C-3D9E-40FE-970B-5C264B03B747}.NPSearch|x86.Build.0 = nuget_release|Any CPU
		{AFB99A3C-3D9E-40FE-970B-5C264B03B747}.nuget_release|Any CPU.ActiveCfg = nuget_release|Any CPU
		{AFB99A3C-3D9E-40FE-970B-5C264B03B747}.nuget_release|Any CPU.Build.0 = nuget_release|Any CPU
		{AFB99A3C-3D9E-40FE-970B-5C264B03B747}.nuget_release|x64.ActiveCfg = nuget_release|x64
		{AFB99A3C-3D9E-40FE-970B-5C264B03B747}.nuget_release|x64.Build.0 = nuget_release|x64
		{AFB99A3C-3D9E-40FE-970B-5C264B03B747}.nuget_release|x86.ActiveCfg = nuget_release|Any CPU
		{AFB99A3C-3D9E-40FE-970B-5C264B03B747}.nuget_release|x86.Build.0 = nuget_release|Any CPU
		{AFB99A3C-3D9E-40FE-970B-5C264B03B747}.PlantMAT|Any CPU.ActiveCfg = Debug|Any CPU
		{AFB99A3C-3D9E-40FE-970B-5C264B03B747}.PlantMAT|Any CPU.Build.0 = Debug|Any CPU
		{AFB99A3C-3D9E-40FE-970B-5C264B03B747}.PlantMAT|x64.ActiveCfg = Debug|x64
		{AFB99A3C-3D9E-40FE-970B-5C264B03B747}.PlantMAT|x64.Build.0 = Debug|x64
		{AFB99A3C-3D9E-40FE-970B-5C264B03B747}.PlantMAT|x86.ActiveCfg = Debug|Any CPU
		{AFB99A3C-3D9E-40FE-970B-5C264B03B747}.PlantMAT|x86.Build.0 = Debug|Any CPU
		{AFB99A3C-3D9E-40FE-970B-5C264B03B747}.Release|Any CPU.ActiveCfg = Release|Any CPU
		{AFB99A3C-3D9E-40FE-970B-5C264B03B747}.Release|Any CPU.Build.0 = Release|Any CPU
		{AFB99A3C-3D9E-40FE-970B-5C264B03B747}.Release|x64.ActiveCfg = Release|x64
		{AFB99A3C-3D9E-40FE-970B-5C264B03B747}.Release|x64.Build.0 = Release|x64
		{AFB99A3C-3D9E-40FE-970B-5C264B03B747}.Release|x86.ActiveCfg = Release|Any CPU
		{AFB99A3C-3D9E-40FE-970B-5C264B03B747}.Release|x86.Build.0 = Release|Any CPU
		{AFB99A3C-3D9E-40FE-970B-5C264B03B747}.Rsharp_app_release|Any CPU.ActiveCfg = Rsharp_app_release|Any CPU
		{AFB99A3C-3D9E-40FE-970B-5C264B03B747}.Rsharp_app_release|Any CPU.Build.0 = Rsharp_app_release|Any CPU
		{AFB99A3C-3D9E-40FE-970B-5C264B03B747}.Rsharp_app_release|x64.ActiveCfg = Rsharp_app_release|x64
		{AFB99A3C-3D9E-40FE-970B-5C264B03B747}.Rsharp_app_release|x64.Build.0 = Rsharp_app_release|x64
		{AFB99A3C-3D9E-40FE-970B-5C264B03B747}.Rsharp_app_release|x86.ActiveCfg = Rsharp_app_release|Any CPU
		{AFB99A3C-3D9E-40FE-970B-5C264B03B747}.Rsharp_app_release|x86.Build.0 = Rsharp_app_release|Any CPU
		{25F71C31-D380-4597-BC24-E3CA116851F0}.CFD_win32|Any CPU.ActiveCfg = CFD_win32|Any CPU
		{25F71C31-D380-4597-BC24-E3CA116851F0}.CFD_win32|Any CPU.Build.0 = CFD_win32|Any CPU
		{25F71C31-D380-4597-BC24-E3CA116851F0}.CFD_win32|x64.ActiveCfg = CFD_win32|x64
		{25F71C31-D380-4597-BC24-E3CA116851F0}.CFD_win32|x64.Build.0 = CFD_win32|x64
		{25F71C31-D380-4597-BC24-E3CA116851F0}.CFD_win32|x86.ActiveCfg = CFD_win32|x86
		{25F71C31-D380-4597-BC24-E3CA116851F0}.CFD_win32|x86.Build.0 = CFD_win32|x86
		{25F71C31-D380-4597-BC24-E3CA116851F0}.Debug|Any CPU.ActiveCfg = Debug|Any CPU
		{25F71C31-D380-4597-BC24-E3CA116851F0}.Debug|Any CPU.Build.0 = Debug|Any CPU
		{25F71C31-D380-4597-BC24-E3CA116851F0}.Debug|x64.ActiveCfg = Debug|x64
		{25F71C31-D380-4597-BC24-E3CA116851F0}.Debug|x64.Build.0 = Debug|x64
		{25F71C31-D380-4597-BC24-E3CA116851F0}.Debug|x86.ActiveCfg = Debug|x86
		{25F71C31-D380-4597-BC24-E3CA116851F0}.Debug|x86.Build.0 = Debug|x86
		{25F71C31-D380-4597-BC24-E3CA116851F0}.Desktop|Any CPU.ActiveCfg = Desktop|Any CPU
		{25F71C31-D380-4597-BC24-E3CA116851F0}.Desktop|Any CPU.Build.0 = Desktop|Any CPU
		{25F71C31-D380-4597-BC24-E3CA116851F0}.Desktop|x64.ActiveCfg = Desktop|x64
		{25F71C31-D380-4597-BC24-E3CA116851F0}.Desktop|x64.Build.0 = Desktop|x64
		{25F71C31-D380-4597-BC24-E3CA116851F0}.Desktop|x86.ActiveCfg = Desktop|x86
		{25F71C31-D380-4597-BC24-E3CA116851F0}.Desktop|x86.Build.0 = Desktop|x86
		{25F71C31-D380-4597-BC24-E3CA116851F0}.Docker|Any CPU.ActiveCfg = Docker|Any CPU
		{25F71C31-D380-4597-BC24-E3CA116851F0}.Docker|Any CPU.Build.0 = Docker|Any CPU
		{25F71C31-D380-4597-BC24-E3CA116851F0}.Docker|x64.ActiveCfg = Docker|x64
		{25F71C31-D380-4597-BC24-E3CA116851F0}.Docker|x64.Build.0 = Docker|x64
		{25F71C31-D380-4597-BC24-E3CA116851F0}.Docker|x86.ActiveCfg = Docker|x86
		{25F71C31-D380-4597-BC24-E3CA116851F0}.Docker|x86.Build.0 = Docker|x86
		{25F71C31-D380-4597-BC24-E3CA116851F0}.gcmodeller_desktop|Any CPU.ActiveCfg = gcmodeller_desktop|Any CPU
		{25F71C31-D380-4597-BC24-E3CA116851F0}.gcmodeller_desktop|Any CPU.Build.0 = gcmodeller_desktop|Any CPU
		{25F71C31-D380-4597-BC24-E3CA116851F0}.gcmodeller_desktop|x64.ActiveCfg = gcmodeller_desktop|x64
		{25F71C31-D380-4597-BC24-E3CA116851F0}.gcmodeller_desktop|x64.Build.0 = gcmodeller_desktop|x64
		{25F71C31-D380-4597-BC24-E3CA116851F0}.gcmodeller_desktop|x86.ActiveCfg = gcmodeller_desktop|x86
		{25F71C31-D380-4597-BC24-E3CA116851F0}.gcmodeller_desktop|x86.Build.0 = gcmodeller_desktop|x86
		{25F71C31-D380-4597-BC24-E3CA116851F0}.LipidSearch|Any CPU.ActiveCfg = LipidSearch|Any CPU
		{25F71C31-D380-4597-BC24-E3CA116851F0}.LipidSearch|Any CPU.Build.0 = LipidSearch|Any CPU
		{25F71C31-D380-4597-BC24-E3CA116851F0}.LipidSearch|x64.ActiveCfg = LipidSearch|x64
		{25F71C31-D380-4597-BC24-E3CA116851F0}.LipidSearch|x64.Build.0 = LipidSearch|x64
		{25F71C31-D380-4597-BC24-E3CA116851F0}.LipidSearch|x86.ActiveCfg = LipidSearch|x86
		{25F71C31-D380-4597-BC24-E3CA116851F0}.LipidSearch|x86.Build.0 = LipidSearch|x86
		{25F71C31-D380-4597-BC24-E3CA116851F0}.mzkit_win32|Any CPU.ActiveCfg = mzkit_win32|Any CPU
		{25F71C31-D380-4597-BC24-E3CA116851F0}.mzkit_win32|Any CPU.Build.0 = mzkit_win32|Any CPU
		{25F71C31-D380-4597-BC24-E3CA116851F0}.mzkit_win32|x64.ActiveCfg = mzkit_win32|x64
		{25F71C31-D380-4597-BC24-E3CA116851F0}.mzkit_win32|x64.Build.0 = mzkit_win32|x64
		{25F71C31-D380-4597-BC24-E3CA116851F0}.mzkit_win32|x86.ActiveCfg = mzkit_win32|x86
		{25F71C31-D380-4597-BC24-E3CA116851F0}.mzkit_win32|x86.Build.0 = mzkit_win32|x86
		{25F71C31-D380-4597-BC24-E3CA116851F0}.mzkit|Any CPU.ActiveCfg = mzkit|Any CPU
		{25F71C31-D380-4597-BC24-E3CA116851F0}.mzkit|Any CPU.Build.0 = mzkit|Any CPU
		{25F71C31-D380-4597-BC24-E3CA116851F0}.mzkit|x64.ActiveCfg = mzkit|x64
		{25F71C31-D380-4597-BC24-E3CA116851F0}.mzkit|x64.Build.0 = mzkit|x64
		{25F71C31-D380-4597-BC24-E3CA116851F0}.mzkit|x86.ActiveCfg = mzkit|x86
		{25F71C31-D380-4597-BC24-E3CA116851F0}.mzkit|x86.Build.0 = mzkit|x86
		{25F71C31-D380-4597-BC24-E3CA116851F0}.NPSearch|Any CPU.ActiveCfg = NPSearch|Any CPU
		{25F71C31-D380-4597-BC24-E3CA116851F0}.NPSearch|Any CPU.Build.0 = NPSearch|Any CPU
		{25F71C31-D380-4597-BC24-E3CA116851F0}.NPSearch|x64.ActiveCfg = NPSearch|x64
		{25F71C31-D380-4597-BC24-E3CA116851F0}.NPSearch|x64.Build.0 = NPSearch|x64
		{25F71C31-D380-4597-BC24-E3CA116851F0}.NPSearch|x86.ActiveCfg = NPSearch|x86
		{25F71C31-D380-4597-BC24-E3CA116851F0}.NPSearch|x86.Build.0 = NPSearch|x86
		{25F71C31-D380-4597-BC24-E3CA116851F0}.nuget_release|Any CPU.ActiveCfg = nuget_release|Any CPU
		{25F71C31-D380-4597-BC24-E3CA116851F0}.nuget_release|Any CPU.Build.0 = nuget_release|Any CPU
		{25F71C31-D380-4597-BC24-E3CA116851F0}.nuget_release|x64.ActiveCfg = nuget_release|x64
		{25F71C31-D380-4597-BC24-E3CA116851F0}.nuget_release|x64.Build.0 = nuget_release|x64
		{25F71C31-D380-4597-BC24-E3CA116851F0}.nuget_release|x86.ActiveCfg = nuget_release|x86
		{25F71C31-D380-4597-BC24-E3CA116851F0}.nuget_release|x86.Build.0 = nuget_release|x86
		{25F71C31-D380-4597-BC24-E3CA116851F0}.PlantMAT|Any CPU.ActiveCfg = PlantMAT|Any CPU
		{25F71C31-D380-4597-BC24-E3CA116851F0}.PlantMAT|Any CPU.Build.0 = PlantMAT|Any CPU
		{25F71C31-D380-4597-BC24-E3CA116851F0}.PlantMAT|x64.ActiveCfg = PlantMAT|x64
		{25F71C31-D380-4597-BC24-E3CA116851F0}.PlantMAT|x64.Build.0 = PlantMAT|x64
		{25F71C31-D380-4597-BC24-E3CA116851F0}.PlantMAT|x86.ActiveCfg = PlantMAT|x86
		{25F71C31-D380-4597-BC24-E3CA116851F0}.PlantMAT|x86.Build.0 = PlantMAT|x86
		{25F71C31-D380-4597-BC24-E3CA116851F0}.Release|Any CPU.ActiveCfg = Release|Any CPU
		{25F71C31-D380-4597-BC24-E3CA116851F0}.Release|Any CPU.Build.0 = Release|Any CPU
		{25F71C31-D380-4597-BC24-E3CA116851F0}.Release|x64.ActiveCfg = Release|x64
		{25F71C31-D380-4597-BC24-E3CA116851F0}.Release|x64.Build.0 = Release|x64
		{25F71C31-D380-4597-BC24-E3CA116851F0}.Release|x86.ActiveCfg = Release|x86
		{25F71C31-D380-4597-BC24-E3CA116851F0}.Release|x86.Build.0 = Release|x86
		{25F71C31-D380-4597-BC24-E3CA116851F0}.Rsharp_app_release|Any CPU.ActiveCfg = Rsharp_app_release|Any CPU
		{25F71C31-D380-4597-BC24-E3CA116851F0}.Rsharp_app_release|Any CPU.Build.0 = Rsharp_app_release|Any CPU
		{25F71C31-D380-4597-BC24-E3CA116851F0}.Rsharp_app_release|x64.ActiveCfg = Rsharp_app_release|x64
		{25F71C31-D380-4597-BC24-E3CA116851F0}.Rsharp_app_release|x64.Build.0 = Rsharp_app_release|x64
		{25F71C31-D380-4597-BC24-E3CA116851F0}.Rsharp_app_release|x86.ActiveCfg = Rsharp_app_release|x86
		{25F71C31-D380-4597-BC24-E3CA116851F0}.Rsharp_app_release|x86.Build.0 = Rsharp_app_release|x86
		{D1C55037-53D5-4839-926D-9750A7D53E03}.CFD_win32|Any CPU.ActiveCfg = CFD_win32|Any CPU
		{D1C55037-53D5-4839-926D-9750A7D53E03}.CFD_win32|Any CPU.Build.0 = CFD_win32|Any CPU
		{D1C55037-53D5-4839-926D-9750A7D53E03}.CFD_win32|x64.ActiveCfg = CFD_win32|x64
		{D1C55037-53D5-4839-926D-9750A7D53E03}.CFD_win32|x64.Build.0 = CFD_win32|x64
		{D1C55037-53D5-4839-926D-9750A7D53E03}.CFD_win32|x86.ActiveCfg = CFD_win32|x86
		{D1C55037-53D5-4839-926D-9750A7D53E03}.CFD_win32|x86.Build.0 = CFD_win32|x86
		{D1C55037-53D5-4839-926D-9750A7D53E03}.Debug|Any CPU.ActiveCfg = Debug|Any CPU
		{D1C55037-53D5-4839-926D-9750A7D53E03}.Debug|Any CPU.Build.0 = Debug|Any CPU
		{D1C55037-53D5-4839-926D-9750A7D53E03}.Debug|x64.ActiveCfg = Debug|x64
		{D1C55037-53D5-4839-926D-9750A7D53E03}.Debug|x64.Build.0 = Debug|x64
		{D1C55037-53D5-4839-926D-9750A7D53E03}.Debug|x86.ActiveCfg = Debug|x86
		{D1C55037-53D5-4839-926D-9750A7D53E03}.Debug|x86.Build.0 = Debug|x86
		{D1C55037-53D5-4839-926D-9750A7D53E03}.Desktop|Any CPU.ActiveCfg = Desktop|Any CPU
		{D1C55037-53D5-4839-926D-9750A7D53E03}.Desktop|Any CPU.Build.0 = Desktop|Any CPU
		{D1C55037-53D5-4839-926D-9750A7D53E03}.Desktop|x64.ActiveCfg = Desktop|x64
		{D1C55037-53D5-4839-926D-9750A7D53E03}.Desktop|x64.Build.0 = Desktop|x64
		{D1C55037-53D5-4839-926D-9750A7D53E03}.Desktop|x86.ActiveCfg = Desktop|x86
		{D1C55037-53D5-4839-926D-9750A7D53E03}.Desktop|x86.Build.0 = Desktop|x86
		{D1C55037-53D5-4839-926D-9750A7D53E03}.Docker|Any CPU.ActiveCfg = Desktop|Any CPU
		{D1C55037-53D5-4839-926D-9750A7D53E03}.Docker|Any CPU.Build.0 = Desktop|Any CPU
		{D1C55037-53D5-4839-926D-9750A7D53E03}.Docker|x64.ActiveCfg = Desktop|x64
		{D1C55037-53D5-4839-926D-9750A7D53E03}.Docker|x64.Build.0 = Desktop|x64
		{D1C55037-53D5-4839-926D-9750A7D53E03}.Docker|x86.ActiveCfg = Desktop|x86
		{D1C55037-53D5-4839-926D-9750A7D53E03}.Docker|x86.Build.0 = Desktop|x86
		{D1C55037-53D5-4839-926D-9750A7D53E03}.gcmodeller_desktop|Any CPU.ActiveCfg = gcmodeller_desktop|Any CPU
		{D1C55037-53D5-4839-926D-9750A7D53E03}.gcmodeller_desktop|Any CPU.Build.0 = gcmodeller_desktop|Any CPU
		{D1C55037-53D5-4839-926D-9750A7D53E03}.gcmodeller_desktop|x64.ActiveCfg = gcmodeller_desktop|x64
		{D1C55037-53D5-4839-926D-9750A7D53E03}.gcmodeller_desktop|x64.Build.0 = gcmodeller_desktop|x64
		{D1C55037-53D5-4839-926D-9750A7D53E03}.gcmodeller_desktop|x86.ActiveCfg = gcmodeller_desktop|x86
		{D1C55037-53D5-4839-926D-9750A7D53E03}.gcmodeller_desktop|x86.Build.0 = gcmodeller_desktop|x86
		{D1C55037-53D5-4839-926D-9750A7D53E03}.LipidSearch|Any CPU.ActiveCfg = LipidSearch|Any CPU
		{D1C55037-53D5-4839-926D-9750A7D53E03}.LipidSearch|Any CPU.Build.0 = LipidSearch|Any CPU
		{D1C55037-53D5-4839-926D-9750A7D53E03}.LipidSearch|x64.ActiveCfg = LipidSearch|x64
		{D1C55037-53D5-4839-926D-9750A7D53E03}.LipidSearch|x64.Build.0 = LipidSearch|x64
		{D1C55037-53D5-4839-926D-9750A7D53E03}.LipidSearch|x86.ActiveCfg = LipidSearch|x86
		{D1C55037-53D5-4839-926D-9750A7D53E03}.LipidSearch|x86.Build.0 = LipidSearch|x86
		{D1C55037-53D5-4839-926D-9750A7D53E03}.mzkit_win32|Any CPU.ActiveCfg = mzkit_win32|Any CPU
		{D1C55037-53D5-4839-926D-9750A7D53E03}.mzkit_win32|Any CPU.Build.0 = mzkit_win32|Any CPU
		{D1C55037-53D5-4839-926D-9750A7D53E03}.mzkit_win32|x64.ActiveCfg = mzkit_win32|x64
		{D1C55037-53D5-4839-926D-9750A7D53E03}.mzkit_win32|x64.Build.0 = mzkit_win32|x64
		{D1C55037-53D5-4839-926D-9750A7D53E03}.mzkit_win32|x86.ActiveCfg = mzkit_win32|x86
		{D1C55037-53D5-4839-926D-9750A7D53E03}.mzkit_win32|x86.Build.0 = mzkit_win32|x86
		{D1C55037-53D5-4839-926D-9750A7D53E03}.mzkit|Any CPU.ActiveCfg = mzkit|Any CPU
		{D1C55037-53D5-4839-926D-9750A7D53E03}.mzkit|Any CPU.Build.0 = mzkit|Any CPU
		{D1C55037-53D5-4839-926D-9750A7D53E03}.mzkit|x64.ActiveCfg = mzkit|x64
		{D1C55037-53D5-4839-926D-9750A7D53E03}.mzkit|x64.Build.0 = mzkit|x64
		{D1C55037-53D5-4839-926D-9750A7D53E03}.mzkit|x86.ActiveCfg = mzkit|x86
		{D1C55037-53D5-4839-926D-9750A7D53E03}.mzkit|x86.Build.0 = mzkit|x86
		{D1C55037-53D5-4839-926D-9750A7D53E03}.NPSearch|Any CPU.ActiveCfg = NPSearch|Any CPU
		{D1C55037-53D5-4839-926D-9750A7D53E03}.NPSearch|Any CPU.Build.0 = NPSearch|Any CPU
		{D1C55037-53D5-4839-926D-9750A7D53E03}.NPSearch|x64.ActiveCfg = NPSearch|x64
		{D1C55037-53D5-4839-926D-9750A7D53E03}.NPSearch|x64.Build.0 = NPSearch|x64
		{D1C55037-53D5-4839-926D-9750A7D53E03}.NPSearch|x86.ActiveCfg = NPSearch|x86
		{D1C55037-53D5-4839-926D-9750A7D53E03}.NPSearch|x86.Build.0 = NPSearch|x86
		{D1C55037-53D5-4839-926D-9750A7D53E03}.nuget_release|Any CPU.ActiveCfg = nuget_release|Any CPU
		{D1C55037-53D5-4839-926D-9750A7D53E03}.nuget_release|Any CPU.Build.0 = nuget_release|Any CPU
		{D1C55037-53D5-4839-926D-9750A7D53E03}.nuget_release|x64.ActiveCfg = nuget_release|x64
		{D1C55037-53D5-4839-926D-9750A7D53E03}.nuget_release|x64.Build.0 = nuget_release|x64
		{D1C55037-53D5-4839-926D-9750A7D53E03}.nuget_release|x86.ActiveCfg = nuget_release|x86
		{D1C55037-53D5-4839-926D-9750A7D53E03}.nuget_release|x86.Build.0 = nuget_release|x86
		{D1C55037-53D5-4839-926D-9750A7D53E03}.PlantMAT|Any CPU.ActiveCfg = PlantMAT|Any CPU
		{D1C55037-53D5-4839-926D-9750A7D53E03}.PlantMAT|Any CPU.Build.0 = PlantMAT|Any CPU
		{D1C55037-53D5-4839-926D-9750A7D53E03}.PlantMAT|x64.ActiveCfg = PlantMAT|x64
		{D1C55037-53D5-4839-926D-9750A7D53E03}.PlantMAT|x64.Build.0 = PlantMAT|x64
		{D1C55037-53D5-4839-926D-9750A7D53E03}.PlantMAT|x86.ActiveCfg = PlantMAT|x86
		{D1C55037-53D5-4839-926D-9750A7D53E03}.PlantMAT|x86.Build.0 = PlantMAT|x86
		{D1C55037-53D5-4839-926D-9750A7D53E03}.Release|Any CPU.ActiveCfg = Release|Any CPU
		{D1C55037-53D5-4839-926D-9750A7D53E03}.Release|Any CPU.Build.0 = Release|Any CPU
		{D1C55037-53D5-4839-926D-9750A7D53E03}.Release|x64.ActiveCfg = Release|x64
		{D1C55037-53D5-4839-926D-9750A7D53E03}.Release|x64.Build.0 = Release|x64
		{D1C55037-53D5-4839-926D-9750A7D53E03}.Release|x86.ActiveCfg = Release|x86
		{D1C55037-53D5-4839-926D-9750A7D53E03}.Release|x86.Build.0 = Release|x86
		{D1C55037-53D5-4839-926D-9750A7D53E03}.Rsharp_app_release|Any CPU.ActiveCfg = Rsharp_app_release|Any CPU
		{D1C55037-53D5-4839-926D-9750A7D53E03}.Rsharp_app_release|Any CPU.Build.0 = Rsharp_app_release|Any CPU
		{D1C55037-53D5-4839-926D-9750A7D53E03}.Rsharp_app_release|x64.ActiveCfg = Rsharp_app_release|x64
		{D1C55037-53D5-4839-926D-9750A7D53E03}.Rsharp_app_release|x64.Build.0 = Rsharp_app_release|x64
		{D1C55037-53D5-4839-926D-9750A7D53E03}.Rsharp_app_release|x86.ActiveCfg = Rsharp_app_release|x86
		{D1C55037-53D5-4839-926D-9750A7D53E03}.Rsharp_app_release|x86.Build.0 = Rsharp_app_release|x86
		{BC1053B4-629E-4935-BC2C-FC8FEBCEB456}.CFD_win32|Any CPU.ActiveCfg = Debug|Any CPU
		{BC1053B4-629E-4935-BC2C-FC8FEBCEB456}.CFD_win32|Any CPU.Build.0 = Debug|Any CPU
		{BC1053B4-629E-4935-BC2C-FC8FEBCEB456}.CFD_win32|x64.ActiveCfg = Debug|x64
		{BC1053B4-629E-4935-BC2C-FC8FEBCEB456}.CFD_win32|x64.Build.0 = Debug|x64
		{BC1053B4-629E-4935-BC2C-FC8FEBCEB456}.CFD_win32|x86.ActiveCfg = Debug|Any CPU
		{BC1053B4-629E-4935-BC2C-FC8FEBCEB456}.CFD_win32|x86.Build.0 = Debug|Any CPU
		{BC1053B4-629E-4935-BC2C-FC8FEBCEB456}.Debug|Any CPU.ActiveCfg = Debug|Any CPU
		{BC1053B4-629E-4935-BC2C-FC8FEBCEB456}.Debug|Any CPU.Build.0 = Debug|Any CPU
		{BC1053B4-629E-4935-BC2C-FC8FEBCEB456}.Debug|x64.ActiveCfg = Debug|x64
		{BC1053B4-629E-4935-BC2C-FC8FEBCEB456}.Debug|x64.Build.0 = Debug|x64
		{BC1053B4-629E-4935-BC2C-FC8FEBCEB456}.Debug|x86.ActiveCfg = Debug|Any CPU
		{BC1053B4-629E-4935-BC2C-FC8FEBCEB456}.Debug|x86.Build.0 = Debug|Any CPU
		{BC1053B4-629E-4935-BC2C-FC8FEBCEB456}.Desktop|Any CPU.ActiveCfg = Debug|Any CPU
		{BC1053B4-629E-4935-BC2C-FC8FEBCEB456}.Desktop|Any CPU.Build.0 = Debug|Any CPU
		{BC1053B4-629E-4935-BC2C-FC8FEBCEB456}.Desktop|x64.ActiveCfg = Debug|x64
		{BC1053B4-629E-4935-BC2C-FC8FEBCEB456}.Desktop|x64.Build.0 = Debug|x64
		{BC1053B4-629E-4935-BC2C-FC8FEBCEB456}.Desktop|x86.ActiveCfg = Debug|Any CPU
		{BC1053B4-629E-4935-BC2C-FC8FEBCEB456}.Desktop|x86.Build.0 = Debug|Any CPU
		{BC1053B4-629E-4935-BC2C-FC8FEBCEB456}.Docker|Any CPU.ActiveCfg = Debug|Any CPU
		{BC1053B4-629E-4935-BC2C-FC8FEBCEB456}.Docker|Any CPU.Build.0 = Debug|Any CPU
		{BC1053B4-629E-4935-BC2C-FC8FEBCEB456}.Docker|x64.ActiveCfg = Debug|x64
		{BC1053B4-629E-4935-BC2C-FC8FEBCEB456}.Docker|x64.Build.0 = Debug|x64
		{BC1053B4-629E-4935-BC2C-FC8FEBCEB456}.Docker|x86.ActiveCfg = Debug|Any CPU
		{BC1053B4-629E-4935-BC2C-FC8FEBCEB456}.Docker|x86.Build.0 = Debug|Any CPU
		{BC1053B4-629E-4935-BC2C-FC8FEBCEB456}.gcmodeller_desktop|Any CPU.ActiveCfg = gcmodeller_desktop|Any CPU
		{BC1053B4-629E-4935-BC2C-FC8FEBCEB456}.gcmodeller_desktop|Any CPU.Build.0 = gcmodeller_desktop|Any CPU
		{BC1053B4-629E-4935-BC2C-FC8FEBCEB456}.gcmodeller_desktop|x64.ActiveCfg = gcmodeller_desktop|x64
		{BC1053B4-629E-4935-BC2C-FC8FEBCEB456}.gcmodeller_desktop|x64.Build.0 = gcmodeller_desktop|x64
		{BC1053B4-629E-4935-BC2C-FC8FEBCEB456}.gcmodeller_desktop|x86.ActiveCfg = gcmodeller_desktop|Any CPU
		{BC1053B4-629E-4935-BC2C-FC8FEBCEB456}.gcmodeller_desktop|x86.Build.0 = gcmodeller_desktop|Any CPU
		{BC1053B4-629E-4935-BC2C-FC8FEBCEB456}.LipidSearch|Any CPU.ActiveCfg = LipidSearch|Any CPU
		{BC1053B4-629E-4935-BC2C-FC8FEBCEB456}.LipidSearch|Any CPU.Build.0 = LipidSearch|Any CPU
		{BC1053B4-629E-4935-BC2C-FC8FEBCEB456}.LipidSearch|x64.ActiveCfg = LipidSearch|x64
		{BC1053B4-629E-4935-BC2C-FC8FEBCEB456}.LipidSearch|x64.Build.0 = LipidSearch|x64
		{BC1053B4-629E-4935-BC2C-FC8FEBCEB456}.LipidSearch|x86.ActiveCfg = LipidSearch|Any CPU
		{BC1053B4-629E-4935-BC2C-FC8FEBCEB456}.LipidSearch|x86.Build.0 = LipidSearch|Any CPU
		{BC1053B4-629E-4935-BC2C-FC8FEBCEB456}.mzkit_win32|Any CPU.ActiveCfg = mzkit_win32|Any CPU
		{BC1053B4-629E-4935-BC2C-FC8FEBCEB456}.mzkit_win32|Any CPU.Build.0 = mzkit_win32|Any CPU
		{BC1053B4-629E-4935-BC2C-FC8FEBCEB456}.mzkit_win32|x64.ActiveCfg = mzkit_win32|x64
		{BC1053B4-629E-4935-BC2C-FC8FEBCEB456}.mzkit_win32|x64.Build.0 = mzkit_win32|x64
		{BC1053B4-629E-4935-BC2C-FC8FEBCEB456}.mzkit_win32|x86.ActiveCfg = mzkit_win32|Any CPU
		{BC1053B4-629E-4935-BC2C-FC8FEBCEB456}.mzkit_win32|x86.Build.0 = mzkit_win32|Any CPU
		{BC1053B4-629E-4935-BC2C-FC8FEBCEB456}.mzkit|Any CPU.ActiveCfg = mzkit|Any CPU
		{BC1053B4-629E-4935-BC2C-FC8FEBCEB456}.mzkit|Any CPU.Build.0 = mzkit|Any CPU
		{BC1053B4-629E-4935-BC2C-FC8FEBCEB456}.mzkit|x64.ActiveCfg = mzkit|x64
		{BC1053B4-629E-4935-BC2C-FC8FEBCEB456}.mzkit|x64.Build.0 = mzkit|x64
		{BC1053B4-629E-4935-BC2C-FC8FEBCEB456}.mzkit|x86.ActiveCfg = mzkit|Any CPU
		{BC1053B4-629E-4935-BC2C-FC8FEBCEB456}.mzkit|x86.Build.0 = mzkit|Any CPU
		{BC1053B4-629E-4935-BC2C-FC8FEBCEB456}.NPSearch|Any CPU.ActiveCfg = nuget_release|Any CPU
		{BC1053B4-629E-4935-BC2C-FC8FEBCEB456}.NPSearch|Any CPU.Build.0 = nuget_release|Any CPU
		{BC1053B4-629E-4935-BC2C-FC8FEBCEB456}.NPSearch|x64.ActiveCfg = nuget_release|x64
		{BC1053B4-629E-4935-BC2C-FC8FEBCEB456}.NPSearch|x64.Build.0 = nuget_release|x64
		{BC1053B4-629E-4935-BC2C-FC8FEBCEB456}.NPSearch|x86.ActiveCfg = nuget_release|Any CPU
		{BC1053B4-629E-4935-BC2C-FC8FEBCEB456}.NPSearch|x86.Build.0 = nuget_release|Any CPU
		{BC1053B4-629E-4935-BC2C-FC8FEBCEB456}.nuget_release|Any CPU.ActiveCfg = nuget_release|Any CPU
		{BC1053B4-629E-4935-BC2C-FC8FEBCEB456}.nuget_release|Any CPU.Build.0 = nuget_release|Any CPU
		{BC1053B4-629E-4935-BC2C-FC8FEBCEB456}.nuget_release|x64.ActiveCfg = nuget_release|x64
		{BC1053B4-629E-4935-BC2C-FC8FEBCEB456}.nuget_release|x64.Build.0 = nuget_release|x64
		{BC1053B4-629E-4935-BC2C-FC8FEBCEB456}.nuget_release|x86.ActiveCfg = nuget_release|Any CPU
		{BC1053B4-629E-4935-BC2C-FC8FEBCEB456}.nuget_release|x86.Build.0 = nuget_release|Any CPU
		{BC1053B4-629E-4935-BC2C-FC8FEBCEB456}.PlantMAT|Any CPU.ActiveCfg = Debug|Any CPU
		{BC1053B4-629E-4935-BC2C-FC8FEBCEB456}.PlantMAT|Any CPU.Build.0 = Debug|Any CPU
		{BC1053B4-629E-4935-BC2C-FC8FEBCEB456}.PlantMAT|x64.ActiveCfg = Debug|x64
		{BC1053B4-629E-4935-BC2C-FC8FEBCEB456}.PlantMAT|x64.Build.0 = Debug|x64
		{BC1053B4-629E-4935-BC2C-FC8FEBCEB456}.PlantMAT|x86.ActiveCfg = Debug|Any CPU
		{BC1053B4-629E-4935-BC2C-FC8FEBCEB456}.PlantMAT|x86.Build.0 = Debug|Any CPU
		{BC1053B4-629E-4935-BC2C-FC8FEBCEB456}.Release|Any CPU.ActiveCfg = Release|Any CPU
		{BC1053B4-629E-4935-BC2C-FC8FEBCEB456}.Release|Any CPU.Build.0 = Release|Any CPU
		{BC1053B4-629E-4935-BC2C-FC8FEBCEB456}.Release|x64.ActiveCfg = Release|x64
		{BC1053B4-629E-4935-BC2C-FC8FEBCEB456}.Release|x64.Build.0 = Release|x64
		{BC1053B4-629E-4935-BC2C-FC8FEBCEB456}.Release|x86.ActiveCfg = Release|Any CPU
		{BC1053B4-629E-4935-BC2C-FC8FEBCEB456}.Release|x86.Build.0 = Release|Any CPU
		{BC1053B4-629E-4935-BC2C-FC8FEBCEB456}.Rsharp_app_release|Any CPU.ActiveCfg = Rsharp_app_release|Any CPU
		{BC1053B4-629E-4935-BC2C-FC8FEBCEB456}.Rsharp_app_release|Any CPU.Build.0 = Rsharp_app_release|Any CPU
		{BC1053B4-629E-4935-BC2C-FC8FEBCEB456}.Rsharp_app_release|x64.ActiveCfg = Rsharp_app_release|x64
		{BC1053B4-629E-4935-BC2C-FC8FEBCEB456}.Rsharp_app_release|x64.Build.0 = Rsharp_app_release|x64
		{BC1053B4-629E-4935-BC2C-FC8FEBCEB456}.Rsharp_app_release|x86.ActiveCfg = Rsharp_app_release|Any CPU
		{BC1053B4-629E-4935-BC2C-FC8FEBCEB456}.Rsharp_app_release|x86.Build.0 = Rsharp_app_release|Any CPU
		{D4E2DCE5-14F0-4E61-B210-489BDC9E314C}.CFD_win32|Any CPU.ActiveCfg = Debug|Any CPU
		{D4E2DCE5-14F0-4E61-B210-489BDC9E314C}.CFD_win32|Any CPU.Build.0 = Debug|Any CPU
		{D4E2DCE5-14F0-4E61-B210-489BDC9E314C}.CFD_win32|x64.ActiveCfg = Debug|x64
		{D4E2DCE5-14F0-4E61-B210-489BDC9E314C}.CFD_win32|x64.Build.0 = Debug|x64
		{D4E2DCE5-14F0-4E61-B210-489BDC9E314C}.CFD_win32|x86.ActiveCfg = Debug|Any CPU
		{D4E2DCE5-14F0-4E61-B210-489BDC9E314C}.CFD_win32|x86.Build.0 = Debug|Any CPU
		{D4E2DCE5-14F0-4E61-B210-489BDC9E314C}.Debug|Any CPU.ActiveCfg = Debug|Any CPU
		{D4E2DCE5-14F0-4E61-B210-489BDC9E314C}.Debug|Any CPU.Build.0 = Debug|Any CPU
		{D4E2DCE5-14F0-4E61-B210-489BDC9E314C}.Debug|x64.ActiveCfg = Debug|x64
		{D4E2DCE5-14F0-4E61-B210-489BDC9E314C}.Debug|x64.Build.0 = Debug|x64
		{D4E2DCE5-14F0-4E61-B210-489BDC9E314C}.Debug|x86.ActiveCfg = Debug|Any CPU
		{D4E2DCE5-14F0-4E61-B210-489BDC9E314C}.Debug|x86.Build.0 = Debug|Any CPU
		{D4E2DCE5-14F0-4E61-B210-489BDC9E314C}.Desktop|Any CPU.ActiveCfg = Debug|Any CPU
		{D4E2DCE5-14F0-4E61-B210-489BDC9E314C}.Desktop|Any CPU.Build.0 = Debug|Any CPU
		{D4E2DCE5-14F0-4E61-B210-489BDC9E314C}.Desktop|x64.ActiveCfg = Debug|x64
		{D4E2DCE5-14F0-4E61-B210-489BDC9E314C}.Desktop|x64.Build.0 = Debug|x64
		{D4E2DCE5-14F0-4E61-B210-489BDC9E314C}.Desktop|x86.ActiveCfg = Debug|Any CPU
		{D4E2DCE5-14F0-4E61-B210-489BDC9E314C}.Desktop|x86.Build.0 = Debug|Any CPU
		{D4E2DCE5-14F0-4E61-B210-489BDC9E314C}.Docker|Any CPU.ActiveCfg = Debug|Any CPU
		{D4E2DCE5-14F0-4E61-B210-489BDC9E314C}.Docker|Any CPU.Build.0 = Debug|Any CPU
		{D4E2DCE5-14F0-4E61-B210-489BDC9E314C}.Docker|x64.ActiveCfg = Debug|x64
		{D4E2DCE5-14F0-4E61-B210-489BDC9E314C}.Docker|x64.Build.0 = Debug|x64
		{D4E2DCE5-14F0-4E61-B210-489BDC9E314C}.Docker|x86.ActiveCfg = Debug|Any CPU
		{D4E2DCE5-14F0-4E61-B210-489BDC9E314C}.Docker|x86.Build.0 = Debug|Any CPU
		{D4E2DCE5-14F0-4E61-B210-489BDC9E314C}.gcmodeller_desktop|Any CPU.ActiveCfg = gcmodeller_desktop|Any CPU
		{D4E2DCE5-14F0-4E61-B210-489BDC9E314C}.gcmodeller_desktop|Any CPU.Build.0 = gcmodeller_desktop|Any CPU
		{D4E2DCE5-14F0-4E61-B210-489BDC9E314C}.gcmodeller_desktop|x64.ActiveCfg = gcmodeller_desktop|x64
		{D4E2DCE5-14F0-4E61-B210-489BDC9E314C}.gcmodeller_desktop|x64.Build.0 = gcmodeller_desktop|x64
		{D4E2DCE5-14F0-4E61-B210-489BDC9E314C}.gcmodeller_desktop|x86.ActiveCfg = gcmodeller_desktop|Any CPU
		{D4E2DCE5-14F0-4E61-B210-489BDC9E314C}.gcmodeller_desktop|x86.Build.0 = gcmodeller_desktop|Any CPU
		{D4E2DCE5-14F0-4E61-B210-489BDC9E314C}.LipidSearch|Any CPU.ActiveCfg = LipidSearch|Any CPU
		{D4E2DCE5-14F0-4E61-B210-489BDC9E314C}.LipidSearch|Any CPU.Build.0 = LipidSearch|Any CPU
		{D4E2DCE5-14F0-4E61-B210-489BDC9E314C}.LipidSearch|x64.ActiveCfg = LipidSearch|x64
		{D4E2DCE5-14F0-4E61-B210-489BDC9E314C}.LipidSearch|x64.Build.0 = LipidSearch|x64
		{D4E2DCE5-14F0-4E61-B210-489BDC9E314C}.LipidSearch|x86.ActiveCfg = LipidSearch|Any CPU
		{D4E2DCE5-14F0-4E61-B210-489BDC9E314C}.LipidSearch|x86.Build.0 = LipidSearch|Any CPU
		{D4E2DCE5-14F0-4E61-B210-489BDC9E314C}.mzkit_win32|Any CPU.ActiveCfg = mzkit_win32|Any CPU
		{D4E2DCE5-14F0-4E61-B210-489BDC9E314C}.mzkit_win32|Any CPU.Build.0 = mzkit_win32|Any CPU
		{D4E2DCE5-14F0-4E61-B210-489BDC9E314C}.mzkit_win32|x64.ActiveCfg = mzkit_win32|x64
		{D4E2DCE5-14F0-4E61-B210-489BDC9E314C}.mzkit_win32|x64.Build.0 = mzkit_win32|x64
		{D4E2DCE5-14F0-4E61-B210-489BDC9E314C}.mzkit_win32|x86.ActiveCfg = mzkit_win32|Any CPU
		{D4E2DCE5-14F0-4E61-B210-489BDC9E314C}.mzkit_win32|x86.Build.0 = mzkit_win32|Any CPU
		{D4E2DCE5-14F0-4E61-B210-489BDC9E314C}.mzkit|Any CPU.ActiveCfg = mzkit|Any CPU
		{D4E2DCE5-14F0-4E61-B210-489BDC9E314C}.mzkit|Any CPU.Build.0 = mzkit|Any CPU
		{D4E2DCE5-14F0-4E61-B210-489BDC9E314C}.mzkit|x64.ActiveCfg = mzkit|x64
		{D4E2DCE5-14F0-4E61-B210-489BDC9E314C}.mzkit|x64.Build.0 = mzkit|x64
		{D4E2DCE5-14F0-4E61-B210-489BDC9E314C}.mzkit|x86.ActiveCfg = mzkit|Any CPU
		{D4E2DCE5-14F0-4E61-B210-489BDC9E314C}.mzkit|x86.Build.0 = mzkit|Any CPU
		{D4E2DCE5-14F0-4E61-B210-489BDC9E314C}.NPSearch|Any CPU.ActiveCfg = nuget_release|Any CPU
		{D4E2DCE5-14F0-4E61-B210-489BDC9E314C}.NPSearch|Any CPU.Build.0 = nuget_release|Any CPU
		{D4E2DCE5-14F0-4E61-B210-489BDC9E314C}.NPSearch|x64.ActiveCfg = nuget_release|x64
		{D4E2DCE5-14F0-4E61-B210-489BDC9E314C}.NPSearch|x64.Build.0 = nuget_release|x64
		{D4E2DCE5-14F0-4E61-B210-489BDC9E314C}.NPSearch|x86.ActiveCfg = nuget_release|Any CPU
		{D4E2DCE5-14F0-4E61-B210-489BDC9E314C}.NPSearch|x86.Build.0 = nuget_release|Any CPU
		{D4E2DCE5-14F0-4E61-B210-489BDC9E314C}.nuget_release|Any CPU.ActiveCfg = nuget_release|Any CPU
		{D4E2DCE5-14F0-4E61-B210-489BDC9E314C}.nuget_release|Any CPU.Build.0 = nuget_release|Any CPU
		{D4E2DCE5-14F0-4E61-B210-489BDC9E314C}.nuget_release|x64.ActiveCfg = nuget_release|x64
		{D4E2DCE5-14F0-4E61-B210-489BDC9E314C}.nuget_release|x64.Build.0 = nuget_release|x64
		{D4E2DCE5-14F0-4E61-B210-489BDC9E314C}.nuget_release|x86.ActiveCfg = nuget_release|Any CPU
		{D4E2DCE5-14F0-4E61-B210-489BDC9E314C}.nuget_release|x86.Build.0 = nuget_release|Any CPU
		{D4E2DCE5-14F0-4E61-B210-489BDC9E314C}.PlantMAT|Any CPU.ActiveCfg = Debug|Any CPU
		{D4E2DCE5-14F0-4E61-B210-489BDC9E314C}.PlantMAT|Any CPU.Build.0 = Debug|Any CPU
		{D4E2DCE5-14F0-4E61-B210-489BDC9E314C}.PlantMAT|x64.ActiveCfg = Debug|x64
		{D4E2DCE5-14F0-4E61-B210-489BDC9E314C}.PlantMAT|x64.Build.0 = Debug|x64
		{D4E2DCE5-14F0-4E61-B210-489BDC9E314C}.PlantMAT|x86.ActiveCfg = Debug|Any CPU
		{D4E2DCE5-14F0-4E61-B210-489BDC9E314C}.PlantMAT|x86.Build.0 = Debug|Any CPU
		{D4E2DCE5-14F0-4E61-B210-489BDC9E314C}.Release|Any CPU.ActiveCfg = Release|Any CPU
		{D4E2DCE5-14F0-4E61-B210-489BDC9E314C}.Release|Any CPU.Build.0 = Release|Any CPU
		{D4E2DCE5-14F0-4E61-B210-489BDC9E314C}.Release|x64.ActiveCfg = Release|x64
		{D4E2DCE5-14F0-4E61-B210-489BDC9E314C}.Release|x64.Build.0 = Release|x64
		{D4E2DCE5-14F0-4E61-B210-489BDC9E314C}.Release|x86.ActiveCfg = Release|Any CPU
		{D4E2DCE5-14F0-4E61-B210-489BDC9E314C}.Release|x86.Build.0 = Release|Any CPU
		{D4E2DCE5-14F0-4E61-B210-489BDC9E314C}.Rsharp_app_release|Any CPU.ActiveCfg = Rsharp_app_release|Any CPU
		{D4E2DCE5-14F0-4E61-B210-489BDC9E314C}.Rsharp_app_release|Any CPU.Build.0 = Rsharp_app_release|Any CPU
		{D4E2DCE5-14F0-4E61-B210-489BDC9E314C}.Rsharp_app_release|x64.ActiveCfg = Rsharp_app_release|x64
		{D4E2DCE5-14F0-4E61-B210-489BDC9E314C}.Rsharp_app_release|x64.Build.0 = Rsharp_app_release|x64
		{D4E2DCE5-14F0-4E61-B210-489BDC9E314C}.Rsharp_app_release|x86.ActiveCfg = Rsharp_app_release|Any CPU
		{D4E2DCE5-14F0-4E61-B210-489BDC9E314C}.Rsharp_app_release|x86.Build.0 = Rsharp_app_release|Any CPU
		{C2C46121-9CD9-4032-BC20-F03A748FD5DF}.CFD_win32|Any CPU.ActiveCfg = Debug|Any CPU
		{C2C46121-9CD9-4032-BC20-F03A748FD5DF}.CFD_win32|Any CPU.Build.0 = Debug|Any CPU
		{C2C46121-9CD9-4032-BC20-F03A748FD5DF}.CFD_win32|x64.ActiveCfg = Debug|x64
		{C2C46121-9CD9-4032-BC20-F03A748FD5DF}.CFD_win32|x64.Build.0 = Debug|x64
		{C2C46121-9CD9-4032-BC20-F03A748FD5DF}.CFD_win32|x86.ActiveCfg = Debug|Any CPU
		{C2C46121-9CD9-4032-BC20-F03A748FD5DF}.CFD_win32|x86.Build.0 = Debug|Any CPU
		{C2C46121-9CD9-4032-BC20-F03A748FD5DF}.Debug|Any CPU.ActiveCfg = Debug|Any CPU
		{C2C46121-9CD9-4032-BC20-F03A748FD5DF}.Debug|Any CPU.Build.0 = Debug|Any CPU
		{C2C46121-9CD9-4032-BC20-F03A748FD5DF}.Debug|x64.ActiveCfg = Debug|x64
		{C2C46121-9CD9-4032-BC20-F03A748FD5DF}.Debug|x64.Build.0 = Debug|x64
		{C2C46121-9CD9-4032-BC20-F03A748FD5DF}.Debug|x86.ActiveCfg = Debug|Any CPU
		{C2C46121-9CD9-4032-BC20-F03A748FD5DF}.Debug|x86.Build.0 = Debug|Any CPU
		{C2C46121-9CD9-4032-BC20-F03A748FD5DF}.Desktop|Any CPU.ActiveCfg = Debug|Any CPU
		{C2C46121-9CD9-4032-BC20-F03A748FD5DF}.Desktop|Any CPU.Build.0 = Debug|Any CPU
		{C2C46121-9CD9-4032-BC20-F03A748FD5DF}.Desktop|x64.ActiveCfg = Debug|x64
		{C2C46121-9CD9-4032-BC20-F03A748FD5DF}.Desktop|x64.Build.0 = Debug|x64
		{C2C46121-9CD9-4032-BC20-F03A748FD5DF}.Desktop|x86.ActiveCfg = Debug|Any CPU
		{C2C46121-9CD9-4032-BC20-F03A748FD5DF}.Desktop|x86.Build.0 = Debug|Any CPU
		{C2C46121-9CD9-4032-BC20-F03A748FD5DF}.Docker|Any CPU.ActiveCfg = Debug|Any CPU
		{C2C46121-9CD9-4032-BC20-F03A748FD5DF}.Docker|Any CPU.Build.0 = Debug|Any CPU
		{C2C46121-9CD9-4032-BC20-F03A748FD5DF}.Docker|x64.ActiveCfg = Debug|x64
		{C2C46121-9CD9-4032-BC20-F03A748FD5DF}.Docker|x64.Build.0 = Debug|x64
		{C2C46121-9CD9-4032-BC20-F03A748FD5DF}.Docker|x86.ActiveCfg = Debug|Any CPU
		{C2C46121-9CD9-4032-BC20-F03A748FD5DF}.Docker|x86.Build.0 = Debug|Any CPU
		{C2C46121-9CD9-4032-BC20-F03A748FD5DF}.gcmodeller_desktop|Any CPU.ActiveCfg = Debug|Any CPU
		{C2C46121-9CD9-4032-BC20-F03A748FD5DF}.gcmodeller_desktop|Any CPU.Build.0 = Debug|Any CPU
		{C2C46121-9CD9-4032-BC20-F03A748FD5DF}.gcmodeller_desktop|x64.ActiveCfg = Debug|x64
		{C2C46121-9CD9-4032-BC20-F03A748FD5DF}.gcmodeller_desktop|x64.Build.0 = Debug|x64
		{C2C46121-9CD9-4032-BC20-F03A748FD5DF}.gcmodeller_desktop|x86.ActiveCfg = Debug|Any CPU
		{C2C46121-9CD9-4032-BC20-F03A748FD5DF}.gcmodeller_desktop|x86.Build.0 = Debug|Any CPU
		{C2C46121-9CD9-4032-BC20-F03A748FD5DF}.LipidSearch|Any CPU.ActiveCfg = Debug|Any CPU
		{C2C46121-9CD9-4032-BC20-F03A748FD5DF}.LipidSearch|Any CPU.Build.0 = Debug|Any CPU
		{C2C46121-9CD9-4032-BC20-F03A748FD5DF}.LipidSearch|x64.ActiveCfg = Debug|x64
		{C2C46121-9CD9-4032-BC20-F03A748FD5DF}.LipidSearch|x64.Build.0 = Debug|x64
		{C2C46121-9CD9-4032-BC20-F03A748FD5DF}.LipidSearch|x86.ActiveCfg = Debug|Any CPU
		{C2C46121-9CD9-4032-BC20-F03A748FD5DF}.LipidSearch|x86.Build.0 = Debug|Any CPU
		{C2C46121-9CD9-4032-BC20-F03A748FD5DF}.mzkit_win32|Any CPU.ActiveCfg = Debug|Any CPU
		{C2C46121-9CD9-4032-BC20-F03A748FD5DF}.mzkit_win32|Any CPU.Build.0 = Debug|Any CPU
		{C2C46121-9CD9-4032-BC20-F03A748FD5DF}.mzkit_win32|x64.ActiveCfg = Debug|x64
		{C2C46121-9CD9-4032-BC20-F03A748FD5DF}.mzkit_win32|x64.Build.0 = Debug|x64
		{C2C46121-9CD9-4032-BC20-F03A748FD5DF}.mzkit_win32|x86.ActiveCfg = Debug|Any CPU
		{C2C46121-9CD9-4032-BC20-F03A748FD5DF}.mzkit_win32|x86.Build.0 = Debug|Any CPU
		{C2C46121-9CD9-4032-BC20-F03A748FD5DF}.mzkit|Any CPU.ActiveCfg = Debug|Any CPU
		{C2C46121-9CD9-4032-BC20-F03A748FD5DF}.mzkit|Any CPU.Build.0 = Debug|Any CPU
		{C2C46121-9CD9-4032-BC20-F03A748FD5DF}.mzkit|x64.ActiveCfg = Debug|x64
		{C2C46121-9CD9-4032-BC20-F03A748FD5DF}.mzkit|x64.Build.0 = Debug|x64
		{C2C46121-9CD9-4032-BC20-F03A748FD5DF}.mzkit|x86.ActiveCfg = Debug|Any CPU
		{C2C46121-9CD9-4032-BC20-F03A748FD5DF}.mzkit|x86.Build.0 = Debug|Any CPU
		{C2C46121-9CD9-4032-BC20-F03A748FD5DF}.NPSearch|Any CPU.ActiveCfg = Debug|Any CPU
		{C2C46121-9CD9-4032-BC20-F03A748FD5DF}.NPSearch|Any CPU.Build.0 = Debug|Any CPU
		{C2C46121-9CD9-4032-BC20-F03A748FD5DF}.NPSearch|x64.ActiveCfg = Debug|x64
		{C2C46121-9CD9-4032-BC20-F03A748FD5DF}.NPSearch|x64.Build.0 = Debug|x64
		{C2C46121-9CD9-4032-BC20-F03A748FD5DF}.NPSearch|x86.ActiveCfg = Debug|Any CPU
		{C2C46121-9CD9-4032-BC20-F03A748FD5DF}.NPSearch|x86.Build.0 = Debug|Any CPU
		{C2C46121-9CD9-4032-BC20-F03A748FD5DF}.nuget_release|Any CPU.ActiveCfg = Debug|Any CPU
		{C2C46121-9CD9-4032-BC20-F03A748FD5DF}.nuget_release|Any CPU.Build.0 = Debug|Any CPU
		{C2C46121-9CD9-4032-BC20-F03A748FD5DF}.nuget_release|x64.ActiveCfg = Debug|x64
		{C2C46121-9CD9-4032-BC20-F03A748FD5DF}.nuget_release|x64.Build.0 = Debug|x64
		{C2C46121-9CD9-4032-BC20-F03A748FD5DF}.nuget_release|x86.ActiveCfg = Debug|Any CPU
		{C2C46121-9CD9-4032-BC20-F03A748FD5DF}.nuget_release|x86.Build.0 = Debug|Any CPU
		{C2C46121-9CD9-4032-BC20-F03A748FD5DF}.PlantMAT|Any CPU.ActiveCfg = Debug|Any CPU
		{C2C46121-9CD9-4032-BC20-F03A748FD5DF}.PlantMAT|Any CPU.Build.0 = Debug|Any CPU
		{C2C46121-9CD9-4032-BC20-F03A748FD5DF}.PlantMAT|x64.ActiveCfg = Debug|x64
		{C2C46121-9CD9-4032-BC20-F03A748FD5DF}.PlantMAT|x64.Build.0 = Debug|x64
		{C2C46121-9CD9-4032-BC20-F03A748FD5DF}.PlantMAT|x86.ActiveCfg = Debug|Any CPU
		{C2C46121-9CD9-4032-BC20-F03A748FD5DF}.PlantMAT|x86.Build.0 = Debug|Any CPU
		{C2C46121-9CD9-4032-BC20-F03A748FD5DF}.Release|Any CPU.ActiveCfg = Release|Any CPU
		{C2C46121-9CD9-4032-BC20-F03A748FD5DF}.Release|Any CPU.Build.0 = Release|Any CPU
		{C2C46121-9CD9-4032-BC20-F03A748FD5DF}.Release|x64.ActiveCfg = Release|x64
		{C2C46121-9CD9-4032-BC20-F03A748FD5DF}.Release|x64.Build.0 = Release|x64
		{C2C46121-9CD9-4032-BC20-F03A748FD5DF}.Release|x86.ActiveCfg = Release|Any CPU
		{C2C46121-9CD9-4032-BC20-F03A748FD5DF}.Release|x86.Build.0 = Release|Any CPU
		{C2C46121-9CD9-4032-BC20-F03A748FD5DF}.Rsharp_app_release|Any CPU.ActiveCfg = Release|Any CPU
		{C2C46121-9CD9-4032-BC20-F03A748FD5DF}.Rsharp_app_release|Any CPU.Build.0 = Release|Any CPU
		{C2C46121-9CD9-4032-BC20-F03A748FD5DF}.Rsharp_app_release|x64.ActiveCfg = Release|x64
		{C2C46121-9CD9-4032-BC20-F03A748FD5DF}.Rsharp_app_release|x64.Build.0 = Release|x64
		{C2C46121-9CD9-4032-BC20-F03A748FD5DF}.Rsharp_app_release|x86.ActiveCfg = Release|Any CPU
		{C2C46121-9CD9-4032-BC20-F03A748FD5DF}.Rsharp_app_release|x86.Build.0 = Release|Any CPU
	EndGlobalSection
	GlobalSection(SolutionProperties) = preSolution
		HideSolutionNode = FALSE
	EndGlobalSection
	GlobalSection(NestedProjects) = preSolution
		{25F71C31-D380-4597-BC24-E3CA116851F0} = {3F20095C-52E2-4218-B96B-80AD0603A0CB}
		{D1C55037-53D5-4839-926D-9750A7D53E03} = {3F20095C-52E2-4218-B96B-80AD0603A0CB}
		{BC1053B4-629E-4935-BC2C-FC8FEBCEB456} = {3F20095C-52E2-4218-B96B-80AD0603A0CB}
		{D4E2DCE5-14F0-4E61-B210-489BDC9E314C} = {3F20095C-52E2-4218-B96B-80AD0603A0CB}
	EndGlobalSection
	GlobalSection(ExtensibilityGlobals) = postSolution
		SolutionGuid = {8153AD59-453A-4727-A56D-B269B2C2293C}
	EndGlobalSection
EndGlobal
