
Microsoft Visual Studio Solution File, Format Version 12.00
# Visual Studio Version 17
VisualStudioVersion = 17.2.32210.308
MinimumVisualStudioVersion = 10.0.40219.1
Project("{2150E333-8FDC-42A3-9474-1A3956D46DE8}") = "framework", "framework", "{F5CB029C-188A-410A-8F05-8A54D288DAA4}"
EndProject
Project("{778DAE3C-4631-46EA-AA77-85C1314464D9}") = "html_netcore5", "..\..\mime\text%html\html_netcore5.vbproj", "{6941DA43-B84D-4192-BDAB-D50C42726298}"
EndProject
Project("{778DAE3C-4631-46EA-AA77-85C1314464D9}") = "Core", "..\..\Microsoft.VisualBasic.Core\src\Core.vbproj", "{E8302D0D-9535-4290-B81B-DB0125712AE9}"
EndProject
Project("{778DAE3C-4631-46EA-AA77-85C1314464D9}") = "Math.NET5", "..\..\Data_science\Mathematica\Math\Math\Math.NET5.vbproj", "{F52A18CC-FD88-4FFE-868F-F0209CCE9E99}"
EndProject
Project("{778DAE3C-4631-46EA-AA77-85C1314464D9}") = "imaging.NET5", "imaging.NET5.vbproj", "{99F38E30-D12D-45A3-B7C2-C2EDA9F49EF0}"
EndProject
Project("{778DAE3C-4631-46EA-AA77-85C1314464D9}") = "Drawing-net4.8", "..\Drawing-net4.8\Drawing-net4.8.vbproj", "{4B2CE6BD-C605-48A0-B0D2-191248B44A87}"
EndProject
Global
	GlobalSection(SolutionConfigurationPlatforms) = preSolution
		Debug|Any CPU = Debug|Any CPU
		Debug|x64 = Debug|x64
		Debug|x86 = Debug|x86
		gcmodeller_desktop|Any CPU = gcmodeller_desktop|Any CPU
		gcmodeller_desktop|x64 = gcmodeller_desktop|x64
		gcmodeller_desktop|x86 = gcmodeller_desktop|x86
		LipidSearch|Any CPU = LipidSearch|Any CPU
		LipidSearch|x64 = LipidSearch|x64
		LipidSearch|x86 = LipidSearch|x86
		mzkit_win32|Any CPU = mzkit_win32|Any CPU
		mzkit_win32|x64 = mzkit_win32|x64
		mzkit_win32|x86 = mzkit_win32|x86
		mzkit|Any CPU = mzkit|Any CPU
		mzkit|x64 = mzkit|x64
		mzkit|x86 = mzkit|x86
		NPSearch|Any CPU = NPSearch|Any CPU
		NPSearch|x64 = NPSearch|x64
		NPSearch|x86 = NPSearch|x86
		PlantMAT|Any CPU = PlantMAT|Any CPU
		PlantMAT|x64 = PlantMAT|x64
		PlantMAT|x86 = PlantMAT|x86
		Release|Any CPU = Release|Any CPU
		Release|x64 = Release|x64
		Release|x86 = Release|x86
		Rsharp_app_release|Any CPU = Rsharp_app_release|Any CPU
		Rsharp_app_release|x64 = Rsharp_app_release|x64
		Rsharp_app_release|x86 = Rsharp_app_release|x86
	EndGlobalSection
	GlobalSection(ProjectConfigurationPlatforms) = postSolution
		{6941DA43-B84D-4192-BDAB-D50C42726298}.Debug|Any CPU.ActiveCfg = Debug|Any CPU
		{6941DA43-B84D-4192-BDAB-D50C42726298}.Debug|Any CPU.Build.0 = Debug|Any CPU
		{6941DA43-B84D-4192-BDAB-D50C42726298}.Debug|x64.ActiveCfg = Debug|x64
		{6941DA43-B84D-4192-BDAB-D50C42726298}.Debug|x64.Build.0 = Debug|x64
		{6941DA43-B84D-4192-BDAB-D50C42726298}.Debug|x86.ActiveCfg = Debug|Any CPU
		{6941DA43-B84D-4192-BDAB-D50C42726298}.Debug|x86.Build.0 = Debug|Any CPU
		{6941DA43-B84D-4192-BDAB-D50C42726298}.gcmodeller_desktop|Any CPU.ActiveCfg = gcmodeller_desktop|Any CPU
		{6941DA43-B84D-4192-BDAB-D50C42726298}.gcmodeller_desktop|Any CPU.Build.0 = gcmodeller_desktop|Any CPU
		{6941DA43-B84D-4192-BDAB-D50C42726298}.gcmodeller_desktop|x64.ActiveCfg = gcmodeller_desktop|x64
		{6941DA43-B84D-4192-BDAB-D50C42726298}.gcmodeller_desktop|x64.Build.0 = gcmodeller_desktop|x64
		{6941DA43-B84D-4192-BDAB-D50C42726298}.gcmodeller_desktop|x86.ActiveCfg = gcmodeller_desktop|Any CPU
		{6941DA43-B84D-4192-BDAB-D50C42726298}.gcmodeller_desktop|x86.Build.0 = gcmodeller_desktop|Any CPU
		{6941DA43-B84D-4192-BDAB-D50C42726298}.LipidSearch|Any CPU.ActiveCfg = LipidSearch|Any CPU
		{6941DA43-B84D-4192-BDAB-D50C42726298}.LipidSearch|Any CPU.Build.0 = LipidSearch|Any CPU
		{6941DA43-B84D-4192-BDAB-D50C42726298}.LipidSearch|x64.ActiveCfg = LipidSearch|x64
		{6941DA43-B84D-4192-BDAB-D50C42726298}.LipidSearch|x64.Build.0 = LipidSearch|x64
		{6941DA43-B84D-4192-BDAB-D50C42726298}.LipidSearch|x86.ActiveCfg = LipidSearch|Any CPU
		{6941DA43-B84D-4192-BDAB-D50C42726298}.LipidSearch|x86.Build.0 = LipidSearch|Any CPU
		{6941DA43-B84D-4192-BDAB-D50C42726298}.mzkit_win32|Any CPU.ActiveCfg = mzkit_win32|Any CPU
		{6941DA43-B84D-4192-BDAB-D50C42726298}.mzkit_win32|Any CPU.Build.0 = mzkit_win32|Any CPU
		{6941DA43-B84D-4192-BDAB-D50C42726298}.mzkit_win32|x64.ActiveCfg = mzkit_win32|x64
		{6941DA43-B84D-4192-BDAB-D50C42726298}.mzkit_win32|x64.Build.0 = mzkit_win32|x64
		{6941DA43-B84D-4192-BDAB-D50C42726298}.mzkit_win32|x86.ActiveCfg = mzkit_win32|Any CPU
		{6941DA43-B84D-4192-BDAB-D50C42726298}.mzkit_win32|x86.Build.0 = mzkit_win32|Any CPU
		{6941DA43-B84D-4192-BDAB-D50C42726298}.mzkit|Any CPU.ActiveCfg = mzkit|Any CPU
		{6941DA43-B84D-4192-BDAB-D50C42726298}.mzkit|Any CPU.Build.0 = mzkit|Any CPU
		{6941DA43-B84D-4192-BDAB-D50C42726298}.mzkit|x64.ActiveCfg = mzkit|x64
		{6941DA43-B84D-4192-BDAB-D50C42726298}.mzkit|x64.Build.0 = mzkit|x64
		{6941DA43-B84D-4192-BDAB-D50C42726298}.mzkit|x86.ActiveCfg = mzkit|Any CPU
		{6941DA43-B84D-4192-BDAB-D50C42726298}.mzkit|x86.Build.0 = mzkit|Any CPU
		{6941DA43-B84D-4192-BDAB-D50C42726298}.NPSearch|Any CPU.ActiveCfg = NPSearch|Any CPU
		{6941DA43-B84D-4192-BDAB-D50C42726298}.NPSearch|Any CPU.Build.0 = NPSearch|Any CPU
		{6941DA43-B84D-4192-BDAB-D50C42726298}.NPSearch|x64.ActiveCfg = NPSearch|x64
		{6941DA43-B84D-4192-BDAB-D50C42726298}.NPSearch|x64.Build.0 = NPSearch|x64
		{6941DA43-B84D-4192-BDAB-D50C42726298}.NPSearch|x86.ActiveCfg = NPSearch|Any CPU
		{6941DA43-B84D-4192-BDAB-D50C42726298}.NPSearch|x86.Build.0 = NPSearch|Any CPU
		{6941DA43-B84D-4192-BDAB-D50C42726298}.PlantMAT|Any CPU.ActiveCfg = Debug|Any CPU
		{6941DA43-B84D-4192-BDAB-D50C42726298}.PlantMAT|Any CPU.Build.0 = Debug|Any CPU
		{6941DA43-B84D-4192-BDAB-D50C42726298}.PlantMAT|x64.ActiveCfg = Debug|x64
		{6941DA43-B84D-4192-BDAB-D50C42726298}.PlantMAT|x64.Build.0 = Debug|x64
		{6941DA43-B84D-4192-BDAB-D50C42726298}.PlantMAT|x86.ActiveCfg = Debug|Any CPU
		{6941DA43-B84D-4192-BDAB-D50C42726298}.PlantMAT|x86.Build.0 = Debug|Any CPU
		{6941DA43-B84D-4192-BDAB-D50C42726298}.Release|Any CPU.ActiveCfg = Release|Any CPU
		{6941DA43-B84D-4192-BDAB-D50C42726298}.Release|Any CPU.Build.0 = Release|Any CPU
		{6941DA43-B84D-4192-BDAB-D50C42726298}.Release|x64.ActiveCfg = Release|x64
		{6941DA43-B84D-4192-BDAB-D50C42726298}.Release|x64.Build.0 = Release|x64
		{6941DA43-B84D-4192-BDAB-D50C42726298}.Release|x86.ActiveCfg = Release|Any CPU
		{6941DA43-B84D-4192-BDAB-D50C42726298}.Release|x86.Build.0 = Release|Any CPU
		{6941DA43-B84D-4192-BDAB-D50C42726298}.Rsharp_app_release|Any CPU.ActiveCfg = Rsharp_app_release|Any CPU
		{6941DA43-B84D-4192-BDAB-D50C42726298}.Rsharp_app_release|Any CPU.Build.0 = Rsharp_app_release|Any CPU
		{6941DA43-B84D-4192-BDAB-D50C42726298}.Rsharp_app_release|x64.ActiveCfg = Rsharp_app_release|x64
		{6941DA43-B84D-4192-BDAB-D50C42726298}.Rsharp_app_release|x64.Build.0 = Rsharp_app_release|x64
		{6941DA43-B84D-4192-BDAB-D50C42726298}.Rsharp_app_release|x86.ActiveCfg = Rsharp_app_release|Any CPU
		{6941DA43-B84D-4192-BDAB-D50C42726298}.Rsharp_app_release|x86.Build.0 = Rsharp_app_release|Any CPU
		{E8302D0D-9535-4290-B81B-DB0125712AE9}.Debug|Any CPU.ActiveCfg = Debug|Any CPU
		{E8302D0D-9535-4290-B81B-DB0125712AE9}.Debug|Any CPU.Build.0 = Debug|Any CPU
		{E8302D0D-9535-4290-B81B-DB0125712AE9}.Debug|x64.ActiveCfg = Debug|x64
		{E8302D0D-9535-4290-B81B-DB0125712AE9}.Debug|x64.Build.0 = Debug|x64
		{E8302D0D-9535-4290-B81B-DB0125712AE9}.Debug|x86.ActiveCfg = Debug|x86
		{E8302D0D-9535-4290-B81B-DB0125712AE9}.Debug|x86.Build.0 = Debug|x86
		{E8302D0D-9535-4290-B81B-DB0125712AE9}.gcmodeller_desktop|Any CPU.ActiveCfg = gcmodeller_desktop|Any CPU
		{E8302D0D-9535-4290-B81B-DB0125712AE9}.gcmodeller_desktop|Any CPU.Build.0 = gcmodeller_desktop|Any CPU
		{E8302D0D-9535-4290-B81B-DB0125712AE9}.gcmodeller_desktop|x64.ActiveCfg = gcmodeller_desktop|x64
		{E8302D0D-9535-4290-B81B-DB0125712AE9}.gcmodeller_desktop|x64.Build.0 = gcmodeller_desktop|x64
		{E8302D0D-9535-4290-B81B-DB0125712AE9}.gcmodeller_desktop|x86.ActiveCfg = gcmodeller_desktop|x86
		{E8302D0D-9535-4290-B81B-DB0125712AE9}.gcmodeller_desktop|x86.Build.0 = gcmodeller_desktop|x86
		{E8302D0D-9535-4290-B81B-DB0125712AE9}.LipidSearch|Any CPU.ActiveCfg = LipidSearch|Any CPU
		{E8302D0D-9535-4290-B81B-DB0125712AE9}.LipidSearch|Any CPU.Build.0 = LipidSearch|Any CPU
		{E8302D0D-9535-4290-B81B-DB0125712AE9}.LipidSearch|x64.ActiveCfg = LipidSearch|x64
		{E8302D0D-9535-4290-B81B-DB0125712AE9}.LipidSearch|x64.Build.0 = LipidSearch|x64
		{E8302D0D-9535-4290-B81B-DB0125712AE9}.LipidSearch|x86.ActiveCfg = LipidSearch|x86
		{E8302D0D-9535-4290-B81B-DB0125712AE9}.LipidSearch|x86.Build.0 = LipidSearch|x86
		{E8302D0D-9535-4290-B81B-DB0125712AE9}.mzkit_win32|Any CPU.ActiveCfg = mzkit_win32|Any CPU
		{E8302D0D-9535-4290-B81B-DB0125712AE9}.mzkit_win32|Any CPU.Build.0 = mzkit_win32|Any CPU
		{E8302D0D-9535-4290-B81B-DB0125712AE9}.mzkit_win32|x64.ActiveCfg = mzkit_win32|x64
		{E8302D0D-9535-4290-B81B-DB0125712AE9}.mzkit_win32|x64.Build.0 = mzkit_win32|x64
		{E8302D0D-9535-4290-B81B-DB0125712AE9}.mzkit_win32|x86.ActiveCfg = mzkit_win32|x86
		{E8302D0D-9535-4290-B81B-DB0125712AE9}.mzkit_win32|x86.Build.0 = mzkit_win32|x86
		{E8302D0D-9535-4290-B81B-DB0125712AE9}.mzkit|Any CPU.ActiveCfg = mzkit|Any CPU
		{E8302D0D-9535-4290-B81B-DB0125712AE9}.mzkit|Any CPU.Build.0 = mzkit|Any CPU
		{E8302D0D-9535-4290-B81B-DB0125712AE9}.mzkit|x64.ActiveCfg = mzkit|x64
		{E8302D0D-9535-4290-B81B-DB0125712AE9}.mzkit|x64.Build.0 = mzkit|x64
		{E8302D0D-9535-4290-B81B-DB0125712AE9}.mzkit|x86.ActiveCfg = mzkit|x86
		{E8302D0D-9535-4290-B81B-DB0125712AE9}.mzkit|x86.Build.0 = mzkit|x86
		{E8302D0D-9535-4290-B81B-DB0125712AE9}.NPSearch|Any CPU.ActiveCfg = NPSearch|Any CPU
		{E8302D0D-9535-4290-B81B-DB0125712AE9}.NPSearch|Any CPU.Build.0 = NPSearch|Any CPU
		{E8302D0D-9535-4290-B81B-DB0125712AE9}.NPSearch|x64.ActiveCfg = NPSearch|x64
		{E8302D0D-9535-4290-B81B-DB0125712AE9}.NPSearch|x64.Build.0 = NPSearch|x64
		{E8302D0D-9535-4290-B81B-DB0125712AE9}.NPSearch|x86.ActiveCfg = NPSearch|x86
		{E8302D0D-9535-4290-B81B-DB0125712AE9}.NPSearch|x86.Build.0 = NPSearch|x86
		{E8302D0D-9535-4290-B81B-DB0125712AE9}.PlantMAT|Any CPU.ActiveCfg = PlantMAT|Any CPU
		{E8302D0D-9535-4290-B81B-DB0125712AE9}.PlantMAT|Any CPU.Build.0 = PlantMAT|Any CPU
		{E8302D0D-9535-4290-B81B-DB0125712AE9}.PlantMAT|x64.ActiveCfg = PlantMAT|x64
		{E8302D0D-9535-4290-B81B-DB0125712AE9}.PlantMAT|x64.Build.0 = PlantMAT|x64
		{E8302D0D-9535-4290-B81B-DB0125712AE9}.PlantMAT|x86.ActiveCfg = PlantMAT|x86
		{E8302D0D-9535-4290-B81B-DB0125712AE9}.PlantMAT|x86.Build.0 = PlantMAT|x86
		{E8302D0D-9535-4290-B81B-DB0125712AE9}.Release|Any CPU.ActiveCfg = Release|Any CPU
		{E8302D0D-9535-4290-B81B-DB0125712AE9}.Release|Any CPU.Build.0 = Release|Any CPU
		{E8302D0D-9535-4290-B81B-DB0125712AE9}.Release|x64.ActiveCfg = Release|x64
		{E8302D0D-9535-4290-B81B-DB0125712AE9}.Release|x64.Build.0 = Release|x64
		{E8302D0D-9535-4290-B81B-DB0125712AE9}.Release|x86.ActiveCfg = Release|x86
		{E8302D0D-9535-4290-B81B-DB0125712AE9}.Release|x86.Build.0 = Release|x86
		{E8302D0D-9535-4290-B81B-DB0125712AE9}.Rsharp_app_release|Any CPU.ActiveCfg = Rsharp_app_release|Any CPU
		{E8302D0D-9535-4290-B81B-DB0125712AE9}.Rsharp_app_release|Any CPU.Build.0 = Rsharp_app_release|Any CPU
		{E8302D0D-9535-4290-B81B-DB0125712AE9}.Rsharp_app_release|x64.ActiveCfg = Rsharp_app_release|x64
		{E8302D0D-9535-4290-B81B-DB0125712AE9}.Rsharp_app_release|x64.Build.0 = Rsharp_app_release|x64
		{E8302D0D-9535-4290-B81B-DB0125712AE9}.Rsharp_app_release|x86.ActiveCfg = Rsharp_app_release|x86
		{E8302D0D-9535-4290-B81B-DB0125712AE9}.Rsharp_app_release|x86.Build.0 = Rsharp_app_release|x86
		{F52A18CC-FD88-4FFE-868F-F0209CCE9E99}.Debug|Any CPU.ActiveCfg = Debug|Any CPU
		{F52A18CC-FD88-4FFE-868F-F0209CCE9E99}.Debug|Any CPU.Build.0 = Debug|Any CPU
		{F52A18CC-FD88-4FFE-868F-F0209CCE9E99}.Debug|x64.ActiveCfg = Debug|x64
		{F52A18CC-FD88-4FFE-868F-F0209CCE9E99}.Debug|x64.Build.0 = Debug|x64
		{F52A18CC-FD88-4FFE-868F-F0209CCE9E99}.Debug|x86.ActiveCfg = Debug|Any CPU
		{F52A18CC-FD88-4FFE-868F-F0209CCE9E99}.Debug|x86.Build.0 = Debug|Any CPU
		{F52A18CC-FD88-4FFE-868F-F0209CCE9E99}.gcmodeller_desktop|Any CPU.ActiveCfg = gcmodeller_desktop|Any CPU
		{F52A18CC-FD88-4FFE-868F-F0209CCE9E99}.gcmodeller_desktop|Any CPU.Build.0 = gcmodeller_desktop|Any CPU
		{F52A18CC-FD88-4FFE-868F-F0209CCE9E99}.gcmodeller_desktop|x64.ActiveCfg = gcmodeller_desktop|x64
		{F52A18CC-FD88-4FFE-868F-F0209CCE9E99}.gcmodeller_desktop|x64.Build.0 = gcmodeller_desktop|x64
		{F52A18CC-FD88-4FFE-868F-F0209CCE9E99}.gcmodeller_desktop|x86.ActiveCfg = gcmodeller_desktop|Any CPU
		{F52A18CC-FD88-4FFE-868F-F0209CCE9E99}.gcmodeller_desktop|x86.Build.0 = gcmodeller_desktop|Any CPU
		{F52A18CC-FD88-4FFE-868F-F0209CCE9E99}.LipidSearch|Any CPU.ActiveCfg = LipidSearch|Any CPU
		{F52A18CC-FD88-4FFE-868F-F0209CCE9E99}.LipidSearch|Any CPU.Build.0 = LipidSearch|Any CPU
		{F52A18CC-FD88-4FFE-868F-F0209CCE9E99}.LipidSearch|x64.ActiveCfg = LipidSearch|x64
		{F52A18CC-FD88-4FFE-868F-F0209CCE9E99}.LipidSearch|x64.Build.0 = LipidSearch|x64
		{F52A18CC-FD88-4FFE-868F-F0209CCE9E99}.LipidSearch|x86.ActiveCfg = LipidSearch|Any CPU
		{F52A18CC-FD88-4FFE-868F-F0209CCE9E99}.LipidSearch|x86.Build.0 = LipidSearch|Any CPU
		{F52A18CC-FD88-4FFE-868F-F0209CCE9E99}.mzkit_win32|Any CPU.ActiveCfg = mzkit_win32|Any CPU
		{F52A18CC-FD88-4FFE-868F-F0209CCE9E99}.mzkit_win32|Any CPU.Build.0 = mzkit_win32|Any CPU
		{F52A18CC-FD88-4FFE-868F-F0209CCE9E99}.mzkit_win32|x64.ActiveCfg = mzkit_win32|x64
		{F52A18CC-FD88-4FFE-868F-F0209CCE9E99}.mzkit_win32|x64.Build.0 = mzkit_win32|x64
		{F52A18CC-FD88-4FFE-868F-F0209CCE9E99}.mzkit_win32|x86.ActiveCfg = mzkit_win32|Any CPU
		{F52A18CC-FD88-4FFE-868F-F0209CCE9E99}.mzkit_win32|x86.Build.0 = mzkit_win32|Any CPU
		{F52A18CC-FD88-4FFE-868F-F0209CCE9E99}.mzkit|Any CPU.ActiveCfg = mzkit|Any CPU
		{F52A18CC-FD88-4FFE-868F-F0209CCE9E99}.mzkit|Any CPU.Build.0 = mzkit|Any CPU
		{F52A18CC-FD88-4FFE-868F-F0209CCE9E99}.mzkit|x64.ActiveCfg = mzkit|x64
		{F52A18CC-FD88-4FFE-868F-F0209CCE9E99}.mzkit|x64.Build.0 = mzkit|x64
		{F52A18CC-FD88-4FFE-868F-F0209CCE9E99}.mzkit|x86.ActiveCfg = mzkit|Any CPU
		{F52A18CC-FD88-4FFE-868F-F0209CCE9E99}.mzkit|x86.Build.0 = mzkit|Any CPU
		{F52A18CC-FD88-4FFE-868F-F0209CCE9E99}.NPSearch|Any CPU.ActiveCfg = NPSearch|Any CPU
		{F52A18CC-FD88-4FFE-868F-F0209CCE9E99}.NPSearch|Any CPU.Build.0 = NPSearch|Any CPU
		{F52A18CC-FD88-4FFE-868F-F0209CCE9E99}.NPSearch|x64.ActiveCfg = NPSearch|x64
		{F52A18CC-FD88-4FFE-868F-F0209CCE9E99}.NPSearch|x64.Build.0 = NPSearch|x64
		{F52A18CC-FD88-4FFE-868F-F0209CCE9E99}.NPSearch|x86.ActiveCfg = NPSearch|Any CPU
		{F52A18CC-FD88-4FFE-868F-F0209CCE9E99}.NPSearch|x86.Build.0 = NPSearch|Any CPU
		{F52A18CC-FD88-4FFE-868F-F0209CCE9E99}.PlantMAT|Any CPU.ActiveCfg = PlantMAT|Any CPU
		{F52A18CC-FD88-4FFE-868F-F0209CCE9E99}.PlantMAT|Any CPU.Build.0 = PlantMAT|Any CPU
		{F52A18CC-FD88-4FFE-868F-F0209CCE9E99}.PlantMAT|x64.ActiveCfg = PlantMAT|x64
		{F52A18CC-FD88-4FFE-868F-F0209CCE9E99}.PlantMAT|x64.Build.0 = PlantMAT|x64
		{F52A18CC-FD88-4FFE-868F-F0209CCE9E99}.PlantMAT|x86.ActiveCfg = PlantMAT|Any CPU
		{F52A18CC-FD88-4FFE-868F-F0209CCE9E99}.PlantMAT|x86.Build.0 = PlantMAT|Any CPU
		{F52A18CC-FD88-4FFE-868F-F0209CCE9E99}.Release|Any CPU.ActiveCfg = Release|Any CPU
		{F52A18CC-FD88-4FFE-868F-F0209CCE9E99}.Release|Any CPU.Build.0 = Release|Any CPU
		{F52A18CC-FD88-4FFE-868F-F0209CCE9E99}.Release|x64.ActiveCfg = Release|x64
		{F52A18CC-FD88-4FFE-868F-F0209CCE9E99}.Release|x64.Build.0 = Release|x64
		{F52A18CC-FD88-4FFE-868F-F0209CCE9E99}.Release|x86.ActiveCfg = Release|Any CPU
		{F52A18CC-FD88-4FFE-868F-F0209CCE9E99}.Release|x86.Build.0 = Release|Any CPU
		{F52A18CC-FD88-4FFE-868F-F0209CCE9E99}.Rsharp_app_release|Any CPU.ActiveCfg = Rsharp_app_release|Any CPU
		{F52A18CC-FD88-4FFE-868F-F0209CCE9E99}.Rsharp_app_release|Any CPU.Build.0 = Rsharp_app_release|Any CPU
		{F52A18CC-FD88-4FFE-868F-F0209CCE9E99}.Rsharp_app_release|x64.ActiveCfg = Rsharp_app_release|x64
		{F52A18CC-FD88-4FFE-868F-F0209CCE9E99}.Rsharp_app_release|x64.Build.0 = Rsharp_app_release|x64
		{F52A18CC-FD88-4FFE-868F-F0209CCE9E99}.Rsharp_app_release|x86.ActiveCfg = Rsharp_app_release|Any CPU
		{F52A18CC-FD88-4FFE-868F-F0209CCE9E99}.Rsharp_app_release|x86.Build.0 = Rsharp_app_release|Any CPU
		{99F38E30-D12D-45A3-B7C2-C2EDA9F49EF0}.Debug|Any CPU.ActiveCfg = Debug|Any CPU
		{99F38E30-D12D-45A3-B7C2-C2EDA9F49EF0}.Debug|Any CPU.Build.0 = Debug|Any CPU
		{99F38E30-D12D-45A3-B7C2-C2EDA9F49EF0}.Debug|x64.ActiveCfg = Debug|x64
		{99F38E30-D12D-45A3-B7C2-C2EDA9F49EF0}.Debug|x64.Build.0 = Debug|x64
		{99F38E30-D12D-45A3-B7C2-C2EDA9F49EF0}.Debug|x86.ActiveCfg = Debug|Any CPU
		{99F38E30-D12D-45A3-B7C2-C2EDA9F49EF0}.Debug|x86.Build.0 = Debug|Any CPU
		{99F38E30-D12D-45A3-B7C2-C2EDA9F49EF0}.gcmodeller_desktop|Any CPU.ActiveCfg = gcmodeller_desktop|Any CPU
		{99F38E30-D12D-45A3-B7C2-C2EDA9F49EF0}.gcmodeller_desktop|Any CPU.Build.0 = gcmodeller_desktop|Any CPU
		{99F38E30-D12D-45A3-B7C2-C2EDA9F49EF0}.gcmodeller_desktop|x64.ActiveCfg = gcmodeller_desktop|x64
		{99F38E30-D12D-45A3-B7C2-C2EDA9F49EF0}.gcmodeller_desktop|x64.Build.0 = gcmodeller_desktop|x64
		{99F38E30-D12D-45A3-B7C2-C2EDA9F49EF0}.gcmodeller_desktop|x86.ActiveCfg = gcmodeller_desktop|Any CPU
		{99F38E30-D12D-45A3-B7C2-C2EDA9F49EF0}.gcmodeller_desktop|x86.Build.0 = gcmodeller_desktop|Any CPU
		{99F38E30-D12D-45A3-B7C2-C2EDA9F49EF0}.LipidSearch|Any CPU.ActiveCfg = LipidSearch|Any CPU
		{99F38E30-D12D-45A3-B7C2-C2EDA9F49EF0}.LipidSearch|Any CPU.Build.0 = LipidSearch|Any CPU
		{99F38E30-D12D-45A3-B7C2-C2EDA9F49EF0}.LipidSearch|x64.ActiveCfg = LipidSearch|x64
		{99F38E30-D12D-45A3-B7C2-C2EDA9F49EF0}.LipidSearch|x64.Build.0 = LipidSearch|x64
		{99F38E30-D12D-45A3-B7C2-C2EDA9F49EF0}.LipidSearch|x86.ActiveCfg = LipidSearch|Any CPU
		{99F38E30-D12D-45A3-B7C2-C2EDA9F49EF0}.LipidSearch|x86.Build.0 = LipidSearch|Any CPU
		{99F38E30-D12D-45A3-B7C2-C2EDA9F49EF0}.mzkit_win32|Any CPU.ActiveCfg = mzkit_win32|Any CPU
		{99F38E30-D12D-45A3-B7C2-C2EDA9F49EF0}.mzkit_win32|Any CPU.Build.0 = mzkit_win32|Any CPU
		{99F38E30-D12D-45A3-B7C2-C2EDA9F49EF0}.mzkit_win32|x64.ActiveCfg = mzkit_win32|x64
		{99F38E30-D12D-45A3-B7C2-C2EDA9F49EF0}.mzkit_win32|x64.Build.0 = mzkit_win32|x64
		{99F38E30-D12D-45A3-B7C2-C2EDA9F49EF0}.mzkit_win32|x86.ActiveCfg = mzkit_win32|Any CPU
		{99F38E30-D12D-45A3-B7C2-C2EDA9F49EF0}.mzkit_win32|x86.Build.0 = mzkit_win32|Any CPU
		{99F38E30-D12D-45A3-B7C2-C2EDA9F49EF0}.mzkit|Any CPU.ActiveCfg = mzkit|Any CPU
		{99F38E30-D12D-45A3-B7C2-C2EDA9F49EF0}.mzkit|Any CPU.Build.0 = mzkit|Any CPU
		{99F38E30-D12D-45A3-B7C2-C2EDA9F49EF0}.mzkit|x64.ActiveCfg = mzkit|x64
		{99F38E30-D12D-45A3-B7C2-C2EDA9F49EF0}.mzkit|x64.Build.0 = mzkit|x64
		{99F38E30-D12D-45A3-B7C2-C2EDA9F49EF0}.mzkit|x86.ActiveCfg = mzkit|Any CPU
		{99F38E30-D12D-45A3-B7C2-C2EDA9F49EF0}.mzkit|x86.Build.0 = mzkit|Any CPU
		{99F38E30-D12D-45A3-B7C2-C2EDA9F49EF0}.NPSearch|Any CPU.ActiveCfg = NPSearch|Any CPU
		{99F38E30-D12D-45A3-B7C2-C2EDA9F49EF0}.NPSearch|Any CPU.Build.0 = NPSearch|Any CPU
		{99F38E30-D12D-45A3-B7C2-C2EDA9F49EF0}.NPSearch|x64.ActiveCfg = NPSearch|x64
		{99F38E30-D12D-45A3-B7C2-C2EDA9F49EF0}.NPSearch|x64.Build.0 = NPSearch|x64
		{99F38E30-D12D-45A3-B7C2-C2EDA9F49EF0}.NPSearch|x86.ActiveCfg = NPSearch|Any CPU
		{99F38E30-D12D-45A3-B7C2-C2EDA9F49EF0}.NPSearch|x86.Build.0 = NPSearch|Any CPU
		{99F38E30-D12D-45A3-B7C2-C2EDA9F49EF0}.PlantMAT|Any CPU.ActiveCfg = Debug|Any CPU
		{99F38E30-D12D-45A3-B7C2-C2EDA9F49EF0}.PlantMAT|Any CPU.Build.0 = Debug|Any CPU
		{99F38E30-D12D-45A3-B7C2-C2EDA9F49EF0}.PlantMAT|x64.ActiveCfg = Debug|x64
		{99F38E30-D12D-45A3-B7C2-C2EDA9F49EF0}.PlantMAT|x64.Build.0 = Debug|x64
		{99F38E30-D12D-45A3-B7C2-C2EDA9F49EF0}.PlantMAT|x86.ActiveCfg = Debug|Any CPU
		{99F38E30-D12D-45A3-B7C2-C2EDA9F49EF0}.PlantMAT|x86.Build.0 = Debug|Any CPU
		{99F38E30-D12D-45A3-B7C2-C2EDA9F49EF0}.Release|Any CPU.ActiveCfg = Release|Any CPU
		{99F38E30-D12D-45A3-B7C2-C2EDA9F49EF0}.Release|Any CPU.Build.0 = Release|Any CPU
		{99F38E30-D12D-45A3-B7C2-C2EDA9F49EF0}.Release|x64.ActiveCfg = Release|x64
		{99F38E30-D12D-45A3-B7C2-C2EDA9F49EF0}.Release|x64.Build.0 = Release|x64
		{99F38E30-D12D-45A3-B7C2-C2EDA9F49EF0}.Release|x86.ActiveCfg = Release|Any CPU
		{99F38E30-D12D-45A3-B7C2-C2EDA9F49EF0}.Release|x86.Build.0 = Release|Any CPU
		{99F38E30-D12D-45A3-B7C2-C2EDA9F49EF0}.Rsharp_app_release|Any CPU.ActiveCfg = Rsharp_app_release|Any CPU
		{99F38E30-D12D-45A3-B7C2-C2EDA9F49EF0}.Rsharp_app_release|Any CPU.Build.0 = Rsharp_app_release|Any CPU
		{99F38E30-D12D-45A3-B7C2-C2EDA9F49EF0}.Rsharp_app_release|x64.ActiveCfg = Rsharp_app_release|x64
		{99F38E30-D12D-45A3-B7C2-C2EDA9F49EF0}.Rsharp_app_release|x64.Build.0 = Rsharp_app_release|x64
		{99F38E30-D12D-45A3-B7C2-C2EDA9F49EF0}.Rsharp_app_release|x86.ActiveCfg = Rsharp_app_release|Any CPU
		{99F38E30-D12D-45A3-B7C2-C2EDA9F49EF0}.Rsharp_app_release|x86.Build.0 = Rsharp_app_release|Any CPU
		{4B2CE6BD-C605-48A0-B0D2-191248B44A87}.Debug|Any CPU.ActiveCfg = Debug|Any CPU
		{4B2CE6BD-C605-48A0-B0D2-191248B44A87}.Debug|Any CPU.Build.0 = Debug|Any CPU
		{4B2CE6BD-C605-48A0-B0D2-191248B44A87}.Debug|x64.ActiveCfg = Debug|x64
		{4B2CE6BD-C605-48A0-B0D2-191248B44A87}.Debug|x64.Build.0 = Debug|x64
		{4B2CE6BD-C605-48A0-B0D2-191248B44A87}.Debug|x86.ActiveCfg = Debug|Any CPU
		{4B2CE6BD-C605-48A0-B0D2-191248B44A87}.Debug|x86.Build.0 = Debug|Any CPU
		{4B2CE6BD-C605-48A0-B0D2-191248B44A87}.gcmodeller_desktop|Any CPU.ActiveCfg = Debug|Any CPU
		{4B2CE6BD-C605-48A0-B0D2-191248B44A87}.gcmodeller_desktop|Any CPU.Build.0 = Debug|Any CPU
		{4B2CE6BD-C605-48A0-B0D2-191248B44A87}.gcmodeller_desktop|x64.ActiveCfg = Debug|x64
		{4B2CE6BD-C605-48A0-B0D2-191248B44A87}.gcmodeller_desktop|x64.Build.0 = Debug|x64
		{4B2CE6BD-C605-48A0-B0D2-191248B44A87}.gcmodeller_desktop|x86.ActiveCfg = Debug|Any CPU
		{4B2CE6BD-C605-48A0-B0D2-191248B44A87}.gcmodeller_desktop|x86.Build.0 = Debug|Any CPU
		{4B2CE6BD-C605-48A0-B0D2-191248B44A87}.LipidSearch|Any CPU.ActiveCfg = Debug|Any CPU
		{4B2CE6BD-C605-48A0-B0D2-191248B44A87}.LipidSearch|Any CPU.Build.0 = Debug|Any CPU
		{4B2CE6BD-C605-48A0-B0D2-191248B44A87}.LipidSearch|x64.ActiveCfg = Debug|x64
		{4B2CE6BD-C605-48A0-B0D2-191248B44A87}.LipidSearch|x64.Build.0 = Debug|x64
		{4B2CE6BD-C605-48A0-B0D2-191248B44A87}.LipidSearch|x86.ActiveCfg = Debug|Any CPU
		{4B2CE6BD-C605-48A0-B0D2-191248B44A87}.LipidSearch|x86.Build.0 = Debug|Any CPU
		{4B2CE6BD-C605-48A0-B0D2-191248B44A87}.mzkit_win32|Any CPU.ActiveCfg = Debug|Any CPU
		{4B2CE6BD-C605-48A0-B0D2-191248B44A87}.mzkit_win32|Any CPU.Build.0 = Debug|Any CPU
		{4B2CE6BD-C605-48A0-B0D2-191248B44A87}.mzkit_win32|x64.ActiveCfg = Debug|x64
		{4B2CE6BD-C605-48A0-B0D2-191248B44A87}.mzkit_win32|x64.Build.0 = Debug|x64
		{4B2CE6BD-C605-48A0-B0D2-191248B44A87}.mzkit_win32|x86.ActiveCfg = Debug|Any CPU
		{4B2CE6BD-C605-48A0-B0D2-191248B44A87}.mzkit_win32|x86.Build.0 = Debug|Any CPU
		{4B2CE6BD-C605-48A0-B0D2-191248B44A87}.mzkit|Any CPU.ActiveCfg = Debug|Any CPU
		{4B2CE6BD-C605-48A0-B0D2-191248B44A87}.mzkit|Any CPU.Build.0 = Debug|Any CPU
		{4B2CE6BD-C605-48A0-B0D2-191248B44A87}.mzkit|x64.ActiveCfg = Debug|x64
		{4B2CE6BD-C605-48A0-B0D2-191248B44A87}.mzkit|x64.Build.0 = Debug|x64
		{4B2CE6BD-C605-48A0-B0D2-191248B44A87}.mzkit|x86.ActiveCfg = Debug|Any CPU
		{4B2CE6BD-C605-48A0-B0D2-191248B44A87}.mzkit|x86.Build.0 = Debug|Any CPU
		{4B2CE6BD-C605-48A0-B0D2-191248B44A87}.NPSearch|Any CPU.ActiveCfg = Debug|Any CPU
		{4B2CE6BD-C605-48A0-B0D2-191248B44A87}.NPSearch|Any CPU.Build.0 = Debug|Any CPU
		{4B2CE6BD-C605-48A0-B0D2-191248B44A87}.NPSearch|x64.ActiveCfg = Debug|x64
		{4B2CE6BD-C605-48A0-B0D2-191248B44A87}.NPSearch|x64.Build.0 = Debug|x64
		{4B2CE6BD-C605-48A0-B0D2-191248B44A87}.NPSearch|x86.ActiveCfg = Debug|Any CPU
		{4B2CE6BD-C605-48A0-B0D2-191248B44A87}.NPSearch|x86.Build.0 = Debug|Any CPU
		{4B2CE6BD-C605-48A0-B0D2-191248B44A87}.PlantMAT|Any CPU.ActiveCfg = Debug|Any CPU
		{4B2CE6BD-C605-48A0-B0D2-191248B44A87}.PlantMAT|Any CPU.Build.0 = Debug|Any CPU
		{4B2CE6BD-C605-48A0-B0D2-191248B44A87}.PlantMAT|x64.ActiveCfg = Debug|x64
		{4B2CE6BD-C605-48A0-B0D2-191248B44A87}.PlantMAT|x64.Build.0 = Debug|x64
		{4B2CE6BD-C605-48A0-B0D2-191248B44A87}.PlantMAT|x86.ActiveCfg = Debug|Any CPU
		{4B2CE6BD-C605-48A0-B0D2-191248B44A87}.PlantMAT|x86.Build.0 = Debug|Any CPU
		{4B2CE6BD-C605-48A0-B0D2-191248B44A87}.Release|Any CPU.ActiveCfg = Release|Any CPU
		{4B2CE6BD-C605-48A0-B0D2-191248B44A87}.Release|Any CPU.Build.0 = Release|Any CPU
		{4B2CE6BD-C605-48A0-B0D2-191248B44A87}.Release|x64.ActiveCfg = Release|x64
		{4B2CE6BD-C605-48A0-B0D2-191248B44A87}.Release|x64.Build.0 = Release|x64
		{4B2CE6BD-C605-48A0-B0D2-191248B44A87}.Release|x86.ActiveCfg = Release|Any CPU
		{4B2CE6BD-C605-48A0-B0D2-191248B44A87}.Release|x86.Build.0 = Release|Any CPU
		{4B2CE6BD-C605-48A0-B0D2-191248B44A87}.Rsharp_app_release|Any CPU.ActiveCfg = Release|Any CPU
		{4B2CE6BD-C605-48A0-B0D2-191248B44A87}.Rsharp_app_release|Any CPU.Build.0 = Release|Any CPU
		{4B2CE6BD-C605-48A0-B0D2-191248B44A87}.Rsharp_app_release|x64.ActiveCfg = Release|x64
		{4B2CE6BD-C605-48A0-B0D2-191248B44A87}.Rsharp_app_release|x64.Build.0 = Release|x64
		{4B2CE6BD-C605-48A0-B0D2-191248B44A87}.Rsharp_app_release|x86.ActiveCfg = Release|Any CPU
		{4B2CE6BD-C605-48A0-B0D2-191248B44A87}.Rsharp_app_release|x86.Build.0 = Release|Any CPU
	EndGlobalSection
	GlobalSection(SolutionProperties) = preSolution
		HideSolutionNode = FALSE
	EndGlobalSection
	GlobalSection(NestedProjects) = preSolution
		{6941DA43-B84D-4192-BDAB-D50C42726298} = {F5CB029C-188A-410A-8F05-8A54D288DAA4}
		{E8302D0D-9535-4290-B81B-DB0125712AE9} = {F5CB029C-188A-410A-8F05-8A54D288DAA4}
		{F52A18CC-FD88-4FFE-868F-F0209CCE9E99} = {F5CB029C-188A-410A-8F05-8A54D288DAA4}
		{4B2CE6BD-C605-48A0-B0D2-191248B44A87} = {F5CB029C-188A-410A-8F05-8A54D288DAA4}
	EndGlobalSection
	GlobalSection(ExtensibilityGlobals) = postSolution
		SolutionGuid = {F927EE54-6237-4157-9691-8A8E752FE250}
	EndGlobalSection
EndGlobal
