
Microsoft Visual Studio Solution File, Format Version 12.00
# Visual Studio Version 17
VisualStudioVersion = 17.14.36414.22 d17.14
MinimumVisualStudioVersion = 10.0.40219.1
Project("{F184B08F-C81C-45F6-A57F-5ABD9991F28F}") = "datastorage-netcore5", "DataStorage\datastorage-netcore5.vbproj", "{581ED230-3020-6363-ED96-8EEBD8E8AD58}"
EndProject
Project("{2150E333-8FDC-42A3-9474-1A3956D46DE8}") = "framework", "framework", "{02EA681E-C7D8-13C7-8484-4AC65E1B71E8}"
EndProject
Project("{F184B08F-C81C-45F6-A57F-5ABD9991F28F}") = "Core", "..\..\Microsoft.VisualBasic.Core\src\Core.vbproj", "{7C7D0129-8931-FDFF-7C5A-C8A634B419A7}"
EndProject
Project("{F184B08F-C81C-45F6-A57F-5ABD9991F28F}") = "Math.NET5", "..\..\Data_science\Mathematica\Math\Math\Math.NET5.vbproj", "{1AB58239-13F7-B08F-F097-4C5F0D4C3764}"
EndProject
Project("{F184B08F-C81C-45F6-A57F-5ABD9991F28F}") = "dataframework-netcore5", "..\DataFrame\dataframework-netcore5.vbproj", "{BED849DD-D5F1-07F8-DF66-63EFC8A68B3F}"
EndProject
Project("{F184B08F-C81C-45F6-A57F-5ABD9991F28F}") = "binarydata-netcore5", "BinaryData\binarydata-netcore5.vbproj", "{223979FE-8188-81EC-9E00-52DF2BBC87A8}"
EndProject
Project("{F184B08F-C81C-45F6-A57F-5ABD9991F28F}") = "FeatherFormat", "Feather\FeatherFormat.vbproj", "{BB371FBA-F3E4-2D5A-BA5C-D22441BD8BB5}"
EndProject
Global
	GlobalSection(SolutionConfigurationPlatforms) = preSolution
		Debug|Any CPU = Debug|Any CPU
		Debug|x64 = Debug|x64
		gcmodeller_desktop|Any CPU = gcmodeller_desktop|Any CPU
		gcmodeller_desktop|x64 = gcmodeller_desktop|x64
		mzkit_win32|Any CPU = mzkit_win32|Any CPU
		mzkit_win32|x64 = mzkit_win32|x64
		mzkit|Any CPU = mzkit|Any CPU
		mzkit|x64 = mzkit|x64
		nuget_release|Any CPU = nuget_release|Any CPU
		nuget_release|x64 = nuget_release|x64
		Release|Any CPU = Release|Any CPU
		Release|x64 = Release|x64
		Rsharp_app_release|Any CPU = Rsharp_app_release|Any CPU
		Rsharp_app_release|x64 = Rsharp_app_release|x64
	EndGlobalSection
	GlobalSection(ProjectConfigurationPlatforms) = postSolution
		{581ED230-3020-6363-ED96-8EEBD8E8AD58}.Debug|Any CPU.ActiveCfg = Debug|Any CPU
		{581ED230-3020-6363-ED96-8EEBD8E8AD58}.Debug|Any CPU.Build.0 = Debug|Any CPU
		{581ED230-3020-6363-ED96-8EEBD8E8AD58}.Debug|x64.ActiveCfg = Debug|x64
		{581ED230-3020-6363-ED96-8EEBD8E8AD58}.Debug|x64.Build.0 = Debug|x64
		{581ED230-3020-6363-ED96-8EEBD8E8AD58}.gcmodeller_desktop|Any CPU.ActiveCfg = gcmodeller_desktop|Any CPU
		{581ED230-3020-6363-ED96-8EEBD8E8AD58}.gcmodeller_desktop|Any CPU.Build.0 = gcmodeller_desktop|Any CPU
		{581ED230-3020-6363-ED96-8EEBD8E8AD58}.gcmodeller_desktop|x64.ActiveCfg = gcmodeller_desktop|x64
		{581ED230-3020-6363-ED96-8EEBD8E8AD58}.gcmodeller_desktop|x64.Build.0 = gcmodeller_desktop|x64
		{581ED230-3020-6363-ED96-8EEBD8E8AD58}.mzkit_win32|Any CPU.ActiveCfg = mzkit_win32|Any CPU
		{581ED230-3020-6363-ED96-8EEBD8E8AD58}.mzkit_win32|Any CPU.Build.0 = mzkit_win32|Any CPU
		{581ED230-3020-6363-ED96-8EEBD8E8AD58}.mzkit_win32|x64.ActiveCfg = mzkit_win32|x64
		{581ED230-3020-6363-ED96-8EEBD8E8AD58}.mzkit_win32|x64.Build.0 = mzkit_win32|x64
		{581ED230-3020-6363-ED96-8EEBD8E8AD58}.mzkit|Any CPU.ActiveCfg = mzkit|Any CPU
		{581ED230-3020-6363-ED96-8EEBD8E8AD58}.mzkit|Any CPU.Build.0 = mzkit|Any CPU
		{581ED230-3020-6363-ED96-8EEBD8E8AD58}.mzkit|x64.ActiveCfg = mzkit|x64
		{581ED230-3020-6363-ED96-8EEBD8E8AD58}.mzkit|x64.Build.0 = mzkit|x64
		{581ED230-3020-6363-ED96-8EEBD8E8AD58}.nuget_release|Any CPU.ActiveCfg = nuget_release|Any CPU
		{581ED230-3020-6363-ED96-8EEBD8E8AD58}.nuget_release|Any CPU.Build.0 = nuget_release|Any CPU
		{581ED230-3020-6363-ED96-8EEBD8E8AD58}.nuget_release|x64.ActiveCfg = nuget_release|x64
		{581ED230-3020-6363-ED96-8EEBD8E8AD58}.nuget_release|x64.Build.0 = nuget_release|x64
		{581ED230-3020-6363-ED96-8EEBD8E8AD58}.Release|Any CPU.ActiveCfg = Release|Any CPU
		{581ED230-3020-6363-ED96-8EEBD8E8AD58}.Release|Any CPU.Build.0 = Release|Any CPU
		{581ED230-3020-6363-ED96-8EEBD8E8AD58}.Release|x64.ActiveCfg = Release|x64
		{581ED230-3020-6363-ED96-8EEBD8E8AD58}.Release|x64.Build.0 = Release|x64
		{581ED230-3020-6363-ED96-8EEBD8E8AD58}.Rsharp_app_release|Any CPU.ActiveCfg = Rsharp_app_release|Any CPU
		{581ED230-3020-6363-ED96-8EEBD8E8AD58}.Rsharp_app_release|Any CPU.Build.0 = Rsharp_app_release|Any CPU
		{581ED230-3020-6363-ED96-8EEBD8E8AD58}.Rsharp_app_release|x64.ActiveCfg = Rsharp_app_release|x64
		{581ED230-3020-6363-ED96-8EEBD8E8AD58}.Rsharp_app_release|x64.Build.0 = Rsharp_app_release|x64
		{7C7D0129-8931-FDFF-7C5A-C8A634B419A7}.Debug|Any CPU.ActiveCfg = Debug|Any CPU
		{7C7D0129-8931-FDFF-7C5A-C8A634B419A7}.Debug|Any CPU.Build.0 = Debug|Any CPU
		{7C7D0129-8931-FDFF-7C5A-C8A634B419A7}.Debug|x64.ActiveCfg = Debug|x64
		{7C7D0129-8931-FDFF-7C5A-C8A634B419A7}.Debug|x64.Build.0 = Debug|x64
		{7C7D0129-8931-FDFF-7C5A-C8A634B419A7}.gcmodeller_desktop|Any CPU.ActiveCfg = gcmodeller_desktop|Any CPU
		{7C7D0129-8931-FDFF-7C5A-C8A634B419A7}.gcmodeller_desktop|Any CPU.Build.0 = gcmodeller_desktop|Any CPU
		{7C7D0129-8931-FDFF-7C5A-C8A634B419A7}.gcmodeller_desktop|x64.ActiveCfg = gcmodeller_desktop|x64
		{7C7D0129-8931-FDFF-7C5A-C8A634B419A7}.gcmodeller_desktop|x64.Build.0 = gcmodeller_desktop|x64
		{7C7D0129-8931-FDFF-7C5A-C8A634B419A7}.mzkit_win32|Any CPU.ActiveCfg = mzkit_win32|Any CPU
		{7C7D0129-8931-FDFF-7C5A-C8A634B419A7}.mzkit_win32|Any CPU.Build.0 = mzkit_win32|Any CPU
		{7C7D0129-8931-FDFF-7C5A-C8A634B419A7}.mzkit_win32|x64.ActiveCfg = mzkit_win32|x64
		{7C7D0129-8931-FDFF-7C5A-C8A634B419A7}.mzkit_win32|x64.Build.0 = mzkit_win32|x64
		{7C7D0129-8931-FDFF-7C5A-C8A634B419A7}.mzkit|Any CPU.ActiveCfg = mzkit|Any CPU
		{7C7D0129-8931-FDFF-7C5A-C8A634B419A7}.mzkit|Any CPU.Build.0 = mzkit|Any CPU
		{7C7D0129-8931-FDFF-7C5A-C8A634B419A7}.mzkit|x64.ActiveCfg = mzkit|x64
		{7C7D0129-8931-FDFF-7C5A-C8A634B419A7}.mzkit|x64.Build.0 = mzkit|x64
		{7C7D0129-8931-FDFF-7C5A-C8A634B419A7}.nuget_release|Any CPU.ActiveCfg = nuget_release|Any CPU
		{7C7D0129-8931-FDFF-7C5A-C8A634B419A7}.nuget_release|Any CPU.Build.0 = nuget_release|Any CPU
		{7C7D0129-8931-FDFF-7C5A-C8A634B419A7}.nuget_release|x64.ActiveCfg = nuget_release|x64
		{7C7D0129-8931-FDFF-7C5A-C8A634B419A7}.nuget_release|x64.Build.0 = nuget_release|x64
		{7C7D0129-8931-FDFF-7C5A-C8A634B419A7}.Release|Any CPU.ActiveCfg = Release|Any CPU
		{7C7D0129-8931-FDFF-7C5A-C8A634B419A7}.Release|Any CPU.Build.0 = Release|Any CPU
		{7C7D0129-8931-FDFF-7C5A-C8A634B419A7}.Release|x64.ActiveCfg = Release|x64
		{7C7D0129-8931-FDFF-7C5A-C8A634B419A7}.Release|x64.Build.0 = Release|x64
		{7C7D0129-8931-FDFF-7C5A-C8A634B419A7}.Rsharp_app_release|Any CPU.ActiveCfg = Rsharp_app_release|Any CPU
		{7C7D0129-8931-FDFF-7C5A-C8A634B419A7}.Rsharp_app_release|Any CPU.Build.0 = Rsharp_app_release|Any CPU
		{7C7D0129-8931-FDFF-7C5A-C8A634B419A7}.Rsharp_app_release|x64.ActiveCfg = Rsharp_app_release|x64
		{7C7D0129-8931-FDFF-7C5A-C8A634B419A7}.Rsharp_app_release|x64.Build.0 = Rsharp_app_release|x64
		{1AB58239-13F7-B08F-F097-4C5F0D4C3764}.Debug|Any CPU.ActiveCfg = Debug|Any CPU
		{1AB58239-13F7-B08F-F097-4C5F0D4C3764}.Debug|Any CPU.Build.0 = Debug|Any CPU
		{1AB58239-13F7-B08F-F097-4C5F0D4C3764}.Debug|x64.ActiveCfg = Debug|x64
		{1AB58239-13F7-B08F-F097-4C5F0D4C3764}.Debug|x64.Build.0 = Debug|x64
		{1AB58239-13F7-B08F-F097-4C5F0D4C3764}.gcmodeller_desktop|Any CPU.ActiveCfg = gcmodeller_desktop|Any CPU
		{1AB58239-13F7-B08F-F097-4C5F0D4C3764}.gcmodeller_desktop|Any CPU.Build.0 = gcmodeller_desktop|Any CPU
		{1AB58239-13F7-B08F-F097-4C5F0D4C3764}.gcmodeller_desktop|x64.ActiveCfg = gcmodeller_desktop|x64
		{1AB58239-13F7-B08F-F097-4C5F0D4C3764}.gcmodeller_desktop|x64.Build.0 = gcmodeller_desktop|x64
		{1AB58239-13F7-B08F-F097-4C5F0D4C3764}.mzkit_win32|Any CPU.ActiveCfg = mzkit_win32|Any CPU
		{1AB58239-13F7-B08F-F097-4C5F0D4C3764}.mzkit_win32|Any CPU.Build.0 = mzkit_win32|Any CPU
		{1AB58239-13F7-B08F-F097-4C5F0D4C3764}.mzkit_win32|x64.ActiveCfg = mzkit_win32|x64
		{1AB58239-13F7-B08F-F097-4C5F0D4C3764}.mzkit_win32|x64.Build.0 = mzkit_win32|x64
		{1AB58239-13F7-B08F-F097-4C5F0D4C3764}.mzkit|Any CPU.ActiveCfg = mzkit|Any CPU
		{1AB58239-13F7-B08F-F097-4C5F0D4C3764}.mzkit|Any CPU.Build.0 = mzkit|Any CPU
		{1AB58239-13F7-B08F-F097-4C5F0D4C3764}.mzkit|x64.ActiveCfg = mzkit|x64
		{1AB58239-13F7-B08F-F097-4C5F0D4C3764}.mzkit|x64.Build.0 = mzkit|x64
		{1AB58239-13F7-B08F-F097-4C5F0D4C3764}.nuget_release|Any CPU.ActiveCfg = nuget_release|Any CPU
		{1AB58239-13F7-B08F-F097-4C5F0D4C3764}.nuget_release|Any CPU.Build.0 = nuget_release|Any CPU
		{1AB58239-13F7-B08F-F097-4C5F0D4C3764}.nuget_release|x64.ActiveCfg = nuget_release|x64
		{1AB58239-13F7-B08F-F097-4C5F0D4C3764}.nuget_release|x64.Build.0 = nuget_release|x64
		{1AB58239-13F7-B08F-F097-4C5F0D4C3764}.Release|Any CPU.ActiveCfg = Release|Any CPU
		{1AB58239-13F7-B08F-F097-4C5F0D4C3764}.Release|Any CPU.Build.0 = Release|Any CPU
		{1AB58239-13F7-B08F-F097-4C5F0D4C3764}.Release|x64.ActiveCfg = Release|x64
		{1AB58239-13F7-B08F-F097-4C5F0D4C3764}.Release|x64.Build.0 = Release|x64
		{1AB58239-13F7-B08F-F097-4C5F0D4C3764}.Rsharp_app_release|Any CPU.ActiveCfg = Rsharp_app_release|Any CPU
		{1AB58239-13F7-B08F-F097-4C5F0D4C3764}.Rsharp_app_release|Any CPU.Build.0 = Rsharp_app_release|Any CPU
		{1AB58239-13F7-B08F-F097-4C5F0D4C3764}.Rsharp_app_release|x64.ActiveCfg = Rsharp_app_release|x64
		{1AB58239-13F7-B08F-F097-4C5F0D4C3764}.Rsharp_app_release|x64.Build.0 = Rsharp_app_release|x64
		{BED849DD-D5F1-07F8-DF66-63EFC8A68B3F}.Debug|Any CPU.ActiveCfg = Debug|Any CPU
		{BED849DD-D5F1-07F8-DF66-63EFC8A68B3F}.Debug|Any CPU.Build.0 = Debug|Any CPU
		{BED849DD-D5F1-07F8-DF66-63EFC8A68B3F}.Debug|x64.ActiveCfg = Debug|x64
		{BED849DD-D5F1-07F8-DF66-63EFC8A68B3F}.Debug|x64.Build.0 = Debug|x64
		{BED849DD-D5F1-07F8-DF66-63EFC8A68B3F}.gcmodeller_desktop|Any CPU.ActiveCfg = gcmodeller_desktop|Any CPU
		{BED849DD-D5F1-07F8-DF66-63EFC8A68B3F}.gcmodeller_desktop|Any CPU.Build.0 = gcmodeller_desktop|Any CPU
		{BED849DD-D5F1-07F8-DF66-63EFC8A68B3F}.gcmodeller_desktop|x64.ActiveCfg = gcmodeller_desktop|x64
		{BED849DD-D5F1-07F8-DF66-63EFC8A68B3F}.gcmodeller_desktop|x64.Build.0 = gcmodeller_desktop|x64
		{BED849DD-D5F1-07F8-DF66-63EFC8A68B3F}.mzkit_win32|Any CPU.ActiveCfg = mzkit_win32|Any CPU
		{BED849DD-D5F1-07F8-DF66-63EFC8A68B3F}.mzkit_win32|Any CPU.Build.0 = mzkit_win32|Any CPU
		{BED849DD-D5F1-07F8-DF66-63EFC8A68B3F}.mzkit_win32|x64.ActiveCfg = mzkit_win32|x64
		{BED849DD-D5F1-07F8-DF66-63EFC8A68B3F}.mzkit_win32|x64.Build.0 = mzkit_win32|x64
		{BED849DD-D5F1-07F8-DF66-63EFC8A68B3F}.mzkit|Any CPU.ActiveCfg = mzkit|Any CPU
		{BED849DD-D5F1-07F8-DF66-63EFC8A68B3F}.mzkit|Any CPU.Build.0 = mzkit|Any CPU
		{BED849DD-D5F1-07F8-DF66-63EFC8A68B3F}.mzkit|x64.ActiveCfg = mzkit|x64
		{BED849DD-D5F1-07F8-DF66-63EFC8A68B3F}.mzkit|x64.Build.0 = mzkit|x64
		{BED849DD-D5F1-07F8-DF66-63EFC8A68B3F}.nuget_release|Any CPU.ActiveCfg = nuget_release|Any CPU
		{BED849DD-D5F1-07F8-DF66-63EFC8A68B3F}.nuget_release|Any CPU.Build.0 = nuget_release|Any CPU
		{BED849DD-D5F1-07F8-DF66-63EFC8A68B3F}.nuget_release|x64.ActiveCfg = nuget_release|x64
		{BED849DD-D5F1-07F8-DF66-63EFC8A68B3F}.nuget_release|x64.Build.0 = nuget_release|x64
		{BED849DD-D5F1-07F8-DF66-63EFC8A68B3F}.Release|Any CPU.ActiveCfg = Release|Any CPU
		{BED849DD-D5F1-07F8-DF66-63EFC8A68B3F}.Release|Any CPU.Build.0 = Release|Any CPU
		{BED849DD-D5F1-07F8-DF66-63EFC8A68B3F}.Release|x64.ActiveCfg = Release|x64
		{BED849DD-D5F1-07F8-DF66-63EFC8A68B3F}.Release|x64.Build.0 = Release|x64
		{BED849DD-D5F1-07F8-DF66-63EFC8A68B3F}.Rsharp_app_release|Any CPU.ActiveCfg = Rsharp_app_release|Any CPU
		{BED849DD-D5F1-07F8-DF66-63EFC8A68B3F}.Rsharp_app_release|Any CPU.Build.0 = Rsharp_app_release|Any CPU
		{BED849DD-D5F1-07F8-DF66-63EFC8A68B3F}.Rsharp_app_release|x64.ActiveCfg = Rsharp_app_release|x64
		{BED849DD-D5F1-07F8-DF66-63EFC8A68B3F}.Rsharp_app_release|x64.Build.0 = Rsharp_app_release|x64
		{223979FE-8188-81EC-9E00-52DF2BBC87A8}.Debug|Any CPU.ActiveCfg = Debug|Any CPU
		{223979FE-8188-81EC-9E00-52DF2BBC87A8}.Debug|Any CPU.Build.0 = Debug|Any CPU
		{223979FE-8188-81EC-9E00-52DF2BBC87A8}.Debug|x64.ActiveCfg = Debug|x64
		{223979FE-8188-81EC-9E00-52DF2BBC87A8}.Debug|x64.Build.0 = Debug|x64
		{223979FE-8188-81EC-9E00-52DF2BBC87A8}.gcmodeller_desktop|Any CPU.ActiveCfg = gcmodeller_desktop|Any CPU
		{223979FE-8188-81EC-9E00-52DF2BBC87A8}.gcmodeller_desktop|Any CPU.Build.0 = gcmodeller_desktop|Any CPU
		{223979FE-8188-81EC-9E00-52DF2BBC87A8}.gcmodeller_desktop|x64.ActiveCfg = gcmodeller_desktop|x64
		{223979FE-8188-81EC-9E00-52DF2BBC87A8}.gcmodeller_desktop|x64.Build.0 = gcmodeller_desktop|x64
		{223979FE-8188-81EC-9E00-52DF2BBC87A8}.mzkit_win32|Any CPU.ActiveCfg = mzkit_win32|Any CPU
		{223979FE-8188-81EC-9E00-52DF2BBC87A8}.mzkit_win32|Any CPU.Build.0 = mzkit_win32|Any CPU
		{223979FE-8188-81EC-9E00-52DF2BBC87A8}.mzkit_win32|x64.ActiveCfg = mzkit_win32|x64
		{223979FE-8188-81EC-9E00-52DF2BBC87A8}.mzkit_win32|x64.Build.0 = mzkit_win32|x64
		{223979FE-8188-81EC-9E00-52DF2BBC87A8}.mzkit|Any CPU.ActiveCfg = mzkit|Any CPU
		{223979FE-8188-81EC-9E00-52DF2BBC87A8}.mzkit|Any CPU.Build.0 = mzkit|Any CPU
		{223979FE-8188-81EC-9E00-52DF2BBC87A8}.mzkit|x64.ActiveCfg = mzkit|x64
		{223979FE-8188-81EC-9E00-52DF2BBC87A8}.mzkit|x64.Build.0 = mzkit|x64
		{223979FE-8188-81EC-9E00-52DF2BBC87A8}.nuget_release|Any CPU.ActiveCfg = nuget_release|Any CPU
		{223979FE-8188-81EC-9E00-52DF2BBC87A8}.nuget_release|Any CPU.Build.0 = nuget_release|Any CPU
		{223979FE-8188-81EC-9E00-52DF2BBC87A8}.nuget_release|x64.ActiveCfg = nuget_release|x64
		{223979FE-8188-81EC-9E00-52DF2BBC87A8}.nuget_release|x64.Build.0 = nuget_release|x64
		{223979FE-8188-81EC-9E00-52DF2BBC87A8}.Release|Any CPU.ActiveCfg = Release|Any CPU
		{223979FE-8188-81EC-9E00-52DF2BBC87A8}.Release|Any CPU.Build.0 = Release|Any CPU
		{223979FE-8188-81EC-9E00-52DF2BBC87A8}.Release|x64.ActiveCfg = Release|x64
		{223979FE-8188-81EC-9E00-52DF2BBC87A8}.Release|x64.Build.0 = Release|x64
		{223979FE-8188-81EC-9E00-52DF2BBC87A8}.Rsharp_app_release|Any CPU.ActiveCfg = Rsharp_app_release|Any CPU
		{223979FE-8188-81EC-9E00-52DF2BBC87A8}.Rsharp_app_release|Any CPU.Build.0 = Rsharp_app_release|Any CPU
		{223979FE-8188-81EC-9E00-52DF2BBC87A8}.Rsharp_app_release|x64.ActiveCfg = Rsharp_app_release|x64
		{223979FE-8188-81EC-9E00-52DF2BBC87A8}.Rsharp_app_release|x64.Build.0 = Rsharp_app_release|x64
		{BB371FBA-F3E4-2D5A-BA5C-D22441BD8BB5}.Debug|Any CPU.ActiveCfg = Debug|Any CPU
		{BB371FBA-F3E4-2D5A-BA5C-D22441BD8BB5}.Debug|Any CPU.Build.0 = Debug|Any CPU
		{BB371FBA-F3E4-2D5A-BA5C-D22441BD8BB5}.Debug|x64.ActiveCfg = Debug|x64
		{BB371FBA-F3E4-2D5A-BA5C-D22441BD8BB5}.Debug|x64.Build.0 = Debug|x64
		{BB371FBA-F3E4-2D5A-BA5C-D22441BD8BB5}.gcmodeller_desktop|Any CPU.ActiveCfg = nuget_release|Any CPU
		{BB371FBA-F3E4-2D5A-BA5C-D22441BD8BB5}.gcmodeller_desktop|Any CPU.Build.0 = nuget_release|Any CPU
		{BB371FBA-F3E4-2D5A-BA5C-D22441BD8BB5}.gcmodeller_desktop|x64.ActiveCfg = nuget_release|x64
		{BB371FBA-F3E4-2D5A-BA5C-D22441BD8BB5}.gcmodeller_desktop|x64.Build.0 = nuget_release|x64
		{BB371FBA-F3E4-2D5A-BA5C-D22441BD8BB5}.mzkit_win32|Any CPU.ActiveCfg = Rsharp_app_release|Any CPU
		{BB371FBA-F3E4-2D5A-BA5C-D22441BD8BB5}.mzkit_win32|Any CPU.Build.0 = Rsharp_app_release|Any CPU
		{BB371FBA-F3E4-2D5A-BA5C-D22441BD8BB5}.mzkit_win32|x64.ActiveCfg = Rsharp_app_release|x64
		{BB371FBA-F3E4-2D5A-BA5C-D22441BD8BB5}.mzkit_win32|x64.Build.0 = Rsharp_app_release|x64
		{BB371FBA-F3E4-2D5A-BA5C-D22441BD8BB5}.mzkit|Any CPU.ActiveCfg = Debug|Any CPU
		{BB371FBA-F3E4-2D5A-BA5C-D22441BD8BB5}.mzkit|Any CPU.Build.0 = Debug|Any CPU
		{BB371FBA-F3E4-2D5A-BA5C-D22441BD8BB5}.mzkit|x64.ActiveCfg = Debug|x64
		{BB371FBA-F3E4-2D5A-BA5C-D22441BD8BB5}.mzkit|x64.Build.0 = Debug|x64
		{BB371FBA-F3E4-2D5A-BA5C-D22441BD8BB5}.nuget_release|Any CPU.ActiveCfg = nuget_release|Any CPU
		{BB371FBA-F3E4-2D5A-BA5C-D22441BD8BB5}.nuget_release|Any CPU.Build.0 = nuget_release|Any CPU
		{BB371FBA-F3E4-2D5A-BA5C-D22441BD8BB5}.nuget_release|x64.ActiveCfg = nuget_release|x64
		{BB371FBA-F3E4-2D5A-BA5C-D22441BD8BB5}.nuget_release|x64.Build.0 = nuget_release|x64
		{BB371FBA-F3E4-2D5A-BA5C-D22441BD8BB5}.Release|Any CPU.ActiveCfg = Release|Any CPU
		{BB371FBA-F3E4-2D5A-BA5C-D22441BD8BB5}.Release|Any CPU.Build.0 = Release|Any CPU
		{BB371FBA-F3E4-2D5A-BA5C-D22441BD8BB5}.Release|x64.ActiveCfg = Release|x64
		{BB371FBA-F3E4-2D5A-BA5C-D22441BD8BB5}.Release|x64.Build.0 = Release|x64
		{BB371FBA-F3E4-2D5A-BA5C-D22441BD8BB5}.Rsharp_app_release|Any CPU.ActiveCfg = Rsharp_app_release|Any CPU
		{BB371FBA-F3E4-2D5A-BA5C-D22441BD8BB5}.Rsharp_app_release|Any CPU.Build.0 = Rsharp_app_release|Any CPU
		{BB371FBA-F3E4-2D5A-BA5C-D22441BD8BB5}.Rsharp_app_release|x64.ActiveCfg = Rsharp_app_release|x64
		{BB371FBA-F3E4-2D5A-BA5C-D22441BD8BB5}.Rsharp_app_release|x64.Build.0 = Rsharp_app_release|x64
	EndGlobalSection
	GlobalSection(SolutionProperties) = preSolution
		HideSolutionNode = FALSE
	EndGlobalSection
	GlobalSection(NestedProjects) = preSolution
		{7C7D0129-8931-FDFF-7C5A-C8A634B419A7} = {02EA681E-C7D8-13C7-8484-4AC65E1B71E8}
		{1AB58239-13F7-B08F-F097-4C5F0D4C3764} = {02EA681E-C7D8-13C7-8484-4AC65E1B71E8}
		{BED849DD-D5F1-07F8-DF66-63EFC8A68B3F} = {02EA681E-C7D8-13C7-8484-4AC65E1B71E8}
		{223979FE-8188-81EC-9E00-52DF2BBC87A8} = {02EA681E-C7D8-13C7-8484-4AC65E1B71E8}
		{BB371FBA-F3E4-2D5A-BA5C-D22441BD8BB5} = {02EA681E-C7D8-13C7-8484-4AC65E1B71E8}
	EndGlobalSection
	GlobalSection(ExtensibilityGlobals) = postSolution
		SolutionGuid = {E9198D07-A8BB-4AAA-84CE-C6B5EBC7BBE2}
	EndGlobalSection
EndGlobal
