
Microsoft Visual Studio Solution File, Format Version 12.00
# Visual Studio Version 16
VisualStudioVersion = 16.0.30717.126
MinimumVisualStudioVersion = 10.0.40219.1
Project("{F184B08F-C81C-45F6-A57F-5ABD9991F28F}") = "MessagePack", "msgpack\MessagePack.vbproj", "{C473D2D3-65B3-0220-32A8-1E0687D9AE6B}"
EndProject
Project("{F184B08F-C81C-45F6-A57F-5ABD9991F28F}") = "47-dotnet_Microsoft.VisualBasic", "..\..\Microsoft.VisualBasic.Core\47-dotnet_Microsoft.VisualBasic.vbproj", "{FECCE1FD-E1D4-49E3-A668-60BB5E7AED99}"
EndProject
Global
	GlobalSection(SolutionConfigurationPlatforms) = preSolution
		BioDeep_database|Any CPU = BioDeep_database|Any CPU
		BioDeep_database|x64 = BioDeep_database|x64
		BioDeep_database|x86 = BioDeep_database|x86
		Biodeep_UNIX_x64|Any CPU = Biodeep_UNIX_x64|Any CPU
		Biodeep_UNIX_x64|x64 = Biodeep_UNIX_x64|x64
		Biodeep_UNIX_x64|x86 = Biodeep_UNIX_x64|x86
		Biodeep|Any CPU = Biodeep|Any CPU
		Biodeep|x64 = Biodeep|x64
		Biodeep|x86 = Biodeep|x86
		Biostack|Any CPU = Biostack|Any CPU
		Biostack|x64 = Biostack|x64
		Biostack|x86 = Biostack|x86
		Biostack-Debug|Any CPU = Biostack-Debug|Any CPU
		Biostack-Debug|x64 = Biostack-Debug|x64
		Biostack-Debug|x86 = Biostack-Debug|x86
		Debug|Any CPU = Debug|Any CPU
		Debug|x64 = Debug|x64
		Debug|x86 = Debug|x86
		DEMO|Any CPU = DEMO|Any CPU
		DEMO|x64 = DEMO|x64
		DEMO|x86 = DEMO|x86
		Docker|Any CPU = Docker|Any CPU
		Docker|x64 = Docker|x64
		Docker|x86 = Docker|x86
		docs|Any CPU = docs|Any CPU
		docs|x64 = docs|x64
		docs|x86 = docs|x86
		GCModeller(Release_X64)|Any CPU = GCModeller(Release_X64)|Any CPU
		GCModeller(Release_X64)|x64 = GCModeller(Release_X64)|x64
		GCModeller(Release_X64)|x86 = GCModeller(Release_X64)|x86
		GCModeller(UNIX-Release_X64)|Any CPU = GCModeller(UNIX-Release_X64)|Any CPU
		GCModeller(UNIX-Release_X64)|x64 = GCModeller(UNIX-Release_X64)|x64
		GCModeller(UNIX-Release_X64)|x86 = GCModeller(UNIX-Release_X64)|x86
		GTA5-game-test|Any CPU = GTA5-game-test|Any CPU
		GTA5-game-test|x64 = GTA5-game-test|x64
		GTA5-game-test|x86 = GTA5-game-test|x86
		installer_x64|Any CPU = installer_x64|Any CPU
		installer_x64|x64 = installer_x64|x64
		installer_x64|x86 = installer_x64|x86
		linux-profiler|Any CPU = linux-profiler|Any CPU
		linux-profiler|x64 = linux-profiler|x64
		linux-profiler|x86 = linux-profiler|x86
		mysqli_X64_release|Any CPU = mysqli_X64_release|Any CPU
		mysqli_X64_release|x64 = mysqli_X64_release|x64
		mysqli_X64_release|x86 = mysqli_X64_release|x86
		mzkit|Any CPU = mzkit|Any CPU
		mzkit|x64 = mzkit|x64
		mzkit|x86 = mzkit|x86
		node-debug|Any CPU = node-debug|Any CPU
		node-debug|x64 = node-debug|x64
		node-debug|x86 = node-debug|x86
		PlantMAT|Any CPU = PlantMAT|Any CPU
		PlantMAT|x64 = PlantMAT|x64
		PlantMAT|x86 = PlantMAT|x86
		ProteoWizard.d|Any CPU = ProteoWizard.d|Any CPU
		ProteoWizard.d|x64 = ProteoWizard.d|x64
		ProteoWizard.d|x86 = ProteoWizard.d|x86
		Publish|Any CPU = Publish|Any CPU
		Publish|x64 = Publish|x64
		Publish|x86 = Publish|x86
		R-dotnet|Any CPU = R-dotnet|Any CPU
		R-dotnet|x64 = R-dotnet|x64
		R-dotnet|x86 = R-dotnet|x86
		Release|Any CPU = Release|Any CPU
		Release|x64 = Release|x64
		Release|x86 = Release|x86
		Rsharp_app_release|Any CPU = Rsharp_app_release|Any CPU
		Rsharp_app_release|x64 = Rsharp_app_release|x64
		Rsharp_app_release|x86 = Rsharp_app_release|x86
		sciBASIC.NET-test-release|Any CPU = sciBASIC.NET-test-release|Any CPU
		sciBASIC.NET-test-release|x64 = sciBASIC.NET-test-release|x64
		sciBASIC.NET-test-release|x86 = sciBASIC.NET-test-release|x86
		Surveillance-of-infectious-diseases|Any CPU = Surveillance-of-infectious-diseases|Any CPU
		Surveillance-of-infectious-diseases|x64 = Surveillance-of-infectious-diseases|x64
		Surveillance-of-infectious-diseases|x86 = Surveillance-of-infectious-diseases|x86
		test|Any CPU = test|Any CPU
		test|x64 = test|x64
		test|x86 = test|x86
		Voyager1|Any CPU = Voyager1|Any CPU
		Voyager1|x64 = Voyager1|x64
		Voyager1|x86 = Voyager1|x86
		WebAssembly|Any CPU = WebAssembly|Any CPU
		WebAssembly|x64 = WebAssembly|x64
		WebAssembly|x86 = WebAssembly|x86
		Yilia-Release_x64|Any CPU = Yilia-Release_x64|Any CPU
		Yilia-Release_x64|x64 = Yilia-Release_x64|x64
		Yilia-Release_x64|x86 = Yilia-Release_x64|x86
	EndGlobalSection
	GlobalSection(ProjectConfigurationPlatforms) = postSolution
		{C473D2D3-65B3-0220-32A8-1E0687D9AE6B}.BioDeep_database|Any CPU.ActiveCfg = Debug|Any CPU
		{C473D2D3-65B3-0220-32A8-1E0687D9AE6B}.BioDeep_database|Any CPU.Build.0 = Debug|Any CPU
		{C473D2D3-65B3-0220-32A8-1E0687D9AE6B}.BioDeep_database|x64.ActiveCfg = Debug|Any CPU
		{C473D2D3-65B3-0220-32A8-1E0687D9AE6B}.BioDeep_database|x64.Build.0 = Debug|Any CPU
		{C473D2D3-65B3-0220-32A8-1E0687D9AE6B}.BioDeep_database|x86.ActiveCfg = Debug|Any CPU
		{C473D2D3-65B3-0220-32A8-1E0687D9AE6B}.BioDeep_database|x86.Build.0 = Debug|Any CPU
		{C473D2D3-65B3-0220-32A8-1E0687D9AE6B}.Biodeep_UNIX_x64|Any CPU.ActiveCfg = Debug|Any CPU
		{C473D2D3-65B3-0220-32A8-1E0687D9AE6B}.Biodeep_UNIX_x64|Any CPU.Build.0 = Debug|Any CPU
		{C473D2D3-65B3-0220-32A8-1E0687D9AE6B}.Biodeep_UNIX_x64|x64.ActiveCfg = Debug|Any CPU
		{C473D2D3-65B3-0220-32A8-1E0687D9AE6B}.Biodeep_UNIX_x64|x64.Build.0 = Debug|Any CPU
		{C473D2D3-65B3-0220-32A8-1E0687D9AE6B}.Biodeep_UNIX_x64|x86.ActiveCfg = Debug|Any CPU
		{C473D2D3-65B3-0220-32A8-1E0687D9AE6B}.Biodeep_UNIX_x64|x86.Build.0 = Debug|Any CPU
		{C473D2D3-65B3-0220-32A8-1E0687D9AE6B}.Biodeep|Any CPU.ActiveCfg = Debug|Any CPU
		{C473D2D3-65B3-0220-32A8-1E0687D9AE6B}.Biodeep|Any CPU.Build.0 = Debug|Any CPU
		{C473D2D3-65B3-0220-32A8-1E0687D9AE6B}.Biodeep|x64.ActiveCfg = Debug|Any CPU
		{C473D2D3-65B3-0220-32A8-1E0687D9AE6B}.Biodeep|x64.Build.0 = Debug|Any CPU
		{C473D2D3-65B3-0220-32A8-1E0687D9AE6B}.Biodeep|x86.ActiveCfg = Debug|Any CPU
		{C473D2D3-65B3-0220-32A8-1E0687D9AE6B}.Biodeep|x86.Build.0 = Debug|Any CPU
		{C473D2D3-65B3-0220-32A8-1E0687D9AE6B}.Biostack|Any CPU.ActiveCfg = Debug|Any CPU
		{C473D2D3-65B3-0220-32A8-1E0687D9AE6B}.Biostack|Any CPU.Build.0 = Debug|Any CPU
		{C473D2D3-65B3-0220-32A8-1E0687D9AE6B}.Biostack|x64.ActiveCfg = Debug|Any CPU
		{C473D2D3-65B3-0220-32A8-1E0687D9AE6B}.Biostack|x64.Build.0 = Debug|Any CPU
		{C473D2D3-65B3-0220-32A8-1E0687D9AE6B}.Biostack|x86.ActiveCfg = Debug|Any CPU
		{C473D2D3-65B3-0220-32A8-1E0687D9AE6B}.Biostack|x86.Build.0 = Debug|Any CPU
		{C473D2D3-65B3-0220-32A8-1E0687D9AE6B}.Biostack-Debug|Any CPU.ActiveCfg = Debug|Any CPU
		{C473D2D3-65B3-0220-32A8-1E0687D9AE6B}.Biostack-Debug|Any CPU.Build.0 = Debug|Any CPU
		{C473D2D3-65B3-0220-32A8-1E0687D9AE6B}.Biostack-Debug|x64.ActiveCfg = Debug|Any CPU
		{C473D2D3-65B3-0220-32A8-1E0687D9AE6B}.Biostack-Debug|x64.Build.0 = Debug|Any CPU
		{C473D2D3-65B3-0220-32A8-1E0687D9AE6B}.Biostack-Debug|x86.ActiveCfg = Debug|Any CPU
		{C473D2D3-65B3-0220-32A8-1E0687D9AE6B}.Biostack-Debug|x86.Build.0 = Debug|Any CPU
		{C473D2D3-65B3-0220-32A8-1E0687D9AE6B}.Debug|Any CPU.ActiveCfg = Debug|Any CPU
		{C473D2D3-65B3-0220-32A8-1E0687D9AE6B}.Debug|Any CPU.Build.0 = Debug|Any CPU
		{C473D2D3-65B3-0220-32A8-1E0687D9AE6B}.Debug|x64.ActiveCfg = Debug|Any CPU
		{C473D2D3-65B3-0220-32A8-1E0687D9AE6B}.Debug|x64.Build.0 = Debug|Any CPU
		{C473D2D3-65B3-0220-32A8-1E0687D9AE6B}.Debug|x86.ActiveCfg = Debug|Any CPU
		{C473D2D3-65B3-0220-32A8-1E0687D9AE6B}.Debug|x86.Build.0 = Debug|Any CPU
		{C473D2D3-65B3-0220-32A8-1E0687D9AE6B}.DEMO|Any CPU.ActiveCfg = Debug|Any CPU
		{C473D2D3-65B3-0220-32A8-1E0687D9AE6B}.DEMO|Any CPU.Build.0 = Debug|Any CPU
		{C473D2D3-65B3-0220-32A8-1E0687D9AE6B}.DEMO|x64.ActiveCfg = Debug|Any CPU
		{C473D2D3-65B3-0220-32A8-1E0687D9AE6B}.DEMO|x64.Build.0 = Debug|Any CPU
		{C473D2D3-65B3-0220-32A8-1E0687D9AE6B}.DEMO|x86.ActiveCfg = Debug|Any CPU
		{C473D2D3-65B3-0220-32A8-1E0687D9AE6B}.DEMO|x86.Build.0 = Debug|Any CPU
		{C473D2D3-65B3-0220-32A8-1E0687D9AE6B}.Docker|Any CPU.ActiveCfg = Debug|Any CPU
		{C473D2D3-65B3-0220-32A8-1E0687D9AE6B}.Docker|Any CPU.Build.0 = Debug|Any CPU
		{C473D2D3-65B3-0220-32A8-1E0687D9AE6B}.Docker|x64.ActiveCfg = Debug|Any CPU
		{C473D2D3-65B3-0220-32A8-1E0687D9AE6B}.Docker|x64.Build.0 = Debug|Any CPU
		{C473D2D3-65B3-0220-32A8-1E0687D9AE6B}.Docker|x86.ActiveCfg = Debug|Any CPU
		{C473D2D3-65B3-0220-32A8-1E0687D9AE6B}.Docker|x86.Build.0 = Debug|Any CPU
		{C473D2D3-65B3-0220-32A8-1E0687D9AE6B}.docs|Any CPU.ActiveCfg = Debug|Any CPU
		{C473D2D3-65B3-0220-32A8-1E0687D9AE6B}.docs|Any CPU.Build.0 = Debug|Any CPU
		{C473D2D3-65B3-0220-32A8-1E0687D9AE6B}.docs|x64.ActiveCfg = Debug|Any CPU
		{C473D2D3-65B3-0220-32A8-1E0687D9AE6B}.docs|x64.Build.0 = Debug|Any CPU
		{C473D2D3-65B3-0220-32A8-1E0687D9AE6B}.docs|x86.ActiveCfg = Debug|Any CPU
		{C473D2D3-65B3-0220-32A8-1E0687D9AE6B}.docs|x86.Build.0 = Debug|Any CPU
		{C473D2D3-65B3-0220-32A8-1E0687D9AE6B}.GCModeller(Release_X64)|Any CPU.ActiveCfg = Release|Any CPU
		{C473D2D3-65B3-0220-32A8-1E0687D9AE6B}.GCModeller(Release_X64)|Any CPU.Build.0 = Release|Any CPU
		{C473D2D3-65B3-0220-32A8-1E0687D9AE6B}.GCModeller(Release_X64)|x64.ActiveCfg = Release|Any CPU
		{C473D2D3-65B3-0220-32A8-1E0687D9AE6B}.GCModeller(Release_X64)|x64.Build.0 = Release|Any CPU
		{C473D2D3-65B3-0220-32A8-1E0687D9AE6B}.GCModeller(Release_X64)|x86.ActiveCfg = Release|Any CPU
		{C473D2D3-65B3-0220-32A8-1E0687D9AE6B}.GCModeller(Release_X64)|x86.Build.0 = Release|Any CPU
		{C473D2D3-65B3-0220-32A8-1E0687D9AE6B}.GCModeller(UNIX-Release_X64)|Any CPU.ActiveCfg = Release|Any CPU
		{C473D2D3-65B3-0220-32A8-1E0687D9AE6B}.GCModeller(UNIX-Release_X64)|Any CPU.Build.0 = Release|Any CPU
		{C473D2D3-65B3-0220-32A8-1E0687D9AE6B}.GCModeller(UNIX-Release_X64)|x64.ActiveCfg = Release|Any CPU
		{C473D2D3-65B3-0220-32A8-1E0687D9AE6B}.GCModeller(UNIX-Release_X64)|x64.Build.0 = Release|Any CPU
		{C473D2D3-65B3-0220-32A8-1E0687D9AE6B}.GCModeller(UNIX-Release_X64)|x86.ActiveCfg = Release|Any CPU
		{C473D2D3-65B3-0220-32A8-1E0687D9AE6B}.GCModeller(UNIX-Release_X64)|x86.Build.0 = Release|Any CPU
		{C473D2D3-65B3-0220-32A8-1E0687D9AE6B}.GTA5-game-test|Any CPU.ActiveCfg = Debug|Any CPU
		{C473D2D3-65B3-0220-32A8-1E0687D9AE6B}.GTA5-game-test|Any CPU.Build.0 = Debug|Any CPU
		{C473D2D3-65B3-0220-32A8-1E0687D9AE6B}.GTA5-game-test|x64.ActiveCfg = Debug|Any CPU
		{C473D2D3-65B3-0220-32A8-1E0687D9AE6B}.GTA5-game-test|x64.Build.0 = Debug|Any CPU
		{C473D2D3-65B3-0220-32A8-1E0687D9AE6B}.GTA5-game-test|x86.ActiveCfg = Debug|Any CPU
		{C473D2D3-65B3-0220-32A8-1E0687D9AE6B}.GTA5-game-test|x86.Build.0 = Debug|Any CPU
		{C473D2D3-65B3-0220-32A8-1E0687D9AE6B}.installer_x64|Any CPU.ActiveCfg = Debug|Any CPU
		{C473D2D3-65B3-0220-32A8-1E0687D9AE6B}.installer_x64|Any CPU.Build.0 = Debug|Any CPU
		{C473D2D3-65B3-0220-32A8-1E0687D9AE6B}.installer_x64|x64.ActiveCfg = Debug|Any CPU
		{C473D2D3-65B3-0220-32A8-1E0687D9AE6B}.installer_x64|x64.Build.0 = Debug|Any CPU
		{C473D2D3-65B3-0220-32A8-1E0687D9AE6B}.installer_x64|x86.ActiveCfg = Debug|Any CPU
		{C473D2D3-65B3-0220-32A8-1E0687D9AE6B}.installer_x64|x86.Build.0 = Debug|Any CPU
		{C473D2D3-65B3-0220-32A8-1E0687D9AE6B}.linux-profiler|Any CPU.ActiveCfg = Debug|Any CPU
		{C473D2D3-65B3-0220-32A8-1E0687D9AE6B}.linux-profiler|Any CPU.Build.0 = Debug|Any CPU
		{C473D2D3-65B3-0220-32A8-1E0687D9AE6B}.linux-profiler|x64.ActiveCfg = Debug|Any CPU
		{C473D2D3-65B3-0220-32A8-1E0687D9AE6B}.linux-profiler|x64.Build.0 = Debug|Any CPU
		{C473D2D3-65B3-0220-32A8-1E0687D9AE6B}.linux-profiler|x86.ActiveCfg = Debug|Any CPU
		{C473D2D3-65B3-0220-32A8-1E0687D9AE6B}.linux-profiler|x86.Build.0 = Debug|Any CPU
		{C473D2D3-65B3-0220-32A8-1E0687D9AE6B}.mysqli_X64_release|Any CPU.ActiveCfg = Debug|Any CPU
		{C473D2D3-65B3-0220-32A8-1E0687D9AE6B}.mysqli_X64_release|Any CPU.Build.0 = Debug|Any CPU
		{C473D2D3-65B3-0220-32A8-1E0687D9AE6B}.mysqli_X64_release|x64.ActiveCfg = Debug|Any CPU
		{C473D2D3-65B3-0220-32A8-1E0687D9AE6B}.mysqli_X64_release|x64.Build.0 = Debug|Any CPU
		{C473D2D3-65B3-0220-32A8-1E0687D9AE6B}.mysqli_X64_release|x86.ActiveCfg = Debug|Any CPU
		{C473D2D3-65B3-0220-32A8-1E0687D9AE6B}.mysqli_X64_release|x86.Build.0 = Debug|Any CPU
		{C473D2D3-65B3-0220-32A8-1E0687D9AE6B}.mzkit|Any CPU.ActiveCfg = Debug|Any CPU
		{C473D2D3-65B3-0220-32A8-1E0687D9AE6B}.mzkit|Any CPU.Build.0 = Debug|Any CPU
		{C473D2D3-65B3-0220-32A8-1E0687D9AE6B}.mzkit|x64.ActiveCfg = Debug|Any CPU
		{C473D2D3-65B3-0220-32A8-1E0687D9AE6B}.mzkit|x64.Build.0 = Debug|Any CPU
		{C473D2D3-65B3-0220-32A8-1E0687D9AE6B}.mzkit|x86.ActiveCfg = Debug|Any CPU
		{C473D2D3-65B3-0220-32A8-1E0687D9AE6B}.mzkit|x86.Build.0 = Debug|Any CPU
		{C473D2D3-65B3-0220-32A8-1E0687D9AE6B}.node-debug|Any CPU.ActiveCfg = Debug|Any CPU
		{C473D2D3-65B3-0220-32A8-1E0687D9AE6B}.node-debug|Any CPU.Build.0 = Debug|Any CPU
		{C473D2D3-65B3-0220-32A8-1E0687D9AE6B}.node-debug|x64.ActiveCfg = Debug|Any CPU
		{C473D2D3-65B3-0220-32A8-1E0687D9AE6B}.node-debug|x64.Build.0 = Debug|Any CPU
		{C473D2D3-65B3-0220-32A8-1E0687D9AE6B}.node-debug|x86.ActiveCfg = Debug|Any CPU
		{C473D2D3-65B3-0220-32A8-1E0687D9AE6B}.node-debug|x86.Build.0 = Debug|Any CPU
		{C473D2D3-65B3-0220-32A8-1E0687D9AE6B}.PlantMAT|Any CPU.ActiveCfg = Debug|Any CPU
		{C473D2D3-65B3-0220-32A8-1E0687D9AE6B}.PlantMAT|Any CPU.Build.0 = Debug|Any CPU
		{C473D2D3-65B3-0220-32A8-1E0687D9AE6B}.PlantMAT|x64.ActiveCfg = Debug|Any CPU
		{C473D2D3-65B3-0220-32A8-1E0687D9AE6B}.PlantMAT|x64.Build.0 = Debug|Any CPU
		{C473D2D3-65B3-0220-32A8-1E0687D9AE6B}.PlantMAT|x86.ActiveCfg = Debug|Any CPU
		{C473D2D3-65B3-0220-32A8-1E0687D9AE6B}.PlantMAT|x86.Build.0 = Debug|Any CPU
		{C473D2D3-65B3-0220-32A8-1E0687D9AE6B}.ProteoWizard.d|Any CPU.ActiveCfg = Debug|Any CPU
		{C473D2D3-65B3-0220-32A8-1E0687D9AE6B}.ProteoWizard.d|Any CPU.Build.0 = Debug|Any CPU
		{C473D2D3-65B3-0220-32A8-1E0687D9AE6B}.ProteoWizard.d|x64.ActiveCfg = Debug|Any CPU
		{C473D2D3-65B3-0220-32A8-1E0687D9AE6B}.ProteoWizard.d|x64.Build.0 = Debug|Any CPU
		{C473D2D3-65B3-0220-32A8-1E0687D9AE6B}.ProteoWizard.d|x86.ActiveCfg = Debug|Any CPU
		{C473D2D3-65B3-0220-32A8-1E0687D9AE6B}.ProteoWizard.d|x86.Build.0 = Debug|Any CPU
		{C473D2D3-65B3-0220-32A8-1E0687D9AE6B}.Publish|Any CPU.ActiveCfg = Debug|Any CPU
		{C473D2D3-65B3-0220-32A8-1E0687D9AE6B}.Publish|Any CPU.Build.0 = Debug|Any CPU
		{C473D2D3-65B3-0220-32A8-1E0687D9AE6B}.Publish|x64.ActiveCfg = Debug|Any CPU
		{C473D2D3-65B3-0220-32A8-1E0687D9AE6B}.Publish|x64.Build.0 = Debug|Any CPU
		{C473D2D3-65B3-0220-32A8-1E0687D9AE6B}.Publish|x86.ActiveCfg = Debug|Any CPU
		{C473D2D3-65B3-0220-32A8-1E0687D9AE6B}.Publish|x86.Build.0 = Debug|Any CPU
		{C473D2D3-65B3-0220-32A8-1E0687D9AE6B}.R-dotnet|Any CPU.ActiveCfg = Release|Any CPU
		{C473D2D3-65B3-0220-32A8-1E0687D9AE6B}.R-dotnet|Any CPU.Build.0 = Release|Any CPU
		{C473D2D3-65B3-0220-32A8-1E0687D9AE6B}.R-dotnet|x64.ActiveCfg = Release|Any CPU
		{C473D2D3-65B3-0220-32A8-1E0687D9AE6B}.R-dotnet|x64.Build.0 = Release|Any CPU
		{C473D2D3-65B3-0220-32A8-1E0687D9AE6B}.R-dotnet|x86.ActiveCfg = Release|Any CPU
		{C473D2D3-65B3-0220-32A8-1E0687D9AE6B}.R-dotnet|x86.Build.0 = Release|Any CPU
		{C473D2D3-65B3-0220-32A8-1E0687D9AE6B}.Release|Any CPU.ActiveCfg = Release|Any CPU
		{C473D2D3-65B3-0220-32A8-1E0687D9AE6B}.Release|Any CPU.Build.0 = Release|Any CPU
		{C473D2D3-65B3-0220-32A8-1E0687D9AE6B}.Release|x64.ActiveCfg = Release|Any CPU
		{C473D2D3-65B3-0220-32A8-1E0687D9AE6B}.Release|x64.Build.0 = Release|Any CPU
		{C473D2D3-65B3-0220-32A8-1E0687D9AE6B}.Release|x86.ActiveCfg = Release|Any CPU
		{C473D2D3-65B3-0220-32A8-1E0687D9AE6B}.Release|x86.Build.0 = Release|Any CPU
		{C473D2D3-65B3-0220-32A8-1E0687D9AE6B}.Rsharp_app_release|Any CPU.ActiveCfg = Release|Any CPU
		{C473D2D3-65B3-0220-32A8-1E0687D9AE6B}.Rsharp_app_release|Any CPU.Build.0 = Release|Any CPU
		{C473D2D3-65B3-0220-32A8-1E0687D9AE6B}.Rsharp_app_release|x64.ActiveCfg = Release|Any CPU
		{C473D2D3-65B3-0220-32A8-1E0687D9AE6B}.Rsharp_app_release|x64.Build.0 = Release|Any CPU
		{C473D2D3-65B3-0220-32A8-1E0687D9AE6B}.Rsharp_app_release|x86.ActiveCfg = Release|Any CPU
		{C473D2D3-65B3-0220-32A8-1E0687D9AE6B}.Rsharp_app_release|x86.Build.0 = Release|Any CPU
		{C473D2D3-65B3-0220-32A8-1E0687D9AE6B}.sciBASIC.NET-test-release|Any CPU.ActiveCfg = Debug|Any CPU
		{C473D2D3-65B3-0220-32A8-1E0687D9AE6B}.sciBASIC.NET-test-release|Any CPU.Build.0 = Debug|Any CPU
		{C473D2D3-65B3-0220-32A8-1E0687D9AE6B}.sciBASIC.NET-test-release|x64.ActiveCfg = Debug|Any CPU
		{C473D2D3-65B3-0220-32A8-1E0687D9AE6B}.sciBASIC.NET-test-release|x64.Build.0 = Debug|Any CPU
		{C473D2D3-65B3-0220-32A8-1E0687D9AE6B}.sciBASIC.NET-test-release|x86.ActiveCfg = Debug|Any CPU
		{C473D2D3-65B3-0220-32A8-1E0687D9AE6B}.sciBASIC.NET-test-release|x86.Build.0 = Debug|Any CPU
		{C473D2D3-65B3-0220-32A8-1E0687D9AE6B}.Surveillance-of-infectious-diseases|Any CPU.ActiveCfg = Debug|Any CPU
		{C473D2D3-65B3-0220-32A8-1E0687D9AE6B}.Surveillance-of-infectious-diseases|Any CPU.Build.0 = Debug|Any CPU
		{C473D2D3-65B3-0220-32A8-1E0687D9AE6B}.Surveillance-of-infectious-diseases|x64.ActiveCfg = Debug|Any CPU
		{C473D2D3-65B3-0220-32A8-1E0687D9AE6B}.Surveillance-of-infectious-diseases|x64.Build.0 = Debug|Any CPU
		{C473D2D3-65B3-0220-32A8-1E0687D9AE6B}.Surveillance-of-infectious-diseases|x86.ActiveCfg = Debug|Any CPU
		{C473D2D3-65B3-0220-32A8-1E0687D9AE6B}.Surveillance-of-infectious-diseases|x86.Build.0 = Debug|Any CPU
		{C473D2D3-65B3-0220-32A8-1E0687D9AE6B}.test|Any CPU.ActiveCfg = Debug|Any CPU
		{C473D2D3-65B3-0220-32A8-1E0687D9AE6B}.test|Any CPU.Build.0 = Debug|Any CPU
		{C473D2D3-65B3-0220-32A8-1E0687D9AE6B}.test|x64.ActiveCfg = Debug|Any CPU
		{C473D2D3-65B3-0220-32A8-1E0687D9AE6B}.test|x64.Build.0 = Debug|Any CPU
		{C473D2D3-65B3-0220-32A8-1E0687D9AE6B}.test|x86.ActiveCfg = Debug|Any CPU
		{C473D2D3-65B3-0220-32A8-1E0687D9AE6B}.test|x86.Build.0 = Debug|Any CPU
		{C473D2D3-65B3-0220-32A8-1E0687D9AE6B}.Voyager1|Any CPU.ActiveCfg = Debug|Any CPU
		{C473D2D3-65B3-0220-32A8-1E0687D9AE6B}.Voyager1|Any CPU.Build.0 = Debug|Any CPU
		{C473D2D3-65B3-0220-32A8-1E0687D9AE6B}.Voyager1|x64.ActiveCfg = Debug|Any CPU
		{C473D2D3-65B3-0220-32A8-1E0687D9AE6B}.Voyager1|x64.Build.0 = Debug|Any CPU
		{C473D2D3-65B3-0220-32A8-1E0687D9AE6B}.Voyager1|x86.ActiveCfg = Debug|Any CPU
		{C473D2D3-65B3-0220-32A8-1E0687D9AE6B}.Voyager1|x86.Build.0 = Debug|Any CPU
		{C473D2D3-65B3-0220-32A8-1E0687D9AE6B}.WebAssembly|Any CPU.ActiveCfg = Debug|Any CPU
		{C473D2D3-65B3-0220-32A8-1E0687D9AE6B}.WebAssembly|Any CPU.Build.0 = Debug|Any CPU
		{C473D2D3-65B3-0220-32A8-1E0687D9AE6B}.WebAssembly|x64.ActiveCfg = Debug|Any CPU
		{C473D2D3-65B3-0220-32A8-1E0687D9AE6B}.WebAssembly|x64.Build.0 = Debug|Any CPU
		{C473D2D3-65B3-0220-32A8-1E0687D9AE6B}.WebAssembly|x86.ActiveCfg = Debug|Any CPU
		{C473D2D3-65B3-0220-32A8-1E0687D9AE6B}.WebAssembly|x86.Build.0 = Debug|Any CPU
		{C473D2D3-65B3-0220-32A8-1E0687D9AE6B}.Yilia-Release_x64|Any CPU.ActiveCfg = Release|Any CPU
		{C473D2D3-65B3-0220-32A8-1E0687D9AE6B}.Yilia-Release_x64|Any CPU.Build.0 = Release|Any CPU
		{C473D2D3-65B3-0220-32A8-1E0687D9AE6B}.Yilia-Release_x64|x64.ActiveCfg = Release|Any CPU
		{C473D2D3-65B3-0220-32A8-1E0687D9AE6B}.Yilia-Release_x64|x64.Build.0 = Release|Any CPU
		{C473D2D3-65B3-0220-32A8-1E0687D9AE6B}.Yilia-Release_x64|x86.ActiveCfg = Release|Any CPU
		{C473D2D3-65B3-0220-32A8-1E0687D9AE6B}.Yilia-Release_x64|x86.Build.0 = Release|Any CPU
		{FECCE1FD-E1D4-49E3-A668-60BB5E7AED99}.BioDeep_database|Any CPU.ActiveCfg = BioDeep_database|Any CPU
		{FECCE1FD-E1D4-49E3-A668-60BB5E7AED99}.BioDeep_database|Any CPU.Build.0 = BioDeep_database|Any CPU
		{FECCE1FD-E1D4-49E3-A668-60BB5E7AED99}.BioDeep_database|x64.ActiveCfg = BioDeep_database|x64
		{FECCE1FD-E1D4-49E3-A668-60BB5E7AED99}.BioDeep_database|x64.Build.0 = BioDeep_database|x64
		{FECCE1FD-E1D4-49E3-A668-60BB5E7AED99}.BioDeep_database|x86.ActiveCfg = BioDeep_database|x86
		{FECCE1FD-E1D4-49E3-A668-60BB5E7AED99}.BioDeep_database|x86.Build.0 = BioDeep_database|x86
		{FECCE1FD-E1D4-49E3-A668-60BB5E7AED99}.Biodeep_UNIX_x64|Any CPU.ActiveCfg = Biodeep_UNIX_x64|Any CPU
		{FECCE1FD-E1D4-49E3-A668-60BB5E7AED99}.Biodeep_UNIX_x64|Any CPU.Build.0 = Biodeep_UNIX_x64|Any CPU
		{FECCE1FD-E1D4-49E3-A668-60BB5E7AED99}.Biodeep_UNIX_x64|x64.ActiveCfg = Biodeep_UNIX_x64|x64
		{FECCE1FD-E1D4-49E3-A668-60BB5E7AED99}.Biodeep_UNIX_x64|x64.Build.0 = Biodeep_UNIX_x64|x64
		{FECCE1FD-E1D4-49E3-A668-60BB5E7AED99}.Biodeep_UNIX_x64|x86.ActiveCfg = Biodeep_UNIX_x64|x86
		{FECCE1FD-E1D4-49E3-A668-60BB5E7AED99}.Biodeep_UNIX_x64|x86.Build.0 = Biodeep_UNIX_x64|x86
		{FECCE1FD-E1D4-49E3-A668-60BB5E7AED99}.Biodeep|Any CPU.ActiveCfg = Biodeep|Any CPU
		{FECCE1FD-E1D4-49E3-A668-60BB5E7AED99}.Biodeep|Any CPU.Build.0 = Biodeep|Any CPU
		{FECCE1FD-E1D4-49E3-A668-60BB5E7AED99}.Biodeep|x64.ActiveCfg = Biodeep|x64
		{FECCE1FD-E1D4-49E3-A668-60BB5E7AED99}.Biodeep|x64.Build.0 = Biodeep|x64
		{FECCE1FD-E1D4-49E3-A668-60BB5E7AED99}.Biodeep|x86.ActiveCfg = Biodeep|x86
		{FECCE1FD-E1D4-49E3-A668-60BB5E7AED99}.Biodeep|x86.Build.0 = Biodeep|x86
		{FECCE1FD-E1D4-49E3-A668-60BB5E7AED99}.Biostack|Any CPU.ActiveCfg = Biostack|Any CPU
		{FECCE1FD-E1D4-49E3-A668-60BB5E7AED99}.Biostack|Any CPU.Build.0 = Biostack|Any CPU
		{FECCE1FD-E1D4-49E3-A668-60BB5E7AED99}.Biostack|x64.ActiveCfg = Biostack|x64
		{FECCE1FD-E1D4-49E3-A668-60BB5E7AED99}.Biostack|x64.Build.0 = Biostack|x64
		{FECCE1FD-E1D4-49E3-A668-60BB5E7AED99}.Biostack|x86.ActiveCfg = Biostack|x86
		{FECCE1FD-E1D4-49E3-A668-60BB5E7AED99}.Biostack|x86.Build.0 = Biostack|x86
		{FECCE1FD-E1D4-49E3-A668-60BB5E7AED99}.Biostack-Debug|Any CPU.ActiveCfg = Biostack-Debug|Any CPU
		{FECCE1FD-E1D4-49E3-A668-60BB5E7AED99}.Biostack-Debug|Any CPU.Build.0 = Biostack-Debug|Any CPU
		{FECCE1FD-E1D4-49E3-A668-60BB5E7AED99}.Biostack-Debug|x64.ActiveCfg = Biostack-Debug|x64
		{FECCE1FD-E1D4-49E3-A668-60BB5E7AED99}.Biostack-Debug|x64.Build.0 = Biostack-Debug|x64
		{FECCE1FD-E1D4-49E3-A668-60BB5E7AED99}.Biostack-Debug|x86.ActiveCfg = Biostack-Debug|x86
		{FECCE1FD-E1D4-49E3-A668-60BB5E7AED99}.Biostack-Debug|x86.Build.0 = Biostack-Debug|x86
		{FECCE1FD-E1D4-49E3-A668-60BB5E7AED99}.Debug|Any CPU.ActiveCfg = Debug|Any CPU
		{FECCE1FD-E1D4-49E3-A668-60BB5E7AED99}.Debug|Any CPU.Build.0 = Debug|Any CPU
		{FECCE1FD-E1D4-49E3-A668-60BB5E7AED99}.Debug|x64.ActiveCfg = Debug|x64
		{FECCE1FD-E1D4-49E3-A668-60BB5E7AED99}.Debug|x64.Build.0 = Debug|x64
		{FECCE1FD-E1D4-49E3-A668-60BB5E7AED99}.Debug|x86.ActiveCfg = Debug|x86
		{FECCE1FD-E1D4-49E3-A668-60BB5E7AED99}.Debug|x86.Build.0 = Debug|x86
		{FECCE1FD-E1D4-49E3-A668-60BB5E7AED99}.DEMO|Any CPU.ActiveCfg = DEMO|Any CPU
		{FECCE1FD-E1D4-49E3-A668-60BB5E7AED99}.DEMO|Any CPU.Build.0 = DEMO|Any CPU
		{FECCE1FD-E1D4-49E3-A668-60BB5E7AED99}.DEMO|x64.ActiveCfg = DEMO|x64
		{FECCE1FD-E1D4-49E3-A668-60BB5E7AED99}.DEMO|x64.Build.0 = DEMO|x64
		{FECCE1FD-E1D4-49E3-A668-60BB5E7AED99}.DEMO|x86.ActiveCfg = DEMO|x86
		{FECCE1FD-E1D4-49E3-A668-60BB5E7AED99}.DEMO|x86.Build.0 = DEMO|x86
		{FECCE1FD-E1D4-49E3-A668-60BB5E7AED99}.Docker|Any CPU.ActiveCfg = Docker|Any CPU
		{FECCE1FD-E1D4-49E3-A668-60BB5E7AED99}.Docker|Any CPU.Build.0 = Docker|Any CPU
		{FECCE1FD-E1D4-49E3-A668-60BB5E7AED99}.Docker|x64.ActiveCfg = Docker|x64
		{FECCE1FD-E1D4-49E3-A668-60BB5E7AED99}.Docker|x64.Build.0 = Docker|x64
		{FECCE1FD-E1D4-49E3-A668-60BB5E7AED99}.Docker|x86.ActiveCfg = Docker|x86
		{FECCE1FD-E1D4-49E3-A668-60BB5E7AED99}.Docker|x86.Build.0 = Docker|x86
		{FECCE1FD-E1D4-49E3-A668-60BB5E7AED99}.docs|Any CPU.ActiveCfg = docs|Any CPU
		{FECCE1FD-E1D4-49E3-A668-60BB5E7AED99}.docs|Any CPU.Build.0 = docs|Any CPU
		{FECCE1FD-E1D4-49E3-A668-60BB5E7AED99}.docs|x64.ActiveCfg = docs|x64
		{FECCE1FD-E1D4-49E3-A668-60BB5E7AED99}.docs|x64.Build.0 = docs|x64
		{FECCE1FD-E1D4-49E3-A668-60BB5E7AED99}.docs|x86.ActiveCfg = docs|x86
		{FECCE1FD-E1D4-49E3-A668-60BB5E7AED99}.docs|x86.Build.0 = docs|x86
		{FECCE1FD-E1D4-49E3-A668-60BB5E7AED99}.GCModeller(Release_X64)|Any CPU.ActiveCfg = GCModeller(Release_X64)|Any CPU
		{FECCE1FD-E1D4-49E3-A668-60BB5E7AED99}.GCModeller(Release_X64)|Any CPU.Build.0 = GCModeller(Release_X64)|Any CPU
		{FECCE1FD-E1D4-49E3-A668-60BB5E7AED99}.GCModeller(Release_X64)|x64.ActiveCfg = GCModeller(Release_X64)|x64
		{FECCE1FD-E1D4-49E3-A668-60BB5E7AED99}.GCModeller(Release_X64)|x64.Build.0 = GCModeller(Release_X64)|x64
		{FECCE1FD-E1D4-49E3-A668-60BB5E7AED99}.GCModeller(Release_X64)|x86.ActiveCfg = GCModeller(Release_X64)|x86
		{FECCE1FD-E1D4-49E3-A668-60BB5E7AED99}.GCModeller(Release_X64)|x86.Build.0 = GCModeller(Release_X64)|x86
		{FECCE1FD-E1D4-49E3-A668-60BB5E7AED99}.GCModeller(UNIX-Release_X64)|Any CPU.ActiveCfg = GCModeller(UNIX-Release_X64)|Any CPU
		{FECCE1FD-E1D4-49E3-A668-60BB5E7AED99}.GCModeller(UNIX-Release_X64)|Any CPU.Build.0 = GCModeller(UNIX-Release_X64)|Any CPU
		{FECCE1FD-E1D4-49E3-A668-60BB5E7AED99}.GCModeller(UNIX-Release_X64)|x64.ActiveCfg = GCModeller(UNIX-Release_X64)|x64
		{FECCE1FD-E1D4-49E3-A668-60BB5E7AED99}.GCModeller(UNIX-Release_X64)|x64.Build.0 = GCModeller(UNIX-Release_X64)|x64
		{FECCE1FD-E1D4-49E3-A668-60BB5E7AED99}.GCModeller(UNIX-Release_X64)|x86.ActiveCfg = GCModeller(UNIX-Release_X64)|x86
		{FECCE1FD-E1D4-49E3-A668-60BB5E7AED99}.GCModeller(UNIX-Release_X64)|x86.Build.0 = GCModeller(UNIX-Release_X64)|x86
		{FECCE1FD-E1D4-49E3-A668-60BB5E7AED99}.GTA5-game-test|Any CPU.ActiveCfg = GTA5-game-test|Any CPU
		{FECCE1FD-E1D4-49E3-A668-60BB5E7AED99}.GTA5-game-test|Any CPU.Build.0 = GTA5-game-test|Any CPU
		{FECCE1FD-E1D4-49E3-A668-60BB5E7AED99}.GTA5-game-test|x64.ActiveCfg = GTA5-game-test|x64
		{FECCE1FD-E1D4-49E3-A668-60BB5E7AED99}.GTA5-game-test|x64.Build.0 = GTA5-game-test|x64
		{FECCE1FD-E1D4-49E3-A668-60BB5E7AED99}.GTA5-game-test|x86.ActiveCfg = GTA5-game-test|x86
		{FECCE1FD-E1D4-49E3-A668-60BB5E7AED99}.GTA5-game-test|x86.Build.0 = GTA5-game-test|x86
		{FECCE1FD-E1D4-49E3-A668-60BB5E7AED99}.installer_x64|Any CPU.ActiveCfg = installer_x64|Any CPU
		{FECCE1FD-E1D4-49E3-A668-60BB5E7AED99}.installer_x64|Any CPU.Build.0 = installer_x64|Any CPU
		{FECCE1FD-E1D4-49E3-A668-60BB5E7AED99}.installer_x64|x64.ActiveCfg = installer_x64|x64
		{FECCE1FD-E1D4-49E3-A668-60BB5E7AED99}.installer_x64|x64.Build.0 = installer_x64|x64
		{FECCE1FD-E1D4-49E3-A668-60BB5E7AED99}.installer_x64|x86.ActiveCfg = installer_x64|x86
		{FECCE1FD-E1D4-49E3-A668-60BB5E7AED99}.installer_x64|x86.Build.0 = installer_x64|x86
		{FECCE1FD-E1D4-49E3-A668-60BB5E7AED99}.linux-profiler|Any CPU.ActiveCfg = linux-profiler|Any CPU
		{FECCE1FD-E1D4-49E3-A668-60BB5E7AED99}.linux-profiler|Any CPU.Build.0 = linux-profiler|Any CPU
		{FECCE1FD-E1D4-49E3-A668-60BB5E7AED99}.linux-profiler|x64.ActiveCfg = linux-profiler|x64
		{FECCE1FD-E1D4-49E3-A668-60BB5E7AED99}.linux-profiler|x64.Build.0 = linux-profiler|x64
		{FECCE1FD-E1D4-49E3-A668-60BB5E7AED99}.linux-profiler|x86.ActiveCfg = linux-profiler|x86
		{FECCE1FD-E1D4-49E3-A668-60BB5E7AED99}.linux-profiler|x86.Build.0 = linux-profiler|x86
		{FECCE1FD-E1D4-49E3-A668-60BB5E7AED99}.mysqli_X64_release|Any CPU.ActiveCfg = mysqli_X64_release|Any CPU
		{FECCE1FD-E1D4-49E3-A668-60BB5E7AED99}.mysqli_X64_release|Any CPU.Build.0 = mysqli_X64_release|Any CPU
		{FECCE1FD-E1D4-49E3-A668-60BB5E7AED99}.mysqli_X64_release|x64.ActiveCfg = mysqli_X64_release|x64
		{FECCE1FD-E1D4-49E3-A668-60BB5E7AED99}.mysqli_X64_release|x64.Build.0 = mysqli_X64_release|x64
		{FECCE1FD-E1D4-49E3-A668-60BB5E7AED99}.mysqli_X64_release|x86.ActiveCfg = mysqli_X64_release|x86
		{FECCE1FD-E1D4-49E3-A668-60BB5E7AED99}.mysqli_X64_release|x86.Build.0 = mysqli_X64_release|x86
		{FECCE1FD-E1D4-49E3-A668-60BB5E7AED99}.mzkit|Any CPU.ActiveCfg = mzkit|Any CPU
		{FECCE1FD-E1D4-49E3-A668-60BB5E7AED99}.mzkit|Any CPU.Build.0 = mzkit|Any CPU
		{FECCE1FD-E1D4-49E3-A668-60BB5E7AED99}.mzkit|x64.ActiveCfg = mzkit|x64
		{FECCE1FD-E1D4-49E3-A668-60BB5E7AED99}.mzkit|x64.Build.0 = mzkit|x64
		{FECCE1FD-E1D4-49E3-A668-60BB5E7AED99}.mzkit|x86.ActiveCfg = mzkit|x86
		{FECCE1FD-E1D4-49E3-A668-60BB5E7AED99}.mzkit|x86.Build.0 = mzkit|x86
		{FECCE1FD-E1D4-49E3-A668-60BB5E7AED99}.node-debug|Any CPU.ActiveCfg = node-debug|Any CPU
		{FECCE1FD-E1D4-49E3-A668-60BB5E7AED99}.node-debug|Any CPU.Build.0 = node-debug|Any CPU
		{FECCE1FD-E1D4-49E3-A668-60BB5E7AED99}.node-debug|x64.ActiveCfg = node-debug|x64
		{FECCE1FD-E1D4-49E3-A668-60BB5E7AED99}.node-debug|x64.Build.0 = node-debug|x64
		{FECCE1FD-E1D4-49E3-A668-60BB5E7AED99}.node-debug|x86.ActiveCfg = node-debug|x86
		{FECCE1FD-E1D4-49E3-A668-60BB5E7AED99}.node-debug|x86.Build.0 = node-debug|x86
		{FECCE1FD-E1D4-49E3-A668-60BB5E7AED99}.PlantMAT|Any CPU.ActiveCfg = PlantMAT|Any CPU
		{FECCE1FD-E1D4-49E3-A668-60BB5E7AED99}.PlantMAT|Any CPU.Build.0 = PlantMAT|Any CPU
		{FECCE1FD-E1D4-49E3-A668-60BB5E7AED99}.PlantMAT|x64.ActiveCfg = PlantMAT|x64
		{FECCE1FD-E1D4-49E3-A668-60BB5E7AED99}.PlantMAT|x64.Build.0 = PlantMAT|x64
		{FECCE1FD-E1D4-49E3-A668-60BB5E7AED99}.PlantMAT|x86.ActiveCfg = PlantMAT|x86
		{FECCE1FD-E1D4-49E3-A668-60BB5E7AED99}.PlantMAT|x86.Build.0 = PlantMAT|x86
		{FECCE1FD-E1D4-49E3-A668-60BB5E7AED99}.ProteoWizard.d|Any CPU.ActiveCfg = ProteoWizard.d|Any CPU
		{FECCE1FD-E1D4-49E3-A668-60BB5E7AED99}.ProteoWizard.d|Any CPU.Build.0 = ProteoWizard.d|Any CPU
		{FECCE1FD-E1D4-49E3-A668-60BB5E7AED99}.ProteoWizard.d|x64.ActiveCfg = ProteoWizard.d|x64
		{FECCE1FD-E1D4-49E3-A668-60BB5E7AED99}.ProteoWizard.d|x64.Build.0 = ProteoWizard.d|x64
		{FECCE1FD-E1D4-49E3-A668-60BB5E7AED99}.ProteoWizard.d|x86.ActiveCfg = ProteoWizard.d|x86
		{FECCE1FD-E1D4-49E3-A668-60BB5E7AED99}.ProteoWizard.d|x86.Build.0 = ProteoWizard.d|x86
		{FECCE1FD-E1D4-49E3-A668-60BB5E7AED99}.Publish|Any CPU.ActiveCfg = Publish|Any CPU
		{FECCE1FD-E1D4-49E3-A668-60BB5E7AED99}.Publish|Any CPU.Build.0 = Publish|Any CPU
		{FECCE1FD-E1D4-49E3-A668-60BB5E7AED99}.Publish|x64.ActiveCfg = Publish|x64
		{FECCE1FD-E1D4-49E3-A668-60BB5E7AED99}.Publish|x64.Build.0 = Publish|x64
		{FECCE1FD-E1D4-49E3-A668-60BB5E7AED99}.Publish|x86.ActiveCfg = Publish|x86
		{FECCE1FD-E1D4-49E3-A668-60BB5E7AED99}.Publish|x86.Build.0 = Publish|x86
		{FECCE1FD-E1D4-49E3-A668-60BB5E7AED99}.R-dotnet|Any CPU.ActiveCfg = R-dotnet|Any CPU
		{FECCE1FD-E1D4-49E3-A668-60BB5E7AED99}.R-dotnet|Any CPU.Build.0 = R-dotnet|Any CPU
		{FECCE1FD-E1D4-49E3-A668-60BB5E7AED99}.R-dotnet|x64.ActiveCfg = R-dotnet|x64
		{FECCE1FD-E1D4-49E3-A668-60BB5E7AED99}.R-dotnet|x64.Build.0 = R-dotnet|x64
		{FECCE1FD-E1D4-49E3-A668-60BB5E7AED99}.R-dotnet|x86.ActiveCfg = R-dotnet|x86
		{FECCE1FD-E1D4-49E3-A668-60BB5E7AED99}.R-dotnet|x86.Build.0 = R-dotnet|x86
		{FECCE1FD-E1D4-49E3-A668-60BB5E7AED99}.Release|Any CPU.ActiveCfg = Release|Any CPU
		{FECCE1FD-E1D4-49E3-A668-60BB5E7AED99}.Release|Any CPU.Build.0 = Release|Any CPU
		{FECCE1FD-E1D4-49E3-A668-60BB5E7AED99}.Release|x64.ActiveCfg = Release|x64
		{FECCE1FD-E1D4-49E3-A668-60BB5E7AED99}.Release|x64.Build.0 = Release|x64
		{FECCE1FD-E1D4-49E3-A668-60BB5E7AED99}.Release|x86.ActiveCfg = Release|x86
		{FECCE1FD-E1D4-49E3-A668-60BB5E7AED99}.Release|x86.Build.0 = Release|x86
		{FECCE1FD-E1D4-49E3-A668-60BB5E7AED99}.Rsharp_app_release|Any CPU.ActiveCfg = Rsharp_app_release|Any CPU
		{FECCE1FD-E1D4-49E3-A668-60BB5E7AED99}.Rsharp_app_release|Any CPU.Build.0 = Rsharp_app_release|Any CPU
		{FECCE1FD-E1D4-49E3-A668-60BB5E7AED99}.Rsharp_app_release|x64.ActiveCfg = Rsharp_app_release|x64
		{FECCE1FD-E1D4-49E3-A668-60BB5E7AED99}.Rsharp_app_release|x64.Build.0 = Rsharp_app_release|x64
		{FECCE1FD-E1D4-49E3-A668-60BB5E7AED99}.Rsharp_app_release|x86.ActiveCfg = Rsharp_app_release|x86
		{FECCE1FD-E1D4-49E3-A668-60BB5E7AED99}.Rsharp_app_release|x86.Build.0 = Rsharp_app_release|x86
		{FECCE1FD-E1D4-49E3-A668-60BB5E7AED99}.sciBASIC.NET-test-release|Any CPU.ActiveCfg = sciBASIC.NET-test-release|Any CPU
		{FECCE1FD-E1D4-49E3-A668-60BB5E7AED99}.sciBASIC.NET-test-release|Any CPU.Build.0 = sciBASIC.NET-test-release|Any CPU
		{FECCE1FD-E1D4-49E3-A668-60BB5E7AED99}.sciBASIC.NET-test-release|x64.ActiveCfg = sciBASIC.NET-test-release|x64
		{FECCE1FD-E1D4-49E3-A668-60BB5E7AED99}.sciBASIC.NET-test-release|x64.Build.0 = sciBASIC.NET-test-release|x64
		{FECCE1FD-E1D4-49E3-A668-60BB5E7AED99}.sciBASIC.NET-test-release|x86.ActiveCfg = sciBASIC.NET-test-release|x86
		{FECCE1FD-E1D4-49E3-A668-60BB5E7AED99}.sciBASIC.NET-test-release|x86.Build.0 = sciBASIC.NET-test-release|x86
		{FECCE1FD-E1D4-49E3-A668-60BB5E7AED99}.Surveillance-of-infectious-diseases|Any CPU.ActiveCfg = Surveillance-of-infectious-diseases|Any CPU
		{FECCE1FD-E1D4-49E3-A668-60BB5E7AED99}.Surveillance-of-infectious-diseases|Any CPU.Build.0 = Surveillance-of-infectious-diseases|Any CPU
		{FECCE1FD-E1D4-49E3-A668-60BB5E7AED99}.Surveillance-of-infectious-diseases|x64.ActiveCfg = Surveillance-of-infectious-diseases|x64
		{FECCE1FD-E1D4-49E3-A668-60BB5E7AED99}.Surveillance-of-infectious-diseases|x64.Build.0 = Surveillance-of-infectious-diseases|x64
		{FECCE1FD-E1D4-49E3-A668-60BB5E7AED99}.Surveillance-of-infectious-diseases|x86.ActiveCfg = Surveillance-of-infectious-diseases|x86
		{FECCE1FD-E1D4-49E3-A668-60BB5E7AED99}.Surveillance-of-infectious-diseases|x86.Build.0 = Surveillance-of-infectious-diseases|x86
		{FECCE1FD-E1D4-49E3-A668-60BB5E7AED99}.test|Any CPU.ActiveCfg = test|Any CPU
		{FECCE1FD-E1D4-49E3-A668-60BB5E7AED99}.test|Any CPU.Build.0 = test|Any CPU
		{FECCE1FD-E1D4-49E3-A668-60BB5E7AED99}.test|x64.ActiveCfg = test|x64
		{FECCE1FD-E1D4-49E3-A668-60BB5E7AED99}.test|x64.Build.0 = test|x64
		{FECCE1FD-E1D4-49E3-A668-60BB5E7AED99}.test|x86.ActiveCfg = test|x86
		{FECCE1FD-E1D4-49E3-A668-60BB5E7AED99}.test|x86.Build.0 = test|x86
		{FECCE1FD-E1D4-49E3-A668-60BB5E7AED99}.Voyager1|Any CPU.ActiveCfg = Voyager1|Any CPU
		{FECCE1FD-E1D4-49E3-A668-60BB5E7AED99}.Voyager1|Any CPU.Build.0 = Voyager1|Any CPU
		{FECCE1FD-E1D4-49E3-A668-60BB5E7AED99}.Voyager1|x64.ActiveCfg = Voyager1|x64
		{FECCE1FD-E1D4-49E3-A668-60BB5E7AED99}.Voyager1|x64.Build.0 = Voyager1|x64
		{FECCE1FD-E1D4-49E3-A668-60BB5E7AED99}.Voyager1|x86.ActiveCfg = Voyager1|x86
		{FECCE1FD-E1D4-49E3-A668-60BB5E7AED99}.Voyager1|x86.Build.0 = Voyager1|x86
		{FECCE1FD-E1D4-49E3-A668-60BB5E7AED99}.WebAssembly|Any CPU.ActiveCfg = WebAssembly|Any CPU
		{FECCE1FD-E1D4-49E3-A668-60BB5E7AED99}.WebAssembly|Any CPU.Build.0 = WebAssembly|Any CPU
		{FECCE1FD-E1D4-49E3-A668-60BB5E7AED99}.WebAssembly|x64.ActiveCfg = WebAssembly|x64
		{FECCE1FD-E1D4-49E3-A668-60BB5E7AED99}.WebAssembly|x64.Build.0 = WebAssembly|x64
		{FECCE1FD-E1D4-49E3-A668-60BB5E7AED99}.WebAssembly|x86.ActiveCfg = WebAssembly|x86
		{FECCE1FD-E1D4-49E3-A668-60BB5E7AED99}.WebAssembly|x86.Build.0 = WebAssembly|x86
		{FECCE1FD-E1D4-49E3-A668-60BB5E7AED99}.Yilia-Release_x64|Any CPU.ActiveCfg = Yilia-Release_x64|Any CPU
		{FECCE1FD-E1D4-49E3-A668-60BB5E7AED99}.Yilia-Release_x64|Any CPU.Build.0 = Yilia-Release_x64|Any CPU
		{FECCE1FD-E1D4-49E3-A668-60BB5E7AED99}.Yilia-Release_x64|x64.ActiveCfg = Yilia-Release_x64|x64
		{FECCE1FD-E1D4-49E3-A668-60BB5E7AED99}.Yilia-Release_x64|x64.Build.0 = Yilia-Release_x64|x64
		{FECCE1FD-E1D4-49E3-A668-60BB5E7AED99}.Yilia-Release_x64|x86.ActiveCfg = Yilia-Release_x64|x86
		{FECCE1FD-E1D4-49E3-A668-60BB5E7AED99}.Yilia-Release_x64|x86.Build.0 = Yilia-Release_x64|x86
	EndGlobalSection
	GlobalSection(SolutionProperties) = preSolution
		HideSolutionNode = FALSE
	EndGlobalSection
	GlobalSection(ExtensibilityGlobals) = postSolution
		SolutionGuid = {3F9F0A56-B04E-4839-9073-395A4E8900BF}
	EndGlobalSection
EndGlobal
