<Solution>
  <Configurations>
    <BuildType Name="Biodeep" />
    <BuildType Name="Biodeep_UNIX_x64" />
    <BuildType Name="Biostack" />
    <BuildType Name="Biostack-Debug" />
    <BuildType Name="CFD_win32" />
    <BuildType Name="Debug" />
    <BuildType Name="DEMO" />
    <BuildType Name="Docker" />
    <BuildType Name="docs" />
    <BuildType Name="GCModeller(Release_X64)" />
    <BuildType Name="GCModeller(UNIX-Release_X64)" />
    <BuildType Name="gcmodeller_desktop" />
    <BuildType Name="installer_x64" />
    <BuildType Name="LipidSearch" />
    <BuildType Name="mysqli_X64_release" />
    <BuildType Name="mzkit" />
    <BuildType Name="mzkit_win32" />
    <BuildType Name="NPSearch" />
    <BuildType Name="nuget_release" />
    <BuildType Name="PlantMAT" />
    <BuildType Name="ProteoWizard.d" />
    <BuildType Name="Publish" />
    <BuildType Name="Release" />
    <BuildType Name="Rsharp_app_release" />
    <BuildType Name="sciBASIC.NET-test-release" />
    <BuildType Name="Surveillance-of-infectious-diseases" />
    <BuildType Name="Yilia-Release_x64" />
    <Platform Name="Any CPU" />
    <Platform Name="x64" />
    <Platform Name="x86" />
  </Configurations>
  <Folder Name="/framework/">
    <Project Path="../Microsoft.VisualBasic.Core/src/Core.vbproj">
      <BuildType Solution="Biodeep_UNIX_x64|*" Project="Debug" />
      <BuildType Solution="Biodeep|*" Project="Debug" />
      <BuildType Solution="Biostack-Debug|*" Project="Debug" />
      <BuildType Solution="Biostack|*" Project="Debug" />
      <BuildType Solution="DEMO|*" Project="Debug" />
      <BuildType Solution="docs|*" Project="Docker" />
      <BuildType Solution="GCModeller(Release_X64)|*" Project="gcmodeller_desktop" />
      <BuildType Solution="GCModeller(UNIX-Release_X64)|*" Project="gcmodeller_desktop" />
      <BuildType Solution="installer_x64|*" Project="Debug" />
      <BuildType Solution="mysqli_X64_release|*" Project="mzkit_win32" />
      <BuildType Solution="ProteoWizard.d|*" Project="PlantMAT" />
      <BuildType Solution="Publish|*" Project="PlantMAT" />
      <BuildType Solution="sciBASIC.NET-test-release|*" Project="Debug" />
      <BuildType Solution="Surveillance-of-infectious-diseases|*" Project="Debug" />
      <BuildType Solution="Yilia-Release_x64|*" Project="Release" />
      <Platform Solution="*|x64" Project="x64" />
      <Platform Solution="*|x86" Project="x86" />
    </Project>
    <Project Path="../mime/text%html/html_netcore5.vbproj">
      <BuildType Solution="Biodeep_UNIX_x64|*" Project="Debug" />
      <BuildType Solution="Biodeep|*" Project="Debug" />
      <BuildType Solution="Biostack-Debug|*" Project="Debug" />
      <BuildType Solution="Biostack|*" Project="Debug" />
      <BuildType Solution="DEMO|*" Project="Debug" />
      <BuildType Solution="Docker|*" Project="Debug" />
      <BuildType Solution="docs|*" Project="Debug" />
      <BuildType Solution="GCModeller(Release_X64)|*" Project="gcmodeller_desktop" />
      <BuildType Solution="GCModeller(UNIX-Release_X64)|*" Project="gcmodeller_desktop" />
      <BuildType Solution="installer_x64|*" Project="Debug" />
      <BuildType Solution="mysqli_X64_release|*" Project="mzkit_win32" />
      <BuildType Solution="PlantMAT|*" Project="Debug" />
      <BuildType Solution="ProteoWizard.d|*" Project="Debug" />
      <BuildType Solution="Publish|*" Project="Debug" />
      <BuildType Solution="sciBASIC.NET-test-release|*" Project="Debug" />
      <BuildType Solution="Surveillance-of-infectious-diseases|*" Project="Debug" />
      <BuildType Solution="Yilia-Release_x64|*" Project="Release" />
      <Platform Solution="*|x64" Project="x64" />
    </Project>
  </Folder>
  <Project Path="../../../../../galaxy/src/WebViewHelper/WebViewHelper.shproj" Id="ceb7782e-585a-48f5-95b9-4c01cead6b0c" />
  <Project Path="../mime/text%markdown/markdown.NET5.vbproj">
    <BuildType Solution="Biodeep_UNIX_x64|*" Project="Debug" />
    <BuildType Solution="Biodeep|*" Project="Debug" />
    <BuildType Solution="Biostack-Debug|*" Project="Debug" />
    <BuildType Solution="Biostack|*" Project="Debug" />
    <BuildType Solution="CFD_win32|*" Project="Debug" />
    <BuildType Solution="DEMO|*" Project="Debug" />
    <BuildType Solution="Docker|*" Project="Debug" />
    <BuildType Solution="docs|*" Project="Debug" />
    <BuildType Solution="GCModeller(Release_X64)|*" Project="gcmodeller_desktop" />
    <BuildType Solution="GCModeller(UNIX-Release_X64)|*" Project="gcmodeller_desktop" />
    <BuildType Solution="installer_x64|*" Project="Debug" />
    <BuildType Solution="mysqli_X64_release|*" Project="mzkit_win32" />
    <BuildType Solution="mzkit|*" Project="mzkit_win32" />
    <BuildType Solution="NPSearch|*" Project="nuget_release" />
    <BuildType Solution="PlantMAT|*" Project="Debug" />
    <BuildType Solution="ProteoWizard.d|*" Project="Debug" />
    <BuildType Solution="Publish|*" Project="Debug" />
    <BuildType Solution="sciBASIC.NET-test-release|*" Project="Debug" />
    <BuildType Solution="Surveillance-of-infectious-diseases|*" Project="Debug" />
    <BuildType Solution="Yilia-Release_x64|*" Project="Release" />
    <Platform Solution="*|x64" Project="x64" />
  </Project>
  <Project Path="Marked/Marked.vbproj" Id="2de1c644-d882-4616-a0e6-f8bb230ea685">
    <BuildType Solution="Biodeep_UNIX_x64|*" Project="Release" />
    <BuildType Solution="Biodeep|*" Project="Release" />
    <BuildType Solution="Biostack-Debug|*" Project="Release" />
    <BuildType Solution="Biostack|*" Project="Release" />
    <BuildType Solution="CFD_win32|*" Project="Release" />
    <BuildType Solution="DEMO|*" Project="Release" />
    <BuildType Solution="Docker|*" Project="Release" />
    <BuildType Solution="docs|*" Project="Release" />
    <BuildType Solution="GCModeller(Release_X64)|*" Project="Release" />
    <BuildType Solution="GCModeller(UNIX-Release_X64)|*" Project="Release" />
    <BuildType Solution="gcmodeller_desktop|*" Project="Release" />
    <BuildType Solution="installer_x64|*" Project="Debug" />
    <BuildType Solution="LipidSearch|*" Project="Debug" />
    <BuildType Solution="mysqli_X64_release|*" Project="Release" />
    <BuildType Solution="mzkit_win32|*" Project="Release" />
    <BuildType Solution="mzkit|*" Project="Debug" />
    <BuildType Solution="NPSearch|*" Project="Debug" />
    <BuildType Solution="nuget_release|*" Project="Release" />
    <BuildType Solution="PlantMAT|*" Project="Release" />
    <BuildType Solution="ProteoWizard.d|*" Project="Release" />
    <BuildType Solution="Publish|*" Project="Release" />
    <BuildType Solution="Rsharp_app_release|*" Project="Release" />
    <BuildType Solution="sciBASIC.NET-test-release|*" Project="Release" />
    <BuildType Solution="Surveillance-of-infectious-diseases|*" Project="Release" />
    <BuildType Solution="Yilia-Release_x64|*" Project="Release" />
    <Platform Solution="Debug|x64" Project="x64" />
  </Project>
</Solution>
