
Microsoft Visual Studio Solution File, Format Version 12.00
# Visual Studio 15
VisualStudioVersion = 15.0.26403.0
MinimumVisualStudioVersion = 10.0.40219.1
Project("{F184B08F-C81C-45F6-A57F-5ABD9991F28F}") = "Microsoft.VisualBasic.Imaging", "..\Microsoft.VisualBasic.Imaging\Microsoft.VisualBasic.Imaging.vbproj", "{85E71B4B-9276-4EC8-AADC-C849205F1EA8}"
EndProject
Project("{F184B08F-C81C-45F6-A57F-5ABD9991F28F}") = "Landscape", "..\Landscape\Landscape.vbproj", "{CCD693C3-EE09-473A-8344-26E05B373394}"
EndProject
Project("{2150E333-8FDC-42A3-9474-1A3956D46DE8}") = "runtime", "runtime", "{AFCC8068-49D2-4A75-80AB-22055703DD48}"
EndProject
Project("{F184B08F-C81C-45F6-A57F-5ABD9991F28F}") = "MIME-htmls", "..\..\mime\text%html\MIME-htmls.vbproj", "{2DD4BE80-DDC3-4767-94A7-10F1C3395716}"
EndProject
Project("{F184B08F-C81C-45F6-A57F-5ABD9991F28F}") = "3DEngineTest", "3DEngineTest\3DEngineTest.vbproj", "{2C5B56A6-7A48-457F-B347-3E15CF82D579}"
EndProject
Project("{2150E333-8FDC-42A3-9474-1A3956D46DE8}") = "3D_engine", "3D_engine", "{DE14F4CA-11EF-40E1-993F-170D476C8E50}"
EndProject
Project("{F184B08F-C81C-45F6-A57F-5ABD9991F28F}") = "IsometricView", "..\build_3DEngine\Isometric\IsometricView\IsometricView.vbproj", "{BFD4796B-581C-42C9-9868-792496E0C064}"
EndProject
Project("{F184B08F-C81C-45F6-A57F-5ABD9991F28F}") = "47-dotnet_Microsoft.VisualBasic", "..\..\Microsoft.VisualBasic.Core\src\47-dotnet_Microsoft.VisualBasic.vbproj"", "{FECCE1FD-E1D4-49E3-A668-60BB5E7AED99}"
EndProject
Project("{F184B08F-C81C-45F6-A57F-5ABD9991F28F}") = "math-core", "..\..\Data_science\Mathematica\Math\Math\math-core.vbproj", "{E3367B88-5D0C-495A-8273-331656D4B5AA}"
EndProject
Global
	GlobalSection(SolutionConfigurationPlatforms) = preSolution
		Biodeep_UNIX_x64|Any CPU = Biodeep_UNIX_x64|Any CPU
		Biodeep_UNIX_x64|x64 = Biodeep_UNIX_x64|x64
		Biodeep_UNIX_x64|x86 = Biodeep_UNIX_x64|x86
		Biodeep|Any CPU = Biodeep|Any CPU
		Biodeep|x64 = Biodeep|x64
		Biodeep|x86 = Biodeep|x86
		Debug|Any CPU = Debug|Any CPU
		Debug|x64 = Debug|x64
		Debug|x86 = Debug|x86
		DEMO|Any CPU = DEMO|Any CPU
		DEMO|x64 = DEMO|x64
		DEMO|x86 = DEMO|x86
		docs|Any CPU = docs|Any CPU
		docs|x64 = docs|x64
		docs|x86 = docs|x86
		GCModeller(Release_X64)|Any CPU = GCModeller(Release_X64)|Any CPU
		GCModeller(Release_X64)|x64 = GCModeller(Release_X64)|x64
		GCModeller(Release_X64)|x86 = GCModeller(Release_X64)|x86
		GCModeller(UNIX-Release_X64)|Any CPU = GCModeller(UNIX-Release_X64)|Any CPU
		GCModeller(UNIX-Release_X64)|x64 = GCModeller(UNIX-Release_X64)|x64
		GCModeller(UNIX-Release_X64)|x86 = GCModeller(UNIX-Release_X64)|x86
		installer_x64|Any CPU = installer_x64|Any CPU
		installer_x64|x64 = installer_x64|x64
		installer_x64|x86 = installer_x64|x86
		mysqli_X64_release|Any CPU = mysqli_X64_release|Any CPU
		mysqli_X64_release|x64 = mysqli_X64_release|x64
		mysqli_X64_release|x86 = mysqli_X64_release|x86
		ProteoWizard.d|Any CPU = ProteoWizard.d|Any CPU
		ProteoWizard.d|x64 = ProteoWizard.d|x64
		ProteoWizard.d|x86 = ProteoWizard.d|x86
		Publish|Any CPU = Publish|Any CPU
		Publish|x64 = Publish|x64
		Publish|x86 = Publish|x86
		Release|Any CPU = Release|Any CPU
		Release|x64 = Release|x64
		Release|x86 = Release|x86
		Release2|Any CPU = Release2|Any CPU
		Release2|x64 = Release2|x64
		Release2|x86 = Release2|x86
		sciBASIC.NET-test-release|Any CPU = sciBASIC.NET-test-release|Any CPU
		sciBASIC.NET-test-release|x64 = sciBASIC.NET-test-release|x64
		sciBASIC.NET-test-release|x86 = sciBASIC.NET-test-release|x86
		Surveillance-of-infectious-diseases|Any CPU = Surveillance-of-infectious-diseases|Any CPU
		Surveillance-of-infectious-diseases|x64 = Surveillance-of-infectious-diseases|x64
		Surveillance-of-infectious-diseases|x86 = Surveillance-of-infectious-diseases|x86
		Yilia-Release_x64|Any CPU = Yilia-Release_x64|Any CPU
		Yilia-Release_x64|x64 = Yilia-Release_x64|x64
		Yilia-Release_x64|x86 = Yilia-Release_x64|x86
	EndGlobalSection
	GlobalSection(ProjectConfigurationPlatforms) = postSolution
		{85E71B4B-9276-4EC8-AADC-C849205F1EA8}.Biodeep_UNIX_x64|Any CPU.ActiveCfg = Biodeep_UNIX_x64|Any CPU
		{85E71B4B-9276-4EC8-AADC-C849205F1EA8}.Biodeep_UNIX_x64|Any CPU.Build.0 = Biodeep_UNIX_x64|Any CPU
		{85E71B4B-9276-4EC8-AADC-C849205F1EA8}.Biodeep_UNIX_x64|x64.ActiveCfg = Biodeep_UNIX_x64|x64
		{85E71B4B-9276-4EC8-AADC-C849205F1EA8}.Biodeep_UNIX_x64|x64.Build.0 = Biodeep_UNIX_x64|x64
		{85E71B4B-9276-4EC8-AADC-C849205F1EA8}.Biodeep_UNIX_x64|x86.ActiveCfg = Biodeep_UNIX_x64|x86
		{85E71B4B-9276-4EC8-AADC-C849205F1EA8}.Biodeep_UNIX_x64|x86.Build.0 = Biodeep_UNIX_x64|x86
		{85E71B4B-9276-4EC8-AADC-C849205F1EA8}.Biodeep|Any CPU.ActiveCfg = Biodeep|Any CPU
		{85E71B4B-9276-4EC8-AADC-C849205F1EA8}.Biodeep|Any CPU.Build.0 = Biodeep|Any CPU
		{85E71B4B-9276-4EC8-AADC-C849205F1EA8}.Biodeep|x64.ActiveCfg = Biodeep|x64
		{85E71B4B-9276-4EC8-AADC-C849205F1EA8}.Biodeep|x64.Build.0 = Biodeep|x64
		{85E71B4B-9276-4EC8-AADC-C849205F1EA8}.Biodeep|x86.ActiveCfg = Biodeep|x86
		{85E71B4B-9276-4EC8-AADC-C849205F1EA8}.Biodeep|x86.Build.0 = Biodeep|x86
		{85E71B4B-9276-4EC8-AADC-C849205F1EA8}.Debug|Any CPU.ActiveCfg = Debug|Any CPU
		{85E71B4B-9276-4EC8-AADC-C849205F1EA8}.Debug|Any CPU.Build.0 = Debug|Any CPU
		{85E71B4B-9276-4EC8-AADC-C849205F1EA8}.Debug|x64.ActiveCfg = Debug|x64
		{85E71B4B-9276-4EC8-AADC-C849205F1EA8}.Debug|x64.Build.0 = Debug|x64
		{85E71B4B-9276-4EC8-AADC-C849205F1EA8}.Debug|x86.ActiveCfg = Debug|x86
		{85E71B4B-9276-4EC8-AADC-C849205F1EA8}.Debug|x86.Build.0 = Debug|x86
		{85E71B4B-9276-4EC8-AADC-C849205F1EA8}.DEMO|Any CPU.ActiveCfg = Debug|Any CPU
		{85E71B4B-9276-4EC8-AADC-C849205F1EA8}.DEMO|Any CPU.Build.0 = Debug|Any CPU
		{85E71B4B-9276-4EC8-AADC-C849205F1EA8}.DEMO|x64.ActiveCfg = Debug|x64
		{85E71B4B-9276-4EC8-AADC-C849205F1EA8}.DEMO|x64.Build.0 = Debug|x64
		{85E71B4B-9276-4EC8-AADC-C849205F1EA8}.DEMO|x86.ActiveCfg = Debug|x86
		{85E71B4B-9276-4EC8-AADC-C849205F1EA8}.DEMO|x86.Build.0 = Debug|x86
		{85E71B4B-9276-4EC8-AADC-C849205F1EA8}.docs|Any CPU.ActiveCfg = docs|Any CPU
		{85E71B4B-9276-4EC8-AADC-C849205F1EA8}.docs|Any CPU.Build.0 = docs|Any CPU
		{85E71B4B-9276-4EC8-AADC-C849205F1EA8}.docs|x64.ActiveCfg = docs|x64
		{85E71B4B-9276-4EC8-AADC-C849205F1EA8}.docs|x64.Build.0 = docs|x64
		{85E71B4B-9276-4EC8-AADC-C849205F1EA8}.docs|x86.ActiveCfg = docs|x86
		{85E71B4B-9276-4EC8-AADC-C849205F1EA8}.docs|x86.Build.0 = docs|x86
		{85E71B4B-9276-4EC8-AADC-C849205F1EA8}.GCModeller(Release_X64)|Any CPU.ActiveCfg = GCModeller(Release_X64)|Any CPU
		{85E71B4B-9276-4EC8-AADC-C849205F1EA8}.GCModeller(Release_X64)|Any CPU.Build.0 = GCModeller(Release_X64)|Any CPU
		{85E71B4B-9276-4EC8-AADC-C849205F1EA8}.GCModeller(Release_X64)|x64.ActiveCfg = GCModeller(Release_X64)|x64
		{85E71B4B-9276-4EC8-AADC-C849205F1EA8}.GCModeller(Release_X64)|x64.Build.0 = GCModeller(Release_X64)|x64
		{85E71B4B-9276-4EC8-AADC-C849205F1EA8}.GCModeller(Release_X64)|x86.ActiveCfg = GCModeller(Release_X64)|x86
		{85E71B4B-9276-4EC8-AADC-C849205F1EA8}.GCModeller(Release_X64)|x86.Build.0 = GCModeller(Release_X64)|x86
		{85E71B4B-9276-4EC8-AADC-C849205F1EA8}.GCModeller(UNIX-Release_X64)|Any CPU.ActiveCfg = GCModeller(UNIX-Release_X64)|Any CPU
		{85E71B4B-9276-4EC8-AADC-C849205F1EA8}.GCModeller(UNIX-Release_X64)|Any CPU.Build.0 = GCModeller(UNIX-Release_X64)|Any CPU
		{85E71B4B-9276-4EC8-AADC-C849205F1EA8}.GCModeller(UNIX-Release_X64)|x64.ActiveCfg = GCModeller(UNIX-Release_X64)|x64
		{85E71B4B-9276-4EC8-AADC-C849205F1EA8}.GCModeller(UNIX-Release_X64)|x64.Build.0 = GCModeller(UNIX-Release_X64)|x64
		{85E71B4B-9276-4EC8-AADC-C849205F1EA8}.GCModeller(UNIX-Release_X64)|x86.ActiveCfg = GCModeller(UNIX-Release_X64)|x86
		{85E71B4B-9276-4EC8-AADC-C849205F1EA8}.GCModeller(UNIX-Release_X64)|x86.Build.0 = GCModeller(UNIX-Release_X64)|x86
		{85E71B4B-9276-4EC8-AADC-C849205F1EA8}.installer_x64|Any CPU.ActiveCfg = installer_x64|Any CPU
		{85E71B4B-9276-4EC8-AADC-C849205F1EA8}.installer_x64|Any CPU.Build.0 = installer_x64|Any CPU
		{85E71B4B-9276-4EC8-AADC-C849205F1EA8}.installer_x64|x64.ActiveCfg = installer_x64|x64
		{85E71B4B-9276-4EC8-AADC-C849205F1EA8}.installer_x64|x64.Build.0 = installer_x64|x64
		{85E71B4B-9276-4EC8-AADC-C849205F1EA8}.installer_x64|x86.ActiveCfg = installer_x64|x86
		{85E71B4B-9276-4EC8-AADC-C849205F1EA8}.installer_x64|x86.Build.0 = installer_x64|x86
		{85E71B4B-9276-4EC8-AADC-C849205F1EA8}.mysqli_X64_release|Any CPU.ActiveCfg = Biodeep_UNIX_x64|Any CPU
		{85E71B4B-9276-4EC8-AADC-C849205F1EA8}.mysqli_X64_release|Any CPU.Build.0 = Biodeep_UNIX_x64|Any CPU
		{85E71B4B-9276-4EC8-AADC-C849205F1EA8}.mysqli_X64_release|x64.ActiveCfg = Biodeep_UNIX_x64|x64
		{85E71B4B-9276-4EC8-AADC-C849205F1EA8}.mysqli_X64_release|x64.Build.0 = Biodeep_UNIX_x64|x64
		{85E71B4B-9276-4EC8-AADC-C849205F1EA8}.mysqli_X64_release|x86.ActiveCfg = Biodeep_UNIX_x64|x86
		{85E71B4B-9276-4EC8-AADC-C849205F1EA8}.mysqli_X64_release|x86.Build.0 = Biodeep_UNIX_x64|x86
		{85E71B4B-9276-4EC8-AADC-C849205F1EA8}.ProteoWizard.d|Any CPU.ActiveCfg = Publish|Any CPU
		{85E71B4B-9276-4EC8-AADC-C849205F1EA8}.ProteoWizard.d|Any CPU.Build.0 = Publish|Any CPU
		{85E71B4B-9276-4EC8-AADC-C849205F1EA8}.ProteoWizard.d|x64.ActiveCfg = Publish|x64
		{85E71B4B-9276-4EC8-AADC-C849205F1EA8}.ProteoWizard.d|x64.Build.0 = Publish|x64
		{85E71B4B-9276-4EC8-AADC-C849205F1EA8}.ProteoWizard.d|x86.ActiveCfg = Publish|x86
		{85E71B4B-9276-4EC8-AADC-C849205F1EA8}.ProteoWizard.d|x86.Build.0 = Publish|x86
		{85E71B4B-9276-4EC8-AADC-C849205F1EA8}.Publish|Any CPU.ActiveCfg = Publish|Any CPU
		{85E71B4B-9276-4EC8-AADC-C849205F1EA8}.Publish|Any CPU.Build.0 = Publish|Any CPU
		{85E71B4B-9276-4EC8-AADC-C849205F1EA8}.Publish|x64.ActiveCfg = Publish|x64
		{85E71B4B-9276-4EC8-AADC-C849205F1EA8}.Publish|x64.Build.0 = Publish|x64
		{85E71B4B-9276-4EC8-AADC-C849205F1EA8}.Publish|x86.ActiveCfg = Publish|x86
		{85E71B4B-9276-4EC8-AADC-C849205F1EA8}.Publish|x86.Build.0 = Publish|x86
		{85E71B4B-9276-4EC8-AADC-C849205F1EA8}.Release|Any CPU.ActiveCfg = Release|Any CPU
		{85E71B4B-9276-4EC8-AADC-C849205F1EA8}.Release|Any CPU.Build.0 = Release|Any CPU
		{85E71B4B-9276-4EC8-AADC-C849205F1EA8}.Release|x64.ActiveCfg = Release|x64
		{85E71B4B-9276-4EC8-AADC-C849205F1EA8}.Release|x64.Build.0 = Release|x64
		{85E71B4B-9276-4EC8-AADC-C849205F1EA8}.Release|x86.ActiveCfg = Release|Any CPU
		{85E71B4B-9276-4EC8-AADC-C849205F1EA8}.Release|x86.Build.0 = Release|Any CPU
		{85E71B4B-9276-4EC8-AADC-C849205F1EA8}.Release2|Any CPU.ActiveCfg = Release|Any CPU
		{85E71B4B-9276-4EC8-AADC-C849205F1EA8}.Release2|Any CPU.Build.0 = Release|Any CPU
		{85E71B4B-9276-4EC8-AADC-C849205F1EA8}.Release2|x64.ActiveCfg = Release|x64
		{85E71B4B-9276-4EC8-AADC-C849205F1EA8}.Release2|x64.Build.0 = Release|x64
		{85E71B4B-9276-4EC8-AADC-C849205F1EA8}.Release2|x86.ActiveCfg = Release|x86
		{85E71B4B-9276-4EC8-AADC-C849205F1EA8}.Release2|x86.Build.0 = Release|x86
		{85E71B4B-9276-4EC8-AADC-C849205F1EA8}.sciBASIC.NET-test-release|Any CPU.ActiveCfg = Surveillance-of-infectious-diseases|Any CPU
		{85E71B4B-9276-4EC8-AADC-C849205F1EA8}.sciBASIC.NET-test-release|Any CPU.Build.0 = Surveillance-of-infectious-diseases|Any CPU
		{85E71B4B-9276-4EC8-AADC-C849205F1EA8}.sciBASIC.NET-test-release|x64.ActiveCfg = Surveillance-of-infectious-diseases|x64
		{85E71B4B-9276-4EC8-AADC-C849205F1EA8}.sciBASIC.NET-test-release|x64.Build.0 = Surveillance-of-infectious-diseases|x64
		{85E71B4B-9276-4EC8-AADC-C849205F1EA8}.sciBASIC.NET-test-release|x86.ActiveCfg = Surveillance-of-infectious-diseases|x86
		{85E71B4B-9276-4EC8-AADC-C849205F1EA8}.sciBASIC.NET-test-release|x86.Build.0 = Surveillance-of-infectious-diseases|x86
		{85E71B4B-9276-4EC8-AADC-C849205F1EA8}.Surveillance-of-infectious-diseases|Any CPU.ActiveCfg = Surveillance-of-infectious-diseases|Any CPU
		{85E71B4B-9276-4EC8-AADC-C849205F1EA8}.Surveillance-of-infectious-diseases|Any CPU.Build.0 = Surveillance-of-infectious-diseases|Any CPU
		{85E71B4B-9276-4EC8-AADC-C849205F1EA8}.Surveillance-of-infectious-diseases|x64.ActiveCfg = Surveillance-of-infectious-diseases|x64
		{85E71B4B-9276-4EC8-AADC-C849205F1EA8}.Surveillance-of-infectious-diseases|x64.Build.0 = Surveillance-of-infectious-diseases|x64
		{85E71B4B-9276-4EC8-AADC-C849205F1EA8}.Surveillance-of-infectious-diseases|x86.ActiveCfg = Surveillance-of-infectious-diseases|x86
		{85E71B4B-9276-4EC8-AADC-C849205F1EA8}.Surveillance-of-infectious-diseases|x86.Build.0 = Surveillance-of-infectious-diseases|x86
		{85E71B4B-9276-4EC8-AADC-C849205F1EA8}.Yilia-Release_x64|Any CPU.ActiveCfg = Release|Any CPU
		{85E71B4B-9276-4EC8-AADC-C849205F1EA8}.Yilia-Release_x64|Any CPU.Build.0 = Release|Any CPU
		{85E71B4B-9276-4EC8-AADC-C849205F1EA8}.Yilia-Release_x64|x64.ActiveCfg = Release|x64
		{85E71B4B-9276-4EC8-AADC-C849205F1EA8}.Yilia-Release_x64|x64.Build.0 = Release|x64
		{85E71B4B-9276-4EC8-AADC-C849205F1EA8}.Yilia-Release_x64|x86.ActiveCfg = Release|x86
		{85E71B4B-9276-4EC8-AADC-C849205F1EA8}.Yilia-Release_x64|x86.Build.0 = Release|x86
		{CCD693C3-EE09-473A-8344-26E05B373394}.Biodeep_UNIX_x64|Any CPU.ActiveCfg = GCModeller(UNIX-Release_X64)|Any CPU
		{CCD693C3-EE09-473A-8344-26E05B373394}.Biodeep_UNIX_x64|Any CPU.Build.0 = GCModeller(UNIX-Release_X64)|Any CPU
		{CCD693C3-EE09-473A-8344-26E05B373394}.Biodeep_UNIX_x64|x64.ActiveCfg = GCModeller(UNIX-Release_X64)|x64
		{CCD693C3-EE09-473A-8344-26E05B373394}.Biodeep_UNIX_x64|x64.Build.0 = GCModeller(UNIX-Release_X64)|x64
		{CCD693C3-EE09-473A-8344-26E05B373394}.Biodeep_UNIX_x64|x86.ActiveCfg = GCModeller(UNIX-Release_X64)|x86
		{CCD693C3-EE09-473A-8344-26E05B373394}.Biodeep_UNIX_x64|x86.Build.0 = GCModeller(UNIX-Release_X64)|x86
		{CCD693C3-EE09-473A-8344-26E05B373394}.Biodeep|Any CPU.ActiveCfg = GCModeller(UNIX-Release_X64)|Any CPU
		{CCD693C3-EE09-473A-8344-26E05B373394}.Biodeep|Any CPU.Build.0 = GCModeller(UNIX-Release_X64)|Any CPU
		{CCD693C3-EE09-473A-8344-26E05B373394}.Biodeep|x64.ActiveCfg = GCModeller(UNIX-Release_X64)|x64
		{CCD693C3-EE09-473A-8344-26E05B373394}.Biodeep|x64.Build.0 = GCModeller(UNIX-Release_X64)|x64
		{CCD693C3-EE09-473A-8344-26E05B373394}.Biodeep|x86.ActiveCfg = GCModeller(UNIX-Release_X64)|x86
		{CCD693C3-EE09-473A-8344-26E05B373394}.Biodeep|x86.Build.0 = GCModeller(UNIX-Release_X64)|x86
		{CCD693C3-EE09-473A-8344-26E05B373394}.Debug|Any CPU.ActiveCfg = Debug|Any CPU
		{CCD693C3-EE09-473A-8344-26E05B373394}.Debug|Any CPU.Build.0 = Debug|Any CPU
		{CCD693C3-EE09-473A-8344-26E05B373394}.Debug|x64.ActiveCfg = Debug|x64
		{CCD693C3-EE09-473A-8344-26E05B373394}.Debug|x64.Build.0 = Debug|x64
		{CCD693C3-EE09-473A-8344-26E05B373394}.Debug|x86.ActiveCfg = Debug|Any CPU
		{CCD693C3-EE09-473A-8344-26E05B373394}.Debug|x86.Build.0 = Debug|Any CPU
		{CCD693C3-EE09-473A-8344-26E05B373394}.DEMO|Any CPU.ActiveCfg = Debug|Any CPU
		{CCD693C3-EE09-473A-8344-26E05B373394}.DEMO|Any CPU.Build.0 = Debug|Any CPU
		{CCD693C3-EE09-473A-8344-26E05B373394}.DEMO|x64.ActiveCfg = Debug|x64
		{CCD693C3-EE09-473A-8344-26E05B373394}.DEMO|x64.Build.0 = Debug|x64
		{CCD693C3-EE09-473A-8344-26E05B373394}.DEMO|x86.ActiveCfg = Debug|x86
		{CCD693C3-EE09-473A-8344-26E05B373394}.DEMO|x86.Build.0 = Debug|x86
		{CCD693C3-EE09-473A-8344-26E05B373394}.docs|Any CPU.ActiveCfg = Debug|Any CPU
		{CCD693C3-EE09-473A-8344-26E05B373394}.docs|Any CPU.Build.0 = Debug|Any CPU
		{CCD693C3-EE09-473A-8344-26E05B373394}.docs|x64.ActiveCfg = Debug|Any CPU
		{CCD693C3-EE09-473A-8344-26E05B373394}.docs|x64.Build.0 = Debug|Any CPU
		{CCD693C3-EE09-473A-8344-26E05B373394}.docs|x86.ActiveCfg = Debug|Any CPU
		{CCD693C3-EE09-473A-8344-26E05B373394}.docs|x86.Build.0 = Debug|Any CPU
		{CCD693C3-EE09-473A-8344-26E05B373394}.GCModeller(Release_X64)|Any CPU.ActiveCfg = GCModeller(Release_X64)|Any CPU
		{CCD693C3-EE09-473A-8344-26E05B373394}.GCModeller(Release_X64)|Any CPU.Build.0 = GCModeller(Release_X64)|Any CPU
		{CCD693C3-EE09-473A-8344-26E05B373394}.GCModeller(Release_X64)|x64.ActiveCfg = GCModeller(Release_X64)|x64
		{CCD693C3-EE09-473A-8344-26E05B373394}.GCModeller(Release_X64)|x64.Build.0 = GCModeller(Release_X64)|x64
		{CCD693C3-EE09-473A-8344-26E05B373394}.GCModeller(Release_X64)|x86.ActiveCfg = GCModeller(Release_X64)|x86
		{CCD693C3-EE09-473A-8344-26E05B373394}.GCModeller(Release_X64)|x86.Build.0 = GCModeller(Release_X64)|x86
		{CCD693C3-EE09-473A-8344-26E05B373394}.GCModeller(UNIX-Release_X64)|Any CPU.ActiveCfg = GCModeller(UNIX-Release_X64)|Any CPU
		{CCD693C3-EE09-473A-8344-26E05B373394}.GCModeller(UNIX-Release_X64)|Any CPU.Build.0 = GCModeller(UNIX-Release_X64)|Any CPU
		{CCD693C3-EE09-473A-8344-26E05B373394}.GCModeller(UNIX-Release_X64)|x64.ActiveCfg = GCModeller(UNIX-Release_X64)|x64
		{CCD693C3-EE09-473A-8344-26E05B373394}.GCModeller(UNIX-Release_X64)|x64.Build.0 = GCModeller(UNIX-Release_X64)|x64
		{CCD693C3-EE09-473A-8344-26E05B373394}.GCModeller(UNIX-Release_X64)|x86.ActiveCfg = GCModeller(UNIX-Release_X64)|x86
		{CCD693C3-EE09-473A-8344-26E05B373394}.GCModeller(UNIX-Release_X64)|x86.Build.0 = GCModeller(UNIX-Release_X64)|x86
		{CCD693C3-EE09-473A-8344-26E05B373394}.installer_x64|Any CPU.ActiveCfg = installer_x64|Any CPU
		{CCD693C3-EE09-473A-8344-26E05B373394}.installer_x64|Any CPU.Build.0 = installer_x64|Any CPU
		{CCD693C3-EE09-473A-8344-26E05B373394}.installer_x64|x64.ActiveCfg = installer_x64|x64
		{CCD693C3-EE09-473A-8344-26E05B373394}.installer_x64|x64.Build.0 = installer_x64|x64
		{CCD693C3-EE09-473A-8344-26E05B373394}.installer_x64|x86.ActiveCfg = installer_x64|x86
		{CCD693C3-EE09-473A-8344-26E05B373394}.installer_x64|x86.Build.0 = installer_x64|x86
		{CCD693C3-EE09-473A-8344-26E05B373394}.mysqli_X64_release|Any CPU.ActiveCfg = GCModeller(UNIX-Release_X64)|Any CPU
		{CCD693C3-EE09-473A-8344-26E05B373394}.mysqli_X64_release|Any CPU.Build.0 = GCModeller(UNIX-Release_X64)|Any CPU
		{CCD693C3-EE09-473A-8344-26E05B373394}.mysqli_X64_release|x64.ActiveCfg = GCModeller(UNIX-Release_X64)|x64
		{CCD693C3-EE09-473A-8344-26E05B373394}.mysqli_X64_release|x64.Build.0 = GCModeller(UNIX-Release_X64)|x64
		{CCD693C3-EE09-473A-8344-26E05B373394}.mysqli_X64_release|x86.ActiveCfg = GCModeller(UNIX-Release_X64)|x86
		{CCD693C3-EE09-473A-8344-26E05B373394}.mysqli_X64_release|x86.Build.0 = GCModeller(UNIX-Release_X64)|x86
		{CCD693C3-EE09-473A-8344-26E05B373394}.ProteoWizard.d|Any CPU.ActiveCfg = Publish|Any CPU
		{CCD693C3-EE09-473A-8344-26E05B373394}.ProteoWizard.d|Any CPU.Build.0 = Publish|Any CPU
		{CCD693C3-EE09-473A-8344-26E05B373394}.ProteoWizard.d|x64.ActiveCfg = Publish|x64
		{CCD693C3-EE09-473A-8344-26E05B373394}.ProteoWizard.d|x64.Build.0 = Publish|x64
		{CCD693C3-EE09-473A-8344-26E05B373394}.ProteoWizard.d|x86.ActiveCfg = Publish|x86
		{CCD693C3-EE09-473A-8344-26E05B373394}.ProteoWizard.d|x86.Build.0 = Publish|x86
		{CCD693C3-EE09-473A-8344-26E05B373394}.Publish|Any CPU.ActiveCfg = Release|Any CPU
		{CCD693C3-EE09-473A-8344-26E05B373394}.Publish|Any CPU.Build.0 = Release|Any CPU
		{CCD693C3-EE09-473A-8344-26E05B373394}.Publish|x64.ActiveCfg = Publish|x64
		{CCD693C3-EE09-473A-8344-26E05B373394}.Publish|x64.Build.0 = Publish|x64
		{CCD693C3-EE09-473A-8344-26E05B373394}.Publish|x86.ActiveCfg = Release|Any CPU
		{CCD693C3-EE09-473A-8344-26E05B373394}.Publish|x86.Build.0 = Release|Any CPU
		{CCD693C3-EE09-473A-8344-26E05B373394}.Release|Any CPU.ActiveCfg = Release|Any CPU
		{CCD693C3-EE09-473A-8344-26E05B373394}.Release|Any CPU.Build.0 = Release|Any CPU
		{CCD693C3-EE09-473A-8344-26E05B373394}.Release|x64.ActiveCfg = Release|x64
		{CCD693C3-EE09-473A-8344-26E05B373394}.Release|x64.Build.0 = Release|x64
		{CCD693C3-EE09-473A-8344-26E05B373394}.Release|x86.ActiveCfg = Release|Any CPU
		{CCD693C3-EE09-473A-8344-26E05B373394}.Release|x86.Build.0 = Release|Any CPU
		{CCD693C3-EE09-473A-8344-26E05B373394}.Release2|Any CPU.ActiveCfg = Release|Any CPU
		{CCD693C3-EE09-473A-8344-26E05B373394}.Release2|Any CPU.Build.0 = Release|Any CPU
		{CCD693C3-EE09-473A-8344-26E05B373394}.Release2|x64.ActiveCfg = Release|Any CPU
		{CCD693C3-EE09-473A-8344-26E05B373394}.Release2|x64.Build.0 = Release|Any CPU
		{CCD693C3-EE09-473A-8344-26E05B373394}.Release2|x86.ActiveCfg = Release|Any CPU
		{CCD693C3-EE09-473A-8344-26E05B373394}.Release2|x86.Build.0 = Release|Any CPU
		{CCD693C3-EE09-473A-8344-26E05B373394}.sciBASIC.NET-test-release|Any CPU.ActiveCfg = GCModeller(UNIX-Release_X64)|Any CPU
		{CCD693C3-EE09-473A-8344-26E05B373394}.sciBASIC.NET-test-release|Any CPU.Build.0 = GCModeller(UNIX-Release_X64)|Any CPU
		{CCD693C3-EE09-473A-8344-26E05B373394}.sciBASIC.NET-test-release|x64.ActiveCfg = GCModeller(UNIX-Release_X64)|x64
		{CCD693C3-EE09-473A-8344-26E05B373394}.sciBASIC.NET-test-release|x64.Build.0 = GCModeller(UNIX-Release_X64)|x64
		{CCD693C3-EE09-473A-8344-26E05B373394}.sciBASIC.NET-test-release|x86.ActiveCfg = GCModeller(UNIX-Release_X64)|x86
		{CCD693C3-EE09-473A-8344-26E05B373394}.sciBASIC.NET-test-release|x86.Build.0 = GCModeller(UNIX-Release_X64)|x86
		{CCD693C3-EE09-473A-8344-26E05B373394}.Surveillance-of-infectious-diseases|Any CPU.ActiveCfg = GCModeller(UNIX-Release_X64)|Any CPU
		{CCD693C3-EE09-473A-8344-26E05B373394}.Surveillance-of-infectious-diseases|Any CPU.Build.0 = GCModeller(UNIX-Release_X64)|Any CPU
		{CCD693C3-EE09-473A-8344-26E05B373394}.Surveillance-of-infectious-diseases|x64.ActiveCfg = GCModeller(UNIX-Release_X64)|x64
		{CCD693C3-EE09-473A-8344-26E05B373394}.Surveillance-of-infectious-diseases|x64.Build.0 = GCModeller(UNIX-Release_X64)|x64
		{CCD693C3-EE09-473A-8344-26E05B373394}.Surveillance-of-infectious-diseases|x86.ActiveCfg = GCModeller(UNIX-Release_X64)|x86
		{CCD693C3-EE09-473A-8344-26E05B373394}.Surveillance-of-infectious-diseases|x86.Build.0 = GCModeller(UNIX-Release_X64)|x86
		{CCD693C3-EE09-473A-8344-26E05B373394}.Yilia-Release_x64|Any CPU.ActiveCfg = Release|Any CPU
		{CCD693C3-EE09-473A-8344-26E05B373394}.Yilia-Release_x64|Any CPU.Build.0 = Release|Any CPU
		{CCD693C3-EE09-473A-8344-26E05B373394}.Yilia-Release_x64|x64.ActiveCfg = Release|x64
		{CCD693C3-EE09-473A-8344-26E05B373394}.Yilia-Release_x64|x64.Build.0 = Release|x64
		{CCD693C3-EE09-473A-8344-26E05B373394}.Yilia-Release_x64|x86.ActiveCfg = Release|x86
		{CCD693C3-EE09-473A-8344-26E05B373394}.Yilia-Release_x64|x86.Build.0 = Release|x86
		{2DD4BE80-DDC3-4767-94A7-10F1C3395716}.Biodeep_UNIX_x64|Any CPU.ActiveCfg = Biodeep_UNIX_x64|Any CPU
		{2DD4BE80-DDC3-4767-94A7-10F1C3395716}.Biodeep_UNIX_x64|Any CPU.Build.0 = Biodeep_UNIX_x64|Any CPU
		{2DD4BE80-DDC3-4767-94A7-10F1C3395716}.Biodeep_UNIX_x64|x64.ActiveCfg = Biodeep_UNIX_x64|x64
		{2DD4BE80-DDC3-4767-94A7-10F1C3395716}.Biodeep_UNIX_x64|x64.Build.0 = Biodeep_UNIX_x64|x64
		{2DD4BE80-DDC3-4767-94A7-10F1C3395716}.Biodeep_UNIX_x64|x86.ActiveCfg = Biodeep_UNIX_x64|x86
		{2DD4BE80-DDC3-4767-94A7-10F1C3395716}.Biodeep_UNIX_x64|x86.Build.0 = Biodeep_UNIX_x64|x86
		{2DD4BE80-DDC3-4767-94A7-10F1C3395716}.Biodeep|Any CPU.ActiveCfg = Biodeep|Any CPU
		{2DD4BE80-DDC3-4767-94A7-10F1C3395716}.Biodeep|Any CPU.Build.0 = Biodeep|Any CPU
		{2DD4BE80-DDC3-4767-94A7-10F1C3395716}.Biodeep|x64.ActiveCfg = Biodeep|x64
		{2DD4BE80-DDC3-4767-94A7-10F1C3395716}.Biodeep|x64.Build.0 = Biodeep|x64
		{2DD4BE80-DDC3-4767-94A7-10F1C3395716}.Biodeep|x86.ActiveCfg = Biodeep|x86
		{2DD4BE80-DDC3-4767-94A7-10F1C3395716}.Biodeep|x86.Build.0 = Biodeep|x86
		{2DD4BE80-DDC3-4767-94A7-10F1C3395716}.Debug|Any CPU.ActiveCfg = Debug|Any CPU
		{2DD4BE80-DDC3-4767-94A7-10F1C3395716}.Debug|Any CPU.Build.0 = Debug|Any CPU
		{2DD4BE80-DDC3-4767-94A7-10F1C3395716}.Debug|x64.ActiveCfg = Debug|x64
		{2DD4BE80-DDC3-4767-94A7-10F1C3395716}.Debug|x64.Build.0 = Debug|x64
		{2DD4BE80-DDC3-4767-94A7-10F1C3395716}.Debug|x86.ActiveCfg = Debug|x86
		{2DD4BE80-DDC3-4767-94A7-10F1C3395716}.Debug|x86.Build.0 = Debug|x86
		{2DD4BE80-DDC3-4767-94A7-10F1C3395716}.DEMO|Any CPU.ActiveCfg = Debug|Any CPU
		{2DD4BE80-DDC3-4767-94A7-10F1C3395716}.DEMO|Any CPU.Build.0 = Debug|Any CPU
		{2DD4BE80-DDC3-4767-94A7-10F1C3395716}.DEMO|x64.ActiveCfg = Debug|x64
		{2DD4BE80-DDC3-4767-94A7-10F1C3395716}.DEMO|x64.Build.0 = Debug|x64
		{2DD4BE80-DDC3-4767-94A7-10F1C3395716}.DEMO|x86.ActiveCfg = Debug|x86
		{2DD4BE80-DDC3-4767-94A7-10F1C3395716}.DEMO|x86.Build.0 = Debug|x86
		{2DD4BE80-DDC3-4767-94A7-10F1C3395716}.docs|Any CPU.ActiveCfg = docs|Any CPU
		{2DD4BE80-DDC3-4767-94A7-10F1C3395716}.docs|Any CPU.Build.0 = docs|Any CPU
		{2DD4BE80-DDC3-4767-94A7-10F1C3395716}.docs|x64.ActiveCfg = docs|x64
		{2DD4BE80-DDC3-4767-94A7-10F1C3395716}.docs|x64.Build.0 = docs|x64
		{2DD4BE80-DDC3-4767-94A7-10F1C3395716}.docs|x86.ActiveCfg = docs|x86
		{2DD4BE80-DDC3-4767-94A7-10F1C3395716}.docs|x86.Build.0 = docs|x86
		{2DD4BE80-DDC3-4767-94A7-10F1C3395716}.GCModeller(Release_X64)|Any CPU.ActiveCfg = GCModeller(Release_X64)|Any CPU
		{2DD4BE80-DDC3-4767-94A7-10F1C3395716}.GCModeller(Release_X64)|Any CPU.Build.0 = GCModeller(Release_X64)|Any CPU
		{2DD4BE80-DDC3-4767-94A7-10F1C3395716}.GCModeller(Release_X64)|x64.ActiveCfg = GCModeller(Release_X64)|x64
		{2DD4BE80-DDC3-4767-94A7-10F1C3395716}.GCModeller(Release_X64)|x64.Build.0 = GCModeller(Release_X64)|x64
		{2DD4BE80-DDC3-4767-94A7-10F1C3395716}.GCModeller(Release_X64)|x86.ActiveCfg = GCModeller(Release_X64)|x86
		{2DD4BE80-DDC3-4767-94A7-10F1C3395716}.GCModeller(Release_X64)|x86.Build.0 = GCModeller(Release_X64)|x86
		{2DD4BE80-DDC3-4767-94A7-10F1C3395716}.GCModeller(UNIX-Release_X64)|Any CPU.ActiveCfg = GCModeller(UNIX-Release_X64)|Any CPU
		{2DD4BE80-DDC3-4767-94A7-10F1C3395716}.GCModeller(UNIX-Release_X64)|Any CPU.Build.0 = GCModeller(UNIX-Release_X64)|Any CPU
		{2DD4BE80-DDC3-4767-94A7-10F1C3395716}.GCModeller(UNIX-Release_X64)|x64.ActiveCfg = GCModeller(UNIX-Release_X64)|x64
		{2DD4BE80-DDC3-4767-94A7-10F1C3395716}.GCModeller(UNIX-Release_X64)|x64.Build.0 = GCModeller(UNIX-Release_X64)|x64
		{2DD4BE80-DDC3-4767-94A7-10F1C3395716}.GCModeller(UNIX-Release_X64)|x86.ActiveCfg = GCModeller(UNIX-Release_X64)|x86
		{2DD4BE80-DDC3-4767-94A7-10F1C3395716}.GCModeller(UNIX-Release_X64)|x86.Build.0 = GCModeller(UNIX-Release_X64)|x86
		{2DD4BE80-DDC3-4767-94A7-10F1C3395716}.installer_x64|Any CPU.ActiveCfg = installer_x64|Any CPU
		{2DD4BE80-DDC3-4767-94A7-10F1C3395716}.installer_x64|Any CPU.Build.0 = installer_x64|Any CPU
		{2DD4BE80-DDC3-4767-94A7-10F1C3395716}.installer_x64|x64.ActiveCfg = installer_x64|x64
		{2DD4BE80-DDC3-4767-94A7-10F1C3395716}.installer_x64|x64.Build.0 = installer_x64|x64
		{2DD4BE80-DDC3-4767-94A7-10F1C3395716}.installer_x64|x86.ActiveCfg = installer_x64|x86
		{2DD4BE80-DDC3-4767-94A7-10F1C3395716}.installer_x64|x86.Build.0 = installer_x64|x86
		{2DD4BE80-DDC3-4767-94A7-10F1C3395716}.mysqli_X64_release|Any CPU.ActiveCfg = mysqli_X64_release|Any CPU
		{2DD4BE80-DDC3-4767-94A7-10F1C3395716}.mysqli_X64_release|Any CPU.Build.0 = mysqli_X64_release|Any CPU
		{2DD4BE80-DDC3-4767-94A7-10F1C3395716}.mysqli_X64_release|x64.ActiveCfg = mysqli_X64_release|x64
		{2DD4BE80-DDC3-4767-94A7-10F1C3395716}.mysqli_X64_release|x64.Build.0 = mysqli_X64_release|x64
		{2DD4BE80-DDC3-4767-94A7-10F1C3395716}.mysqli_X64_release|x86.ActiveCfg = mysqli_X64_release|x86
		{2DD4BE80-DDC3-4767-94A7-10F1C3395716}.mysqli_X64_release|x86.Build.0 = mysqli_X64_release|x86
		{2DD4BE80-DDC3-4767-94A7-10F1C3395716}.ProteoWizard.d|Any CPU.ActiveCfg = Publish|Any CPU
		{2DD4BE80-DDC3-4767-94A7-10F1C3395716}.ProteoWizard.d|Any CPU.Build.0 = Publish|Any CPU
		{2DD4BE80-DDC3-4767-94A7-10F1C3395716}.ProteoWizard.d|x64.ActiveCfg = Publish|x64
		{2DD4BE80-DDC3-4767-94A7-10F1C3395716}.ProteoWizard.d|x64.Build.0 = Publish|x64
		{2DD4BE80-DDC3-4767-94A7-10F1C3395716}.ProteoWizard.d|x86.ActiveCfg = Publish|x86
		{2DD4BE80-DDC3-4767-94A7-10F1C3395716}.ProteoWizard.d|x86.Build.0 = Publish|x86
		{2DD4BE80-DDC3-4767-94A7-10F1C3395716}.Publish|Any CPU.ActiveCfg = Publish|Any CPU
		{2DD4BE80-DDC3-4767-94A7-10F1C3395716}.Publish|Any CPU.Build.0 = Publish|Any CPU
		{2DD4BE80-DDC3-4767-94A7-10F1C3395716}.Publish|x64.ActiveCfg = Publish|x64
		{2DD4BE80-DDC3-4767-94A7-10F1C3395716}.Publish|x64.Build.0 = Publish|x64
		{2DD4BE80-DDC3-4767-94A7-10F1C3395716}.Publish|x86.ActiveCfg = Publish|x86
		{2DD4BE80-DDC3-4767-94A7-10F1C3395716}.Publish|x86.Build.0 = Publish|x86
		{2DD4BE80-DDC3-4767-94A7-10F1C3395716}.Release|Any CPU.ActiveCfg = Release|Any CPU
		{2DD4BE80-DDC3-4767-94A7-10F1C3395716}.Release|Any CPU.Build.0 = Release|Any CPU
		{2DD4BE80-DDC3-4767-94A7-10F1C3395716}.Release|x64.ActiveCfg = Release|x64
		{2DD4BE80-DDC3-4767-94A7-10F1C3395716}.Release|x64.Build.0 = Release|x64
		{2DD4BE80-DDC3-4767-94A7-10F1C3395716}.Release|x86.ActiveCfg = Release|x86
		{2DD4BE80-DDC3-4767-94A7-10F1C3395716}.Release|x86.Build.0 = Release|x86
		{2DD4BE80-DDC3-4767-94A7-10F1C3395716}.Release2|Any CPU.ActiveCfg = Release|Any CPU
		{2DD4BE80-DDC3-4767-94A7-10F1C3395716}.Release2|Any CPU.Build.0 = Release|Any CPU
		{2DD4BE80-DDC3-4767-94A7-10F1C3395716}.Release2|x64.ActiveCfg = Release|x64
		{2DD4BE80-DDC3-4767-94A7-10F1C3395716}.Release2|x64.Build.0 = Release|x64
		{2DD4BE80-DDC3-4767-94A7-10F1C3395716}.Release2|x86.ActiveCfg = Release|x86
		{2DD4BE80-DDC3-4767-94A7-10F1C3395716}.Release2|x86.Build.0 = Release|x86
		{2DD4BE80-DDC3-4767-94A7-10F1C3395716}.sciBASIC.NET-test-release|Any CPU.ActiveCfg = Surveillance-of-infectious-diseases|Any CPU
		{2DD4BE80-DDC3-4767-94A7-10F1C3395716}.sciBASIC.NET-test-release|Any CPU.Build.0 = Surveillance-of-infectious-diseases|Any CPU
		{2DD4BE80-DDC3-4767-94A7-10F1C3395716}.sciBASIC.NET-test-release|x64.ActiveCfg = Surveillance-of-infectious-diseases|x64
		{2DD4BE80-DDC3-4767-94A7-10F1C3395716}.sciBASIC.NET-test-release|x64.Build.0 = Surveillance-of-infectious-diseases|x64
		{2DD4BE80-DDC3-4767-94A7-10F1C3395716}.sciBASIC.NET-test-release|x86.ActiveCfg = Surveillance-of-infectious-diseases|x86
		{2DD4BE80-DDC3-4767-94A7-10F1C3395716}.sciBASIC.NET-test-release|x86.Build.0 = Surveillance-of-infectious-diseases|x86
		{2DD4BE80-DDC3-4767-94A7-10F1C3395716}.Surveillance-of-infectious-diseases|Any CPU.ActiveCfg = Surveillance-of-infectious-diseases|Any CPU
		{2DD4BE80-DDC3-4767-94A7-10F1C3395716}.Surveillance-of-infectious-diseases|Any CPU.Build.0 = Surveillance-of-infectious-diseases|Any CPU
		{2DD4BE80-DDC3-4767-94A7-10F1C3395716}.Surveillance-of-infectious-diseases|x64.ActiveCfg = Surveillance-of-infectious-diseases|x64
		{2DD4BE80-DDC3-4767-94A7-10F1C3395716}.Surveillance-of-infectious-diseases|x64.Build.0 = Surveillance-of-infectious-diseases|x64
		{2DD4BE80-DDC3-4767-94A7-10F1C3395716}.Surveillance-of-infectious-diseases|x86.ActiveCfg = Surveillance-of-infectious-diseases|x86
		{2DD4BE80-DDC3-4767-94A7-10F1C3395716}.Surveillance-of-infectious-diseases|x86.Build.0 = Surveillance-of-infectious-diseases|x86
		{2DD4BE80-DDC3-4767-94A7-10F1C3395716}.Yilia-Release_x64|Any CPU.ActiveCfg = Yilia-Release_x64|Any CPU
		{2DD4BE80-DDC3-4767-94A7-10F1C3395716}.Yilia-Release_x64|Any CPU.Build.0 = Yilia-Release_x64|Any CPU
		{2DD4BE80-DDC3-4767-94A7-10F1C3395716}.Yilia-Release_x64|x64.ActiveCfg = Yilia-Release_x64|x64
		{2DD4BE80-DDC3-4767-94A7-10F1C3395716}.Yilia-Release_x64|x64.Build.0 = Yilia-Release_x64|x64
		{2DD4BE80-DDC3-4767-94A7-10F1C3395716}.Yilia-Release_x64|x86.ActiveCfg = Yilia-Release_x64|x86
		{2DD4BE80-DDC3-4767-94A7-10F1C3395716}.Yilia-Release_x64|x86.Build.0 = Yilia-Release_x64|x86
		{2C5B56A6-7A48-457F-B347-3E15CF82D579}.Biodeep_UNIX_x64|Any CPU.ActiveCfg = Release|Any CPU
		{2C5B56A6-7A48-457F-B347-3E15CF82D579}.Biodeep_UNIX_x64|Any CPU.Build.0 = Release|Any CPU
		{2C5B56A6-7A48-457F-B347-3E15CF82D579}.Biodeep_UNIX_x64|x64.ActiveCfg = Release|x64
		{2C5B56A6-7A48-457F-B347-3E15CF82D579}.Biodeep_UNIX_x64|x64.Build.0 = Release|x64
		{2C5B56A6-7A48-457F-B347-3E15CF82D579}.Biodeep_UNIX_x64|x86.ActiveCfg = Release|Any CPU
		{2C5B56A6-7A48-457F-B347-3E15CF82D579}.Biodeep_UNIX_x64|x86.Build.0 = Release|Any CPU
		{2C5B56A6-7A48-457F-B347-3E15CF82D579}.Biodeep|Any CPU.ActiveCfg = Release|Any CPU
		{2C5B56A6-7A48-457F-B347-3E15CF82D579}.Biodeep|Any CPU.Build.0 = Release|Any CPU
		{2C5B56A6-7A48-457F-B347-3E15CF82D579}.Biodeep|x64.ActiveCfg = Release|x64
		{2C5B56A6-7A48-457F-B347-3E15CF82D579}.Biodeep|x64.Build.0 = Release|x64
		{2C5B56A6-7A48-457F-B347-3E15CF82D579}.Biodeep|x86.ActiveCfg = Release|Any CPU
		{2C5B56A6-7A48-457F-B347-3E15CF82D579}.Biodeep|x86.Build.0 = Release|Any CPU
		{2C5B56A6-7A48-457F-B347-3E15CF82D579}.Debug|Any CPU.ActiveCfg = Debug|Any CPU
		{2C5B56A6-7A48-457F-B347-3E15CF82D579}.Debug|Any CPU.Build.0 = Debug|Any CPU
		{2C5B56A6-7A48-457F-B347-3E15CF82D579}.Debug|x64.ActiveCfg = Debug|x64
		{2C5B56A6-7A48-457F-B347-3E15CF82D579}.Debug|x64.Build.0 = Debug|x64
		{2C5B56A6-7A48-457F-B347-3E15CF82D579}.Debug|x86.ActiveCfg = Debug|Any CPU
		{2C5B56A6-7A48-457F-B347-3E15CF82D579}.Debug|x86.Build.0 = Debug|Any CPU
		{2C5B56A6-7A48-457F-B347-3E15CF82D579}.DEMO|Any CPU.ActiveCfg = Debug|Any CPU
		{2C5B56A6-7A48-457F-B347-3E15CF82D579}.DEMO|Any CPU.Build.0 = Debug|Any CPU
		{2C5B56A6-7A48-457F-B347-3E15CF82D579}.DEMO|x64.ActiveCfg = Debug|x64
		{2C5B56A6-7A48-457F-B347-3E15CF82D579}.DEMO|x64.Build.0 = Debug|x64
		{2C5B56A6-7A48-457F-B347-3E15CF82D579}.DEMO|x86.ActiveCfg = Debug|Any CPU
		{2C5B56A6-7A48-457F-B347-3E15CF82D579}.DEMO|x86.Build.0 = Debug|Any CPU
		{2C5B56A6-7A48-457F-B347-3E15CF82D579}.docs|Any CPU.ActiveCfg = Debug|Any CPU
		{2C5B56A6-7A48-457F-B347-3E15CF82D579}.docs|Any CPU.Build.0 = Debug|Any CPU
		{2C5B56A6-7A48-457F-B347-3E15CF82D579}.docs|x64.ActiveCfg = Debug|Any CPU
		{2C5B56A6-7A48-457F-B347-3E15CF82D579}.docs|x64.Build.0 = Debug|Any CPU
		{2C5B56A6-7A48-457F-B347-3E15CF82D579}.docs|x86.ActiveCfg = Debug|Any CPU
		{2C5B56A6-7A48-457F-B347-3E15CF82D579}.docs|x86.Build.0 = Debug|Any CPU
		{2C5B56A6-7A48-457F-B347-3E15CF82D579}.GCModeller(Release_X64)|Any CPU.ActiveCfg = Release|Any CPU
		{2C5B56A6-7A48-457F-B347-3E15CF82D579}.GCModeller(Release_X64)|Any CPU.Build.0 = Release|Any CPU
		{2C5B56A6-7A48-457F-B347-3E15CF82D579}.GCModeller(Release_X64)|x64.ActiveCfg = Release|x64
		{2C5B56A6-7A48-457F-B347-3E15CF82D579}.GCModeller(Release_X64)|x64.Build.0 = Release|x64
		{2C5B56A6-7A48-457F-B347-3E15CF82D579}.GCModeller(Release_X64)|x86.ActiveCfg = Release|Any CPU
		{2C5B56A6-7A48-457F-B347-3E15CF82D579}.GCModeller(Release_X64)|x86.Build.0 = Release|Any CPU
		{2C5B56A6-7A48-457F-B347-3E15CF82D579}.GCModeller(UNIX-Release_X64)|Any CPU.ActiveCfg = Release|Any CPU
		{2C5B56A6-7A48-457F-B347-3E15CF82D579}.GCModeller(UNIX-Release_X64)|Any CPU.Build.0 = Release|Any CPU
		{2C5B56A6-7A48-457F-B347-3E15CF82D579}.GCModeller(UNIX-Release_X64)|x64.ActiveCfg = Release|x64
		{2C5B56A6-7A48-457F-B347-3E15CF82D579}.GCModeller(UNIX-Release_X64)|x64.Build.0 = Release|x64
		{2C5B56A6-7A48-457F-B347-3E15CF82D579}.GCModeller(UNIX-Release_X64)|x86.ActiveCfg = Release|Any CPU
		{2C5B56A6-7A48-457F-B347-3E15CF82D579}.GCModeller(UNIX-Release_X64)|x86.Build.0 = Release|Any CPU
		{2C5B56A6-7A48-457F-B347-3E15CF82D579}.installer_x64|Any CPU.ActiveCfg = Release|Any CPU
		{2C5B56A6-7A48-457F-B347-3E15CF82D579}.installer_x64|Any CPU.Build.0 = Release|Any CPU
		{2C5B56A6-7A48-457F-B347-3E15CF82D579}.installer_x64|x64.ActiveCfg = Release|x64
		{2C5B56A6-7A48-457F-B347-3E15CF82D579}.installer_x64|x64.Build.0 = Release|x64
		{2C5B56A6-7A48-457F-B347-3E15CF82D579}.installer_x64|x86.ActiveCfg = Release|Any CPU
		{2C5B56A6-7A48-457F-B347-3E15CF82D579}.installer_x64|x86.Build.0 = Release|Any CPU
		{2C5B56A6-7A48-457F-B347-3E15CF82D579}.mysqli_X64_release|Any CPU.ActiveCfg = Release|Any CPU
		{2C5B56A6-7A48-457F-B347-3E15CF82D579}.mysqli_X64_release|Any CPU.Build.0 = Release|Any CPU
		{2C5B56A6-7A48-457F-B347-3E15CF82D579}.mysqli_X64_release|x64.ActiveCfg = Release|x64
		{2C5B56A6-7A48-457F-B347-3E15CF82D579}.mysqli_X64_release|x64.Build.0 = Release|x64
		{2C5B56A6-7A48-457F-B347-3E15CF82D579}.mysqli_X64_release|x86.ActiveCfg = Release|Any CPU
		{2C5B56A6-7A48-457F-B347-3E15CF82D579}.mysqli_X64_release|x86.Build.0 = Release|Any CPU
		{2C5B56A6-7A48-457F-B347-3E15CF82D579}.ProteoWizard.d|Any CPU.ActiveCfg = Release|Any CPU
		{2C5B56A6-7A48-457F-B347-3E15CF82D579}.ProteoWizard.d|Any CPU.Build.0 = Release|Any CPU
		{2C5B56A6-7A48-457F-B347-3E15CF82D579}.ProteoWizard.d|x64.ActiveCfg = Release|x64
		{2C5B56A6-7A48-457F-B347-3E15CF82D579}.ProteoWizard.d|x64.Build.0 = Release|x64
		{2C5B56A6-7A48-457F-B347-3E15CF82D579}.ProteoWizard.d|x86.ActiveCfg = Release|Any CPU
		{2C5B56A6-7A48-457F-B347-3E15CF82D579}.ProteoWizard.d|x86.Build.0 = Release|Any CPU
		{2C5B56A6-7A48-457F-B347-3E15CF82D579}.Publish|Any CPU.ActiveCfg = Release|Any CPU
		{2C5B56A6-7A48-457F-B347-3E15CF82D579}.Publish|Any CPU.Build.0 = Release|Any CPU
		{2C5B56A6-7A48-457F-B347-3E15CF82D579}.Publish|x64.ActiveCfg = Publish|x64
		{2C5B56A6-7A48-457F-B347-3E15CF82D579}.Publish|x64.Build.0 = Publish|x64
		{2C5B56A6-7A48-457F-B347-3E15CF82D579}.Publish|x86.ActiveCfg = Release|Any CPU
		{2C5B56A6-7A48-457F-B347-3E15CF82D579}.Publish|x86.Build.0 = Release|Any CPU
		{2C5B56A6-7A48-457F-B347-3E15CF82D579}.Release|Any CPU.ActiveCfg = Release|Any CPU
		{2C5B56A6-7A48-457F-B347-3E15CF82D579}.Release|Any CPU.Build.0 = Release|Any CPU
		{2C5B56A6-7A48-457F-B347-3E15CF82D579}.Release|x64.ActiveCfg = Release|x64
		{2C5B56A6-7A48-457F-B347-3E15CF82D579}.Release|x64.Build.0 = Release|x64
		{2C5B56A6-7A48-457F-B347-3E15CF82D579}.Release|x86.ActiveCfg = Release|Any CPU
		{2C5B56A6-7A48-457F-B347-3E15CF82D579}.Release|x86.Build.0 = Release|Any CPU
		{2C5B56A6-7A48-457F-B347-3E15CF82D579}.Release2|Any CPU.ActiveCfg = Release|Any CPU
		{2C5B56A6-7A48-457F-B347-3E15CF82D579}.Release2|Any CPU.Build.0 = Release|Any CPU
		{2C5B56A6-7A48-457F-B347-3E15CF82D579}.Release2|x64.ActiveCfg = Release|Any CPU
		{2C5B56A6-7A48-457F-B347-3E15CF82D579}.Release2|x64.Build.0 = Release|Any CPU
		{2C5B56A6-7A48-457F-B347-3E15CF82D579}.Release2|x86.ActiveCfg = Release|Any CPU
		{2C5B56A6-7A48-457F-B347-3E15CF82D579}.Release2|x86.Build.0 = Release|Any CPU
		{2C5B56A6-7A48-457F-B347-3E15CF82D579}.sciBASIC.NET-test-release|Any CPU.ActiveCfg = Release|Any CPU
		{2C5B56A6-7A48-457F-B347-3E15CF82D579}.sciBASIC.NET-test-release|Any CPU.Build.0 = Release|Any CPU
		{2C5B56A6-7A48-457F-B347-3E15CF82D579}.sciBASIC.NET-test-release|x64.ActiveCfg = Release|x64
		{2C5B56A6-7A48-457F-B347-3E15CF82D579}.sciBASIC.NET-test-release|x64.Build.0 = Release|x64
		{2C5B56A6-7A48-457F-B347-3E15CF82D579}.sciBASIC.NET-test-release|x86.ActiveCfg = Release|Any CPU
		{2C5B56A6-7A48-457F-B347-3E15CF82D579}.sciBASIC.NET-test-release|x86.Build.0 = Release|Any CPU
		{2C5B56A6-7A48-457F-B347-3E15CF82D579}.Surveillance-of-infectious-diseases|Any CPU.ActiveCfg = Release|Any CPU
		{2C5B56A6-7A48-457F-B347-3E15CF82D579}.Surveillance-of-infectious-diseases|Any CPU.Build.0 = Release|Any CPU
		{2C5B56A6-7A48-457F-B347-3E15CF82D579}.Surveillance-of-infectious-diseases|x64.ActiveCfg = Release|x64
		{2C5B56A6-7A48-457F-B347-3E15CF82D579}.Surveillance-of-infectious-diseases|x64.Build.0 = Release|x64
		{2C5B56A6-7A48-457F-B347-3E15CF82D579}.Surveillance-of-infectious-diseases|x86.ActiveCfg = Release|Any CPU
		{2C5B56A6-7A48-457F-B347-3E15CF82D579}.Surveillance-of-infectious-diseases|x86.Build.0 = Release|Any CPU
		{2C5B56A6-7A48-457F-B347-3E15CF82D579}.Yilia-Release_x64|Any CPU.ActiveCfg = Release|Any CPU
		{2C5B56A6-7A48-457F-B347-3E15CF82D579}.Yilia-Release_x64|Any CPU.Build.0 = Release|Any CPU
		{2C5B56A6-7A48-457F-B347-3E15CF82D579}.Yilia-Release_x64|x64.ActiveCfg = Release|x64
		{2C5B56A6-7A48-457F-B347-3E15CF82D579}.Yilia-Release_x64|x64.Build.0 = Release|x64
		{2C5B56A6-7A48-457F-B347-3E15CF82D579}.Yilia-Release_x64|x86.ActiveCfg = Release|Any CPU
		{2C5B56A6-7A48-457F-B347-3E15CF82D579}.Yilia-Release_x64|x86.Build.0 = Release|Any CPU
		{BFD4796B-581C-42C9-9868-792496E0C064}.Biodeep_UNIX_x64|Any CPU.ActiveCfg = Release|Any CPU
		{BFD4796B-581C-42C9-9868-792496E0C064}.Biodeep_UNIX_x64|Any CPU.Build.0 = Release|Any CPU
		{BFD4796B-581C-42C9-9868-792496E0C064}.Biodeep_UNIX_x64|x64.ActiveCfg = Release|x64
		{BFD4796B-581C-42C9-9868-792496E0C064}.Biodeep_UNIX_x64|x64.Build.0 = Release|x64
		{BFD4796B-581C-42C9-9868-792496E0C064}.Biodeep_UNIX_x64|x86.ActiveCfg = Release|Any CPU
		{BFD4796B-581C-42C9-9868-792496E0C064}.Biodeep_UNIX_x64|x86.Build.0 = Release|Any CPU
		{BFD4796B-581C-42C9-9868-792496E0C064}.Biodeep|Any CPU.ActiveCfg = Release|Any CPU
		{BFD4796B-581C-42C9-9868-792496E0C064}.Biodeep|Any CPU.Build.0 = Release|Any CPU
		{BFD4796B-581C-42C9-9868-792496E0C064}.Biodeep|x64.ActiveCfg = Release|x64
		{BFD4796B-581C-42C9-9868-792496E0C064}.Biodeep|x64.Build.0 = Release|x64
		{BFD4796B-581C-42C9-9868-792496E0C064}.Biodeep|x86.ActiveCfg = Release|Any CPU
		{BFD4796B-581C-42C9-9868-792496E0C064}.Biodeep|x86.Build.0 = Release|Any CPU
		{BFD4796B-581C-42C9-9868-792496E0C064}.Debug|Any CPU.ActiveCfg = Debug|Any CPU
		{BFD4796B-581C-42C9-9868-792496E0C064}.Debug|Any CPU.Build.0 = Debug|Any CPU
		{BFD4796B-581C-42C9-9868-792496E0C064}.Debug|x64.ActiveCfg = Debug|x64
		{BFD4796B-581C-42C9-9868-792496E0C064}.Debug|x64.Build.0 = Debug|x64
		{BFD4796B-581C-42C9-9868-792496E0C064}.Debug|x86.ActiveCfg = Debug|Any CPU
		{BFD4796B-581C-42C9-9868-792496E0C064}.Debug|x86.Build.0 = Debug|Any CPU
		{BFD4796B-581C-42C9-9868-792496E0C064}.DEMO|Any CPU.ActiveCfg = Debug|Any CPU
		{BFD4796B-581C-42C9-9868-792496E0C064}.DEMO|Any CPU.Build.0 = Debug|Any CPU
		{BFD4796B-581C-42C9-9868-792496E0C064}.DEMO|x64.ActiveCfg = Debug|x64
		{BFD4796B-581C-42C9-9868-792496E0C064}.DEMO|x64.Build.0 = Debug|x64
		{BFD4796B-581C-42C9-9868-792496E0C064}.DEMO|x86.ActiveCfg = Debug|Any CPU
		{BFD4796B-581C-42C9-9868-792496E0C064}.DEMO|x86.Build.0 = Debug|Any CPU
		{BFD4796B-581C-42C9-9868-792496E0C064}.docs|Any CPU.ActiveCfg = Debug|Any CPU
		{BFD4796B-581C-42C9-9868-792496E0C064}.docs|Any CPU.Build.0 = Debug|Any CPU
		{BFD4796B-581C-42C9-9868-792496E0C064}.docs|x64.ActiveCfg = Debug|Any CPU
		{BFD4796B-581C-42C9-9868-792496E0C064}.docs|x64.Build.0 = Debug|Any CPU
		{BFD4796B-581C-42C9-9868-792496E0C064}.docs|x86.ActiveCfg = Debug|Any CPU
		{BFD4796B-581C-42C9-9868-792496E0C064}.docs|x86.Build.0 = Debug|Any CPU
		{BFD4796B-581C-42C9-9868-792496E0C064}.GCModeller(Release_X64)|Any CPU.ActiveCfg = Release|Any CPU
		{BFD4796B-581C-42C9-9868-792496E0C064}.GCModeller(Release_X64)|Any CPU.Build.0 = Release|Any CPU
		{BFD4796B-581C-42C9-9868-792496E0C064}.GCModeller(Release_X64)|x64.ActiveCfg = Release|x64
		{BFD4796B-581C-42C9-9868-792496E0C064}.GCModeller(Release_X64)|x64.Build.0 = Release|x64
		{BFD4796B-581C-42C9-9868-792496E0C064}.GCModeller(Release_X64)|x86.ActiveCfg = Release|Any CPU
		{BFD4796B-581C-42C9-9868-792496E0C064}.GCModeller(Release_X64)|x86.Build.0 = Release|Any CPU
		{BFD4796B-581C-42C9-9868-792496E0C064}.GCModeller(UNIX-Release_X64)|Any CPU.ActiveCfg = Release|Any CPU
		{BFD4796B-581C-42C9-9868-792496E0C064}.GCModeller(UNIX-Release_X64)|Any CPU.Build.0 = Release|Any CPU
		{BFD4796B-581C-42C9-9868-792496E0C064}.GCModeller(UNIX-Release_X64)|x64.ActiveCfg = Release|x64
		{BFD4796B-581C-42C9-9868-792496E0C064}.GCModeller(UNIX-Release_X64)|x64.Build.0 = Release|x64
		{BFD4796B-581C-42C9-9868-792496E0C064}.GCModeller(UNIX-Release_X64)|x86.ActiveCfg = Release|Any CPU
		{BFD4796B-581C-42C9-9868-792496E0C064}.GCModeller(UNIX-Release_X64)|x86.Build.0 = Release|Any CPU
		{BFD4796B-581C-42C9-9868-792496E0C064}.installer_x64|Any CPU.ActiveCfg = Release|Any CPU
		{BFD4796B-581C-42C9-9868-792496E0C064}.installer_x64|Any CPU.Build.0 = Release|Any CPU
		{BFD4796B-581C-42C9-9868-792496E0C064}.installer_x64|x64.ActiveCfg = Release|x64
		{BFD4796B-581C-42C9-9868-792496E0C064}.installer_x64|x64.Build.0 = Release|x64
		{BFD4796B-581C-42C9-9868-792496E0C064}.installer_x64|x86.ActiveCfg = Release|Any CPU
		{BFD4796B-581C-42C9-9868-792496E0C064}.installer_x64|x86.Build.0 = Release|Any CPU
		{BFD4796B-581C-42C9-9868-792496E0C064}.mysqli_X64_release|Any CPU.ActiveCfg = Release|Any CPU
		{BFD4796B-581C-42C9-9868-792496E0C064}.mysqli_X64_release|Any CPU.Build.0 = Release|Any CPU
		{BFD4796B-581C-42C9-9868-792496E0C064}.mysqli_X64_release|x64.ActiveCfg = Release|x64
		{BFD4796B-581C-42C9-9868-792496E0C064}.mysqli_X64_release|x64.Build.0 = Release|x64
		{BFD4796B-581C-42C9-9868-792496E0C064}.mysqli_X64_release|x86.ActiveCfg = Release|Any CPU
		{BFD4796B-581C-42C9-9868-792496E0C064}.mysqli_X64_release|x86.Build.0 = Release|Any CPU
		{BFD4796B-581C-42C9-9868-792496E0C064}.ProteoWizard.d|Any CPU.ActiveCfg = Release|Any CPU
		{BFD4796B-581C-42C9-9868-792496E0C064}.ProteoWizard.d|Any CPU.Build.0 = Release|Any CPU
		{BFD4796B-581C-42C9-9868-792496E0C064}.ProteoWizard.d|x64.ActiveCfg = Release|x64
		{BFD4796B-581C-42C9-9868-792496E0C064}.ProteoWizard.d|x64.Build.0 = Release|x64
		{BFD4796B-581C-42C9-9868-792496E0C064}.ProteoWizard.d|x86.ActiveCfg = Release|Any CPU
		{BFD4796B-581C-42C9-9868-792496E0C064}.ProteoWizard.d|x86.Build.0 = Release|Any CPU
		{BFD4796B-581C-42C9-9868-792496E0C064}.Publish|Any CPU.ActiveCfg = Release|Any CPU
		{BFD4796B-581C-42C9-9868-792496E0C064}.Publish|Any CPU.Build.0 = Release|Any CPU
		{BFD4796B-581C-42C9-9868-792496E0C064}.Publish|x64.ActiveCfg = Publish|x64
		{BFD4796B-581C-42C9-9868-792496E0C064}.Publish|x64.Build.0 = Publish|x64
		{BFD4796B-581C-42C9-9868-792496E0C064}.Publish|x86.ActiveCfg = Release|Any CPU
		{BFD4796B-581C-42C9-9868-792496E0C064}.Publish|x86.Build.0 = Release|Any CPU
		{BFD4796B-581C-42C9-9868-792496E0C064}.Release|Any CPU.ActiveCfg = Release|Any CPU
		{BFD4796B-581C-42C9-9868-792496E0C064}.Release|Any CPU.Build.0 = Release|Any CPU
		{BFD4796B-581C-42C9-9868-792496E0C064}.Release|x64.ActiveCfg = Release|x64
		{BFD4796B-581C-42C9-9868-792496E0C064}.Release|x64.Build.0 = Release|x64
		{BFD4796B-581C-42C9-9868-792496E0C064}.Release|x86.ActiveCfg = Release|Any CPU
		{BFD4796B-581C-42C9-9868-792496E0C064}.Release|x86.Build.0 = Release|Any CPU
		{BFD4796B-581C-42C9-9868-792496E0C064}.Release2|Any CPU.ActiveCfg = Release|Any CPU
		{BFD4796B-581C-42C9-9868-792496E0C064}.Release2|Any CPU.Build.0 = Release|Any CPU
		{BFD4796B-581C-42C9-9868-792496E0C064}.Release2|x64.ActiveCfg = Release|Any CPU
		{BFD4796B-581C-42C9-9868-792496E0C064}.Release2|x64.Build.0 = Release|Any CPU
		{BFD4796B-581C-42C9-9868-792496E0C064}.Release2|x86.ActiveCfg = Release|Any CPU
		{BFD4796B-581C-42C9-9868-792496E0C064}.Release2|x86.Build.0 = Release|Any CPU
		{BFD4796B-581C-42C9-9868-792496E0C064}.sciBASIC.NET-test-release|Any CPU.ActiveCfg = Release|Any CPU
		{BFD4796B-581C-42C9-9868-792496E0C064}.sciBASIC.NET-test-release|Any CPU.Build.0 = Release|Any CPU
		{BFD4796B-581C-42C9-9868-792496E0C064}.sciBASIC.NET-test-release|x64.ActiveCfg = Release|x64
		{BFD4796B-581C-42C9-9868-792496E0C064}.sciBASIC.NET-test-release|x64.Build.0 = Release|x64
		{BFD4796B-581C-42C9-9868-792496E0C064}.sciBASIC.NET-test-release|x86.ActiveCfg = Release|Any CPU
		{BFD4796B-581C-42C9-9868-792496E0C064}.sciBASIC.NET-test-release|x86.Build.0 = Release|Any CPU
		{BFD4796B-581C-42C9-9868-792496E0C064}.Surveillance-of-infectious-diseases|Any CPU.ActiveCfg = Release|Any CPU
		{BFD4796B-581C-42C9-9868-792496E0C064}.Surveillance-of-infectious-diseases|Any CPU.Build.0 = Release|Any CPU
		{BFD4796B-581C-42C9-9868-792496E0C064}.Surveillance-of-infectious-diseases|x64.ActiveCfg = Release|x64
		{BFD4796B-581C-42C9-9868-792496E0C064}.Surveillance-of-infectious-diseases|x64.Build.0 = Release|x64
		{BFD4796B-581C-42C9-9868-792496E0C064}.Surveillance-of-infectious-diseases|x86.ActiveCfg = Release|Any CPU
		{BFD4796B-581C-42C9-9868-792496E0C064}.Surveillance-of-infectious-diseases|x86.Build.0 = Release|Any CPU
		{BFD4796B-581C-42C9-9868-792496E0C064}.Yilia-Release_x64|Any CPU.ActiveCfg = Release|Any CPU
		{BFD4796B-581C-42C9-9868-792496E0C064}.Yilia-Release_x64|Any CPU.Build.0 = Release|Any CPU
		{BFD4796B-581C-42C9-9868-792496E0C064}.Yilia-Release_x64|x64.ActiveCfg = Release|x64
		{BFD4796B-581C-42C9-9868-792496E0C064}.Yilia-Release_x64|x64.Build.0 = Release|x64
		{BFD4796B-581C-42C9-9868-792496E0C064}.Yilia-Release_x64|x86.ActiveCfg = Release|Any CPU
		{BFD4796B-581C-42C9-9868-792496E0C064}.Yilia-Release_x64|x86.Build.0 = Release|Any CPU
		{FECCE1FD-E1D4-49E3-A668-60BB5E7AED99}.Biodeep_UNIX_x64|Any CPU.ActiveCfg = Biodeep_UNIX_x64|Any CPU
		{FECCE1FD-E1D4-49E3-A668-60BB5E7AED99}.Biodeep_UNIX_x64|Any CPU.Build.0 = Biodeep_UNIX_x64|Any CPU
		{FECCE1FD-E1D4-49E3-A668-60BB5E7AED99}.Biodeep_UNIX_x64|x64.ActiveCfg = Biodeep_UNIX_x64|x64
		{FECCE1FD-E1D4-49E3-A668-60BB5E7AED99}.Biodeep_UNIX_x64|x64.Build.0 = Biodeep_UNIX_x64|x64
		{FECCE1FD-E1D4-49E3-A668-60BB5E7AED99}.Biodeep_UNIX_x64|x86.ActiveCfg = Biodeep_UNIX_x64|x86
		{FECCE1FD-E1D4-49E3-A668-60BB5E7AED99}.Biodeep_UNIX_x64|x86.Build.0 = Biodeep_UNIX_x64|x86
		{FECCE1FD-E1D4-49E3-A668-60BB5E7AED99}.Biodeep|Any CPU.ActiveCfg = Biodeep|Any CPU
		{FECCE1FD-E1D4-49E3-A668-60BB5E7AED99}.Biodeep|Any CPU.Build.0 = Biodeep|Any CPU
		{FECCE1FD-E1D4-49E3-A668-60BB5E7AED99}.Biodeep|x64.ActiveCfg = Biodeep|x64
		{FECCE1FD-E1D4-49E3-A668-60BB5E7AED99}.Biodeep|x64.Build.0 = Biodeep|x64
		{FECCE1FD-E1D4-49E3-A668-60BB5E7AED99}.Biodeep|x86.ActiveCfg = Biodeep|x86
		{FECCE1FD-E1D4-49E3-A668-60BB5E7AED99}.Biodeep|x86.Build.0 = Biodeep|x86
		{FECCE1FD-E1D4-49E3-A668-60BB5E7AED99}.Debug|Any CPU.ActiveCfg = Debug|Any CPU
		{FECCE1FD-E1D4-49E3-A668-60BB5E7AED99}.Debug|Any CPU.Build.0 = Debug|Any CPU
		{FECCE1FD-E1D4-49E3-A668-60BB5E7AED99}.Debug|x64.ActiveCfg = Debug|x64
		{FECCE1FD-E1D4-49E3-A668-60BB5E7AED99}.Debug|x64.Build.0 = Debug|x64
		{FECCE1FD-E1D4-49E3-A668-60BB5E7AED99}.Debug|x86.ActiveCfg = Debug|x86
		{FECCE1FD-E1D4-49E3-A668-60BB5E7AED99}.Debug|x86.Build.0 = Debug|x86
		{FECCE1FD-E1D4-49E3-A668-60BB5E7AED99}.DEMO|Any CPU.ActiveCfg = DEMO|Any CPU
		{FECCE1FD-E1D4-49E3-A668-60BB5E7AED99}.DEMO|Any CPU.Build.0 = DEMO|Any CPU
		{FECCE1FD-E1D4-49E3-A668-60BB5E7AED99}.DEMO|x64.ActiveCfg = DEMO|x64
		{FECCE1FD-E1D4-49E3-A668-60BB5E7AED99}.DEMO|x64.Build.0 = DEMO|x64
		{FECCE1FD-E1D4-49E3-A668-60BB5E7AED99}.DEMO|x86.ActiveCfg = DEMO|x86
		{FECCE1FD-E1D4-49E3-A668-60BB5E7AED99}.DEMO|x86.Build.0 = DEMO|x86
		{FECCE1FD-E1D4-49E3-A668-60BB5E7AED99}.docs|Any CPU.ActiveCfg = docs|Any CPU
		{FECCE1FD-E1D4-49E3-A668-60BB5E7AED99}.docs|Any CPU.Build.0 = docs|Any CPU
		{FECCE1FD-E1D4-49E3-A668-60BB5E7AED99}.docs|x64.ActiveCfg = docs|x64
		{FECCE1FD-E1D4-49E3-A668-60BB5E7AED99}.docs|x64.Build.0 = docs|x64
		{FECCE1FD-E1D4-49E3-A668-60BB5E7AED99}.docs|x86.ActiveCfg = docs|x86
		{FECCE1FD-E1D4-49E3-A668-60BB5E7AED99}.docs|x86.Build.0 = docs|x86
		{FECCE1FD-E1D4-49E3-A668-60BB5E7AED99}.GCModeller(Release_X64)|Any CPU.ActiveCfg = GCModeller(Release_X64)|Any CPU
		{FECCE1FD-E1D4-49E3-A668-60BB5E7AED99}.GCModeller(Release_X64)|Any CPU.Build.0 = GCModeller(Release_X64)|Any CPU
		{FECCE1FD-E1D4-49E3-A668-60BB5E7AED99}.GCModeller(Release_X64)|x64.ActiveCfg = GCModeller(Release_X64)|x64
		{FECCE1FD-E1D4-49E3-A668-60BB5E7AED99}.GCModeller(Release_X64)|x64.Build.0 = GCModeller(Release_X64)|x64
		{FECCE1FD-E1D4-49E3-A668-60BB5E7AED99}.GCModeller(Release_X64)|x86.ActiveCfg = GCModeller(Release_X64)|x86
		{FECCE1FD-E1D4-49E3-A668-60BB5E7AED99}.GCModeller(Release_X64)|x86.Build.0 = GCModeller(Release_X64)|x86
		{FECCE1FD-E1D4-49E3-A668-60BB5E7AED99}.GCModeller(UNIX-Release_X64)|Any CPU.ActiveCfg = GCModeller(UNIX-Release_X64)|Any CPU
		{FECCE1FD-E1D4-49E3-A668-60BB5E7AED99}.GCModeller(UNIX-Release_X64)|Any CPU.Build.0 = GCModeller(UNIX-Release_X64)|Any CPU
		{FECCE1FD-E1D4-49E3-A668-60BB5E7AED99}.GCModeller(UNIX-Release_X64)|x64.ActiveCfg = GCModeller(UNIX-Release_X64)|x64
		{FECCE1FD-E1D4-49E3-A668-60BB5E7AED99}.GCModeller(UNIX-Release_X64)|x64.Build.0 = GCModeller(UNIX-Release_X64)|x64
		{FECCE1FD-E1D4-49E3-A668-60BB5E7AED99}.GCModeller(UNIX-Release_X64)|x86.ActiveCfg = GCModeller(UNIX-Release_X64)|x86
		{FECCE1FD-E1D4-49E3-A668-60BB5E7AED99}.GCModeller(UNIX-Release_X64)|x86.Build.0 = GCModeller(UNIX-Release_X64)|x86
		{FECCE1FD-E1D4-49E3-A668-60BB5E7AED99}.installer_x64|Any CPU.ActiveCfg = installer_x64|Any CPU
		{FECCE1FD-E1D4-49E3-A668-60BB5E7AED99}.installer_x64|Any CPU.Build.0 = installer_x64|Any CPU
		{FECCE1FD-E1D4-49E3-A668-60BB5E7AED99}.installer_x64|x64.ActiveCfg = installer_x64|x64
		{FECCE1FD-E1D4-49E3-A668-60BB5E7AED99}.installer_x64|x64.Build.0 = installer_x64|x64
		{FECCE1FD-E1D4-49E3-A668-60BB5E7AED99}.installer_x64|x86.ActiveCfg = installer_x64|x86
		{FECCE1FD-E1D4-49E3-A668-60BB5E7AED99}.installer_x64|x86.Build.0 = installer_x64|x86
		{FECCE1FD-E1D4-49E3-A668-60BB5E7AED99}.mysqli_X64_release|Any CPU.ActiveCfg = mysqli_X64_release|Any CPU
		{FECCE1FD-E1D4-49E3-A668-60BB5E7AED99}.mysqli_X64_release|Any CPU.Build.0 = mysqli_X64_release|Any CPU
		{FECCE1FD-E1D4-49E3-A668-60BB5E7AED99}.mysqli_X64_release|x64.ActiveCfg = mysqli_X64_release|x64
		{FECCE1FD-E1D4-49E3-A668-60BB5E7AED99}.mysqli_X64_release|x64.Build.0 = mysqli_X64_release|x64
		{FECCE1FD-E1D4-49E3-A668-60BB5E7AED99}.mysqli_X64_release|x86.ActiveCfg = mysqli_X64_release|x86
		{FECCE1FD-E1D4-49E3-A668-60BB5E7AED99}.mysqli_X64_release|x86.Build.0 = mysqli_X64_release|x86
		{FECCE1FD-E1D4-49E3-A668-60BB5E7AED99}.ProteoWizard.d|Any CPU.ActiveCfg = ProteoWizard.d|Any CPU
		{FECCE1FD-E1D4-49E3-A668-60BB5E7AED99}.ProteoWizard.d|Any CPU.Build.0 = ProteoWizard.d|Any CPU
		{FECCE1FD-E1D4-49E3-A668-60BB5E7AED99}.ProteoWizard.d|x64.ActiveCfg = ProteoWizard.d|x64
		{FECCE1FD-E1D4-49E3-A668-60BB5E7AED99}.ProteoWizard.d|x64.Build.0 = ProteoWizard.d|x64
		{FECCE1FD-E1D4-49E3-A668-60BB5E7AED99}.ProteoWizard.d|x86.ActiveCfg = ProteoWizard.d|x86
		{FECCE1FD-E1D4-49E3-A668-60BB5E7AED99}.ProteoWizard.d|x86.Build.0 = ProteoWizard.d|x86
		{FECCE1FD-E1D4-49E3-A668-60BB5E7AED99}.Publish|Any CPU.ActiveCfg = Publish|Any CPU
		{FECCE1FD-E1D4-49E3-A668-60BB5E7AED99}.Publish|Any CPU.Build.0 = Publish|Any CPU
		{FECCE1FD-E1D4-49E3-A668-60BB5E7AED99}.Publish|x64.ActiveCfg = Publish|x64
		{FECCE1FD-E1D4-49E3-A668-60BB5E7AED99}.Publish|x64.Build.0 = Publish|x64
		{FECCE1FD-E1D4-49E3-A668-60BB5E7AED99}.Publish|x86.ActiveCfg = Publish|x86
		{FECCE1FD-E1D4-49E3-A668-60BB5E7AED99}.Publish|x86.Build.0 = Publish|x86
		{FECCE1FD-E1D4-49E3-A668-60BB5E7AED99}.Release|Any CPU.ActiveCfg = Release|Any CPU
		{FECCE1FD-E1D4-49E3-A668-60BB5E7AED99}.Release|Any CPU.Build.0 = Release|Any CPU
		{FECCE1FD-E1D4-49E3-A668-60BB5E7AED99}.Release|x64.ActiveCfg = Release|x64
		{FECCE1FD-E1D4-49E3-A668-60BB5E7AED99}.Release|x64.Build.0 = Release|x64
		{FECCE1FD-E1D4-49E3-A668-60BB5E7AED99}.Release|x86.ActiveCfg = Release|x86
		{FECCE1FD-E1D4-49E3-A668-60BB5E7AED99}.Release|x86.Build.0 = Release|x86
		{FECCE1FD-E1D4-49E3-A668-60BB5E7AED99}.Release2|Any CPU.ActiveCfg = Release|Any CPU
		{FECCE1FD-E1D4-49E3-A668-60BB5E7AED99}.Release2|Any CPU.Build.0 = Release|Any CPU
		{FECCE1FD-E1D4-49E3-A668-60BB5E7AED99}.Release2|x64.ActiveCfg = Release|x64
		{FECCE1FD-E1D4-49E3-A668-60BB5E7AED99}.Release2|x64.Build.0 = Release|x64
		{FECCE1FD-E1D4-49E3-A668-60BB5E7AED99}.Release2|x86.ActiveCfg = Release|x86
		{FECCE1FD-E1D4-49E3-A668-60BB5E7AED99}.Release2|x86.Build.0 = Release|x86
		{FECCE1FD-E1D4-49E3-A668-60BB5E7AED99}.sciBASIC.NET-test-release|Any CPU.ActiveCfg = sciBASIC.NET-test-release|Any CPU
		{FECCE1FD-E1D4-49E3-A668-60BB5E7AED99}.sciBASIC.NET-test-release|Any CPU.Build.0 = sciBASIC.NET-test-release|Any CPU
		{FECCE1FD-E1D4-49E3-A668-60BB5E7AED99}.sciBASIC.NET-test-release|x64.ActiveCfg = sciBASIC.NET-test-release|x64
		{FECCE1FD-E1D4-49E3-A668-60BB5E7AED99}.sciBASIC.NET-test-release|x64.Build.0 = sciBASIC.NET-test-release|x64
		{FECCE1FD-E1D4-49E3-A668-60BB5E7AED99}.sciBASIC.NET-test-release|x86.ActiveCfg = sciBASIC.NET-test-release|x86
		{FECCE1FD-E1D4-49E3-A668-60BB5E7AED99}.sciBASIC.NET-test-release|x86.Build.0 = sciBASIC.NET-test-release|x86
		{FECCE1FD-E1D4-49E3-A668-60BB5E7AED99}.Surveillance-of-infectious-diseases|Any CPU.ActiveCfg = Surveillance-of-infectious-diseases|Any CPU
		{FECCE1FD-E1D4-49E3-A668-60BB5E7AED99}.Surveillance-of-infectious-diseases|Any CPU.Build.0 = Surveillance-of-infectious-diseases|Any CPU
		{FECCE1FD-E1D4-49E3-A668-60BB5E7AED99}.Surveillance-of-infectious-diseases|x64.ActiveCfg = Surveillance-of-infectious-diseases|x64
		{FECCE1FD-E1D4-49E3-A668-60BB5E7AED99}.Surveillance-of-infectious-diseases|x64.Build.0 = Surveillance-of-infectious-diseases|x64
		{FECCE1FD-E1D4-49E3-A668-60BB5E7AED99}.Surveillance-of-infectious-diseases|x86.ActiveCfg = Surveillance-of-infectious-diseases|x86
		{FECCE1FD-E1D4-49E3-A668-60BB5E7AED99}.Surveillance-of-infectious-diseases|x86.Build.0 = Surveillance-of-infectious-diseases|x86
		{FECCE1FD-E1D4-49E3-A668-60BB5E7AED99}.Yilia-Release_x64|Any CPU.ActiveCfg = Yilia-Release_x64|Any CPU
		{FECCE1FD-E1D4-49E3-A668-60BB5E7AED99}.Yilia-Release_x64|Any CPU.Build.0 = Yilia-Release_x64|Any CPU
		{FECCE1FD-E1D4-49E3-A668-60BB5E7AED99}.Yilia-Release_x64|x64.ActiveCfg = Yilia-Release_x64|x64
		{FECCE1FD-E1D4-49E3-A668-60BB5E7AED99}.Yilia-Release_x64|x64.Build.0 = Yilia-Release_x64|x64
		{FECCE1FD-E1D4-49E3-A668-60BB5E7AED99}.Yilia-Release_x64|x86.ActiveCfg = Yilia-Release_x64|x86
		{FECCE1FD-E1D4-49E3-A668-60BB5E7AED99}.Yilia-Release_x64|x86.Build.0 = Yilia-Release_x64|x86
		{E3367B88-5D0C-495A-8273-331656D4B5AA}.Biodeep_UNIX_x64|Any CPU.ActiveCfg = Biodeep_UNIX_x64|Any CPU
		{E3367B88-5D0C-495A-8273-331656D4B5AA}.Biodeep_UNIX_x64|Any CPU.Build.0 = Biodeep_UNIX_x64|Any CPU
		{E3367B88-5D0C-495A-8273-331656D4B5AA}.Biodeep_UNIX_x64|x64.ActiveCfg = Biodeep_UNIX_x64|x64
		{E3367B88-5D0C-495A-8273-331656D4B5AA}.Biodeep_UNIX_x64|x64.Build.0 = Biodeep_UNIX_x64|x64
		{E3367B88-5D0C-495A-8273-331656D4B5AA}.Biodeep_UNIX_x64|x86.ActiveCfg = Biodeep_UNIX_x64|x86
		{E3367B88-5D0C-495A-8273-331656D4B5AA}.Biodeep_UNIX_x64|x86.Build.0 = Biodeep_UNIX_x64|x86
		{E3367B88-5D0C-495A-8273-331656D4B5AA}.Biodeep|Any CPU.ActiveCfg = Biodeep|Any CPU
		{E3367B88-5D0C-495A-8273-331656D4B5AA}.Biodeep|Any CPU.Build.0 = Biodeep|Any CPU
		{E3367B88-5D0C-495A-8273-331656D4B5AA}.Biodeep|x64.ActiveCfg = Biodeep|x64
		{E3367B88-5D0C-495A-8273-331656D4B5AA}.Biodeep|x64.Build.0 = Biodeep|x64
		{E3367B88-5D0C-495A-8273-331656D4B5AA}.Biodeep|x86.ActiveCfg = Biodeep|x86
		{E3367B88-5D0C-495A-8273-331656D4B5AA}.Biodeep|x86.Build.0 = Biodeep|x86
		{E3367B88-5D0C-495A-8273-331656D4B5AA}.Debug|Any CPU.ActiveCfg = Debug|Any CPU
		{E3367B88-5D0C-495A-8273-331656D4B5AA}.Debug|Any CPU.Build.0 = Debug|Any CPU
		{E3367B88-5D0C-495A-8273-331656D4B5AA}.Debug|x64.ActiveCfg = Debug|x64
		{E3367B88-5D0C-495A-8273-331656D4B5AA}.Debug|x64.Build.0 = Debug|x64
		{E3367B88-5D0C-495A-8273-331656D4B5AA}.Debug|x86.ActiveCfg = Debug|x86
		{E3367B88-5D0C-495A-8273-331656D4B5AA}.Debug|x86.Build.0 = Debug|x86
		{E3367B88-5D0C-495A-8273-331656D4B5AA}.DEMO|Any CPU.ActiveCfg = Debug|Any CPU
		{E3367B88-5D0C-495A-8273-331656D4B5AA}.DEMO|Any CPU.Build.0 = Debug|Any CPU
		{E3367B88-5D0C-495A-8273-331656D4B5AA}.DEMO|x64.ActiveCfg = Debug|x64
		{E3367B88-5D0C-495A-8273-331656D4B5AA}.DEMO|x64.Build.0 = Debug|x64
		{E3367B88-5D0C-495A-8273-331656D4B5AA}.DEMO|x86.ActiveCfg = Debug|x86
		{E3367B88-5D0C-495A-8273-331656D4B5AA}.DEMO|x86.Build.0 = Debug|x86
		{E3367B88-5D0C-495A-8273-331656D4B5AA}.docs|Any CPU.ActiveCfg = docs|Any CPU
		{E3367B88-5D0C-495A-8273-331656D4B5AA}.docs|Any CPU.Build.0 = docs|Any CPU
		{E3367B88-5D0C-495A-8273-331656D4B5AA}.docs|x64.ActiveCfg = docs|x64
		{E3367B88-5D0C-495A-8273-331656D4B5AA}.docs|x64.Build.0 = docs|x64
		{E3367B88-5D0C-495A-8273-331656D4B5AA}.docs|x86.ActiveCfg = docs|x86
		{E3367B88-5D0C-495A-8273-331656D4B5AA}.docs|x86.Build.0 = docs|x86
		{E3367B88-5D0C-495A-8273-331656D4B5AA}.GCModeller(Release_X64)|Any CPU.ActiveCfg = GCModeller(Release_X64)|Any CPU
		{E3367B88-5D0C-495A-8273-331656D4B5AA}.GCModeller(Release_X64)|Any CPU.Build.0 = GCModeller(Release_X64)|Any CPU
		{E3367B88-5D0C-495A-8273-331656D4B5AA}.GCModeller(Release_X64)|x64.ActiveCfg = GCModeller(Release_X64)|x64
		{E3367B88-5D0C-495A-8273-331656D4B5AA}.GCModeller(Release_X64)|x64.Build.0 = GCModeller(Release_X64)|x64
		{E3367B88-5D0C-495A-8273-331656D4B5AA}.GCModeller(Release_X64)|x86.ActiveCfg = GCModeller(Release_X64)|x86
		{E3367B88-5D0C-495A-8273-331656D4B5AA}.GCModeller(Release_X64)|x86.Build.0 = GCModeller(Release_X64)|x86
		{E3367B88-5D0C-495A-8273-331656D4B5AA}.GCModeller(UNIX-Release_X64)|Any CPU.ActiveCfg = GCModeller(UNIX-Release_X64)|Any CPU
		{E3367B88-5D0C-495A-8273-331656D4B5AA}.GCModeller(UNIX-Release_X64)|Any CPU.Build.0 = GCModeller(UNIX-Release_X64)|Any CPU
		{E3367B88-5D0C-495A-8273-331656D4B5AA}.GCModeller(UNIX-Release_X64)|x64.ActiveCfg = GCModeller(UNIX-Release_X64)|x64
		{E3367B88-5D0C-495A-8273-331656D4B5AA}.GCModeller(UNIX-Release_X64)|x64.Build.0 = GCModeller(UNIX-Release_X64)|x64
		{E3367B88-5D0C-495A-8273-331656D4B5AA}.GCModeller(UNIX-Release_X64)|x86.ActiveCfg = GCModeller(UNIX-Release_X64)|x86
		{E3367B88-5D0C-495A-8273-331656D4B5AA}.GCModeller(UNIX-Release_X64)|x86.Build.0 = GCModeller(UNIX-Release_X64)|x86
		{E3367B88-5D0C-495A-8273-331656D4B5AA}.installer_x64|Any CPU.ActiveCfg = installer_x64|Any CPU
		{E3367B88-5D0C-495A-8273-331656D4B5AA}.installer_x64|Any CPU.Build.0 = installer_x64|Any CPU
		{E3367B88-5D0C-495A-8273-331656D4B5AA}.installer_x64|x64.ActiveCfg = installer_x64|x64
		{E3367B88-5D0C-495A-8273-331656D4B5AA}.installer_x64|x64.Build.0 = installer_x64|x64
		{E3367B88-5D0C-495A-8273-331656D4B5AA}.installer_x64|x86.ActiveCfg = installer_x64|x86
		{E3367B88-5D0C-495A-8273-331656D4B5AA}.installer_x64|x86.Build.0 = installer_x64|x86
		{E3367B88-5D0C-495A-8273-331656D4B5AA}.mysqli_X64_release|Any CPU.ActiveCfg = Biodeep_UNIX_x64|Any CPU
		{E3367B88-5D0C-495A-8273-331656D4B5AA}.mysqli_X64_release|Any CPU.Build.0 = Biodeep_UNIX_x64|Any CPU
		{E3367B88-5D0C-495A-8273-331656D4B5AA}.mysqli_X64_release|x64.ActiveCfg = Biodeep_UNIX_x64|x64
		{E3367B88-5D0C-495A-8273-331656D4B5AA}.mysqli_X64_release|x64.Build.0 = Biodeep_UNIX_x64|x64
		{E3367B88-5D0C-495A-8273-331656D4B5AA}.mysqli_X64_release|x86.ActiveCfg = Biodeep_UNIX_x64|x86
		{E3367B88-5D0C-495A-8273-331656D4B5AA}.mysqli_X64_release|x86.Build.0 = Biodeep_UNIX_x64|x86
		{E3367B88-5D0C-495A-8273-331656D4B5AA}.ProteoWizard.d|Any CPU.ActiveCfg = Publish|Any CPU
		{E3367B88-5D0C-495A-8273-331656D4B5AA}.ProteoWizard.d|Any CPU.Build.0 = Publish|Any CPU
		{E3367B88-5D0C-495A-8273-331656D4B5AA}.ProteoWizard.d|x64.ActiveCfg = Publish|x64
		{E3367B88-5D0C-495A-8273-331656D4B5AA}.ProteoWizard.d|x64.Build.0 = Publish|x64
		{E3367B88-5D0C-495A-8273-331656D4B5AA}.ProteoWizard.d|x86.ActiveCfg = Publish|x86
		{E3367B88-5D0C-495A-8273-331656D4B5AA}.ProteoWizard.d|x86.Build.0 = Publish|x86
		{E3367B88-5D0C-495A-8273-331656D4B5AA}.Publish|Any CPU.ActiveCfg = Publish|Any CPU
		{E3367B88-5D0C-495A-8273-331656D4B5AA}.Publish|Any CPU.Build.0 = Publish|Any CPU
		{E3367B88-5D0C-495A-8273-331656D4B5AA}.Publish|x64.ActiveCfg = Publish|x64
		{E3367B88-5D0C-495A-8273-331656D4B5AA}.Publish|x64.Build.0 = Publish|x64
		{E3367B88-5D0C-495A-8273-331656D4B5AA}.Publish|x86.ActiveCfg = Publish|x86
		{E3367B88-5D0C-495A-8273-331656D4B5AA}.Publish|x86.Build.0 = Publish|x86
		{E3367B88-5D0C-495A-8273-331656D4B5AA}.Release|Any CPU.ActiveCfg = Release|Any CPU
		{E3367B88-5D0C-495A-8273-331656D4B5AA}.Release|Any CPU.Build.0 = Release|Any CPU
		{E3367B88-5D0C-495A-8273-331656D4B5AA}.Release|x64.ActiveCfg = Release|x64
		{E3367B88-5D0C-495A-8273-331656D4B5AA}.Release|x64.Build.0 = Release|x64
		{E3367B88-5D0C-495A-8273-331656D4B5AA}.Release|x86.ActiveCfg = Release|x86
		{E3367B88-5D0C-495A-8273-331656D4B5AA}.Release|x86.Build.0 = Release|x86
		{E3367B88-5D0C-495A-8273-331656D4B5AA}.Release2|Any CPU.ActiveCfg = Release|Any CPU
		{E3367B88-5D0C-495A-8273-331656D4B5AA}.Release2|Any CPU.Build.0 = Release|Any CPU
		{E3367B88-5D0C-495A-8273-331656D4B5AA}.Release2|x64.ActiveCfg = Release|x64
		{E3367B88-5D0C-495A-8273-331656D4B5AA}.Release2|x64.Build.0 = Release|x64
		{E3367B88-5D0C-495A-8273-331656D4B5AA}.Release2|x86.ActiveCfg = Release|x86
		{E3367B88-5D0C-495A-8273-331656D4B5AA}.Release2|x86.Build.0 = Release|x86
		{E3367B88-5D0C-495A-8273-331656D4B5AA}.sciBASIC.NET-test-release|Any CPU.ActiveCfg = Surveillance-of-infectious-diseases|Any CPU
		{E3367B88-5D0C-495A-8273-331656D4B5AA}.sciBASIC.NET-test-release|Any CPU.Build.0 = Surveillance-of-infectious-diseases|Any CPU
		{E3367B88-5D0C-495A-8273-331656D4B5AA}.sciBASIC.NET-test-release|x64.ActiveCfg = Surveillance-of-infectious-diseases|x64
		{E3367B88-5D0C-495A-8273-331656D4B5AA}.sciBASIC.NET-test-release|x64.Build.0 = Surveillance-of-infectious-diseases|x64
		{E3367B88-5D0C-495A-8273-331656D4B5AA}.sciBASIC.NET-test-release|x86.ActiveCfg = Surveillance-of-infectious-diseases|x86
		{E3367B88-5D0C-495A-8273-331656D4B5AA}.sciBASIC.NET-test-release|x86.Build.0 = Surveillance-of-infectious-diseases|x86
		{E3367B88-5D0C-495A-8273-331656D4B5AA}.Surveillance-of-infectious-diseases|Any CPU.ActiveCfg = Surveillance-of-infectious-diseases|Any CPU
		{E3367B88-5D0C-495A-8273-331656D4B5AA}.Surveillance-of-infectious-diseases|Any CPU.Build.0 = Surveillance-of-infectious-diseases|Any CPU
		{E3367B88-5D0C-495A-8273-331656D4B5AA}.Surveillance-of-infectious-diseases|x64.ActiveCfg = Surveillance-of-infectious-diseases|x64
		{E3367B88-5D0C-495A-8273-331656D4B5AA}.Surveillance-of-infectious-diseases|x64.Build.0 = Surveillance-of-infectious-diseases|x64
		{E3367B88-5D0C-495A-8273-331656D4B5AA}.Surveillance-of-infectious-diseases|x86.ActiveCfg = Surveillance-of-infectious-diseases|x86
		{E3367B88-5D0C-495A-8273-331656D4B5AA}.Surveillance-of-infectious-diseases|x86.Build.0 = Surveillance-of-infectious-diseases|x86
		{E3367B88-5D0C-495A-8273-331656D4B5AA}.Yilia-Release_x64|Any CPU.ActiveCfg = Release|Any CPU
		{E3367B88-5D0C-495A-8273-331656D4B5AA}.Yilia-Release_x64|Any CPU.Build.0 = Release|Any CPU
		{E3367B88-5D0C-495A-8273-331656D4B5AA}.Yilia-Release_x64|x64.ActiveCfg = Release|x64
		{E3367B88-5D0C-495A-8273-331656D4B5AA}.Yilia-Release_x64|x64.Build.0 = Release|x64
		{E3367B88-5D0C-495A-8273-331656D4B5AA}.Yilia-Release_x64|x86.ActiveCfg = Release|x86
		{E3367B88-5D0C-495A-8273-331656D4B5AA}.Yilia-Release_x64|x86.Build.0 = Release|x86
	EndGlobalSection
	GlobalSection(SolutionProperties) = preSolution
		HideSolutionNode = FALSE
	EndGlobalSection
	GlobalSection(NestedProjects) = preSolution
		{85E71B4B-9276-4EC8-AADC-C849205F1EA8} = {DE14F4CA-11EF-40E1-993F-170D476C8E50}
		{CCD693C3-EE09-473A-8344-26E05B373394} = {DE14F4CA-11EF-40E1-993F-170D476C8E50}
		{2DD4BE80-DDC3-4767-94A7-10F1C3395716} = {AFCC8068-49D2-4A75-80AB-22055703DD48}
		{FECCE1FD-E1D4-49E3-A668-60BB5E7AED99} = {AFCC8068-49D2-4A75-80AB-22055703DD48}
		{E3367B88-5D0C-495A-8273-331656D4B5AA} = {AFCC8068-49D2-4A75-80AB-22055703DD48}
	EndGlobalSection
	GlobalSection(ExtensibilityGlobals) = postSolution
		SolutionGuid = {71DB7381-11DD-405A-BFF2-F838E24FF27F}
	EndGlobalSection
EndGlobal
